// !$*UTF8*$!
{
	archiveVersion = 1;
	classes = {
	};
	objectVersion = 46;
	objects = {

/* Begin PBXBuildFile section */
		67C53003372E2EA66A2B4F6F /* cardBackBlue.png in Resources */ = {isa = PBXBuildFile; fileRef = 67C53F68E7B9C93D0962BA3B /* cardBackBlue.png */; };
		67C530623AD7F22FB9B7E5B6 /* cardFace7.png in Resources */ = {isa = PBXBuildFile; fileRef = 67C53EFE1AC2F7004BE936E7 /* cardFace7.png */; };
		67C530825BF9100AFB251BAF /* activePlaceLeft(86x86).png in Resources */ = {isa = PBXBuildFile; fileRef = 67C5324AA6B9421D65F66215 /* activePlaceLeft(86x86).png */; };
		67C530D75E4DD87099B77DA6 /* cardFace4.png in Resources */ = {isa = PBXBuildFile; fileRef = 67C53DE4FA05F8A65A91DB15 /* cardFace4.png */; };
		67C53105941D714DA609FA50 /* cardFace46.png in Resources */ = {isa = PBXBuildFile; fileRef = 67C5348A2642E1E080894BE3 /* cardFace46.png */; };
		67C5312BBEEFF5EABD3918F2 /* cardFace37.png in Resources */ = {isa = PBXBuildFile; fileRef = 67C53D6600001A88AFE30BEC /* cardFace37.png */; };
		67C53156BE9D95F675740867 /* PlaceView.m in Sources */ = {isa = PBXBuildFile; fileRef = 67C53D27ECB596E87354C59D /* PlaceView.m */; };
		67C5317F90B5568B63444DBC /* cardFace8.png in Resources */ = {isa = PBXBuildFile; fileRef = 67C5370BBE48FA618AEB05BB /* cardFace8.png */; };
		67C531A1F1F01C0758EAB463 /* cardFace27.png in Resources */ = {isa = PBXBuildFile; fileRef = 67C53C6F4A3AE49E325EE13A /* cardFace27.png */; };
		67C531CCFA478580415857AD /* cardFace38.png in Resources */ = {isa = PBXBuildFile; fileRef = 67C53A0630143D54F51EF49B /* cardFace38.png */; };
		67C531DD34790E4421E839F4 /* cardFace21.png in Resources */ = {isa = PBXBuildFile; fileRef = 67C531F1264B0F6819757D7C /* cardFace21.png */; };
		67C532187D3AB28D4D7C27CA /* cardFace26.png in Resources */ = {isa = PBXBuildFile; fileRef = 67C5384FF63010D33B4FB63A /* cardFace26.png */; };
		67C53237774DD81A8CCE2AF4 /* activePlace(60x79).png in Resources */ = {isa = PBXBuildFile; fileRef = 67C53EEE9755D8AAD2CC1FDE /* activePlace(60x79).png */; };
		67C5324C34DD2B60881019B2 /* cardFace36.png in Resources */ = {isa = PBXBuildFile; fileRef = 67C53EF9AAB6B1A8F8D2A9F3 /* cardFace36.png */; };
		67C5327EDD044FA5A95D3631 /* cardFace43.png in Resources */ = {isa = PBXBuildFile; fileRef = 67C536978EB10667555F5B50 /* cardFace43.png */; };
		67C532AD0BFE7A755CF23625 /* cardFace35.png in Resources */ = {isa = PBXBuildFile; fileRef = 67C53A41EE8BDF25D65B742C /* cardFace35.png */; };
		67C532BAAAA5C2962A0836E7 /* cardFace50.png in Resources */ = {isa = PBXBuildFile; fileRef = 67C5323AC748F73A064FD8F4 /* cardFace50.png */; };
		67C532DDFD7A26AA90CA3861 /* cardFace1.png in Resources */ = {isa = PBXBuildFile; fileRef = 67C539D32675A33DFD9AC54C /* cardFace1.png */; };
		67C53393E9BA3F0E3C33DBB1 /* emptyPlace(60x79).png in Resources */ = {isa = PBXBuildFile; fileRef = 67C5325592F7000C8BC8A614 /* emptyPlace(60x79).png */; };
		67C5339907F82B10D301D07E /* cardFace30.png in Resources */ = {isa = PBXBuildFile; fileRef = 67C53CCB8AB96817E2D0C79D /* cardFace30.png */; };
		67C533BD3600A76ECC923AD9 /* cardBox.png in Resources */ = {isa = PBXBuildFile; fileRef = 67C533DB71A2BAFC3040FE37 /* cardBox.png */; };
		67C5340241823688E8B96045 /* cardFace19.png in Resources */ = {isa = PBXBuildFile; fileRef = 67C53B3FF601C99F37E10F82 /* cardFace19.png */; };
		67C5345FD39A149E30BBFEB7 /* cardFace34.png in Resources */ = {isa = PBXBuildFile; fileRef = 67C53B7FD39A43C15C668E80 /* cardFace34.png */; };
		67C53473A51A9E3D79947262 /* background(640x960).png in Resources */ = {isa = PBXBuildFile; fileRef = 67C53554826D20D3D852DBDD /* background(640x960).png */; };
		67C534820C2A85BB5A99BADA /* activePlaceRight(86x86).png in Resources */ = {isa = PBXBuildFile; fileRef = 67C5369F8B756E354D5364A9 /* activePlaceRight(86x86).png */; };
		67C534B012481EA43BE5BDFC /* cardFace40.png in Resources */ = {isa = PBXBuildFile; fileRef = 67C53BF8D09F83C0CC4CF711 /* cardFace40.png */; };
		67C535278991C4A220FFA589 /* background(640x1136).png in Resources */ = {isa = PBXBuildFile; fileRef = 67C53C9A5761A8835C8AA0E2 /* background(640x1136).png */; };
		67C5354737434F0DAC2EC354 /* cardFace11.png in Resources */ = {isa = PBXBuildFile; fileRef = 67C539331A0E0C63CFEFDB89 /* cardFace11.png */; };
		67C5357046FF88621DB516EE /* cardFace39.png in Resources */ = {isa = PBXBuildFile; fileRef = 67C5338BB051FFA44BD098E7 /* cardFace39.png */; };
		67C535D08B7C507D6D3C7FB8 /* SharedDeviceHelper.m in Sources */ = {isa = PBXBuildFile; fileRef = 67C53A8297F09645C054C2AF /* SharedDeviceHelper.m */; };
		67C535EC9D88CA50F66C4341 /* cardFace24.png in Resources */ = {isa = PBXBuildFile; fileRef = 67C53CBFCC2FB3B748B0FCC9 /* cardFace24.png */; };
		67C535FBB3C45B02EEBE09CA /* cardFace0.png in Resources */ = {isa = PBXBuildFile; fileRef = 67C536D5544CF8F6D24A5C9A /* cardFace0.png */; };
		67C5361F79D3EAE1CB9CB105 /* cardFace14.png in Resources */ = {isa = PBXBuildFile; fileRef = 67C53E495502DB362359D3C7 /* cardFace14.png */; };
		67C53669CA0352B216F01A6A /* buttonMenuNormal.png in Resources */ = {isa = PBXBuildFile; fileRef = 67C53CFD6D4AC2C9D3297C73 /* buttonMenuNormal.png */; };
		67C53675BC354BC2D48FC9C5 /* cardFace2.png in Resources */ = {isa = PBXBuildFile; fileRef = 67C53CF71375D30484356652 /* cardFace2.png */; };
		67C5369117FEEDAE6CE52F67 /* cardFace29.png in Resources */ = {isa = PBXBuildFile; fileRef = 67C5314253CB83C6F7DA9F9A /* cardFace29.png */; };
		67C536FB8B85C4902F05C7DE /* SceneGame.m in Sources */ = {isa = PBXBuildFile; fileRef = 67C53108044B47C3DA368D7A /* SceneGame.m */; };
		67C5373BD36641C1E59C18DA /* ButtonMenuView.m in Sources */ = {isa = PBXBuildFile; fileRef = 67C53DA522F7C585C1968209 /* ButtonMenuView.m */; };
		67C537C5EB608F3015D51094 /* cardFace17.png in Resources */ = {isa = PBXBuildFile; fileRef = 67C53C864902960EDC1BE771 /* cardFace17.png */; };
		67C537D4099E9F2C9490DD89 /* cardFace31.png in Resources */ = {isa = PBXBuildFile; fileRef = 67C5381D7AB3F3AD0C583273 /* cardFace31.png */; };
		67C53804E503C0CA6CB1724C /* HelloWorldLayer.m in Sources */ = {isa = PBXBuildFile; fileRef = 67C532745DA91EE4F73EBCDE /* HelloWorldLayer.m */; };
		67C5383CD8B4C89F7478D685 /* cardFace20.png in Resources */ = {isa = PBXBuildFile; fileRef = 67C533606055DFF56E31C264 /* cardFace20.png */; };
		67C538AC6581BD4B52F2B377 /* cardFace42.png in Resources */ = {isa = PBXBuildFile; fileRef = 67C5384AC93678FD31347903 /* cardFace42.png */; };
		67C5394376FB90FA01DB2940 /* cardFace12.png in Resources */ = {isa = PBXBuildFile; fileRef = 67C53473CEDFAADF236CE907 /* cardFace12.png */; };
		67C5395B1B595EF9312DEDAD /* Game.m in Sources */ = {isa = PBXBuildFile; fileRef = 67C53F3A6C93989F629AFCAD /* Game.m */; };
		67C5398B9F7AA3DA7F1E9762 /* cardFace5.png in Resources */ = {isa = PBXBuildFile; fileRef = 67C53B82C8572A9A75797777 /* cardFace5.png */; };
		67C5399816BC810CBA61C65E /* AppDelegate.m in Sources */ = {isa = PBXBuildFile; fileRef = 67C53B83C5B57AE74054F650 /* AppDelegate.m */; };
		67C539AB7A931568A4BE8601 /* CardBox.m in Sources */ = {isa = PBXBuildFile; fileRef = 67C534D464AAB22A9A99BEBF /* CardBox.m */; };
		67C53A19A38F1FB126F7A319 /* cardFace44.png in Resources */ = {isa = PBXBuildFile; fileRef = 67C536291E0C5C9E911EF462 /* cardFace44.png */; };
		67C53A2EA478EEB7A8D1B0DC /* ButtonGameView.m in Sources */ = {isa = PBXBuildFile; fileRef = 67C53A4343E796C78179FECA /* ButtonGameView.m */; };
		67C53A45BC4BF5BF4D06A765 /* cardFace47.png in Resources */ = {isa = PBXBuildFile; fileRef = 67C53BC153D3729F80621347 /* cardFace47.png */; };
		67C53A5736A4AAB1E4AF3950 /* emptyPlace(86x86).png in Resources */ = {isa = PBXBuildFile; fileRef = 67C536C97B07953562DFBB98 /* emptyPlace(86x86).png */; };
		67C53A6C4B03AF3378B2D137 /* cardFace25.png in Resources */ = {isa = PBXBuildFile; fileRef = 67C534883477614DA51844FA /* cardFace25.png */; };
		67C53A757AFCDE6339607E97 /* SceneBase.m in Sources */ = {isa = PBXBuildFile; fileRef = 67C53CD022BFBD2CC6CC2991 /* SceneBase.m */; };
		67C53A811711A28E74C8DA8A /* cardFace49.png in Resources */ = {isa = PBXBuildFile; fileRef = 67C531B3CE3A59BAEA7FB72E /* cardFace49.png */; };
		67C53AC80645D3249CD2712F /* cardFace33.png in Resources */ = {isa = PBXBuildFile; fileRef = 67C530889970CE567EF76AB8 /* cardFace33.png */; };
		67C53AE3C51DA0D41C2CCA24 /* cardFace28.png in Resources */ = {isa = PBXBuildFile; fileRef = 67C53A55E542064A80EF690B /* cardFace28.png */; };
		67C53B74F45925FA198AA10F /* SceneMenu.m in Sources */ = {isa = PBXBuildFile; fileRef = 67C535BCB41C5BE655BF1BA0 /* SceneMenu.m */; };
		67C53BA3C97DE711CA48EACF /* cardFace15.png in Resources */ = {isa = PBXBuildFile; fileRef = 67C5361787EBA8F9103A702C /* cardFace15.png */; };
		67C53BC11754878C0217CC24 /* Card.m in Sources */ = {isa = PBXBuildFile; fileRef = 67C53D5D38CDAE3D0A16E638 /* Card.m */; };
		67C53BD3225286D524F66BF8 /* cardFace16.png in Resources */ = {isa = PBXBuildFile; fileRef = 67C530179A2464A8A2712A75 /* cardFace16.png */; };
		67C53BE4FC7346B84F05B904 /* ResourceManager.m in Sources */ = {isa = PBXBuildFile; fileRef = 67C53864C47CD218F2A9C3D4 /* ResourceManager.m */; };
		67C53C640F8A9BDD8BB28805 /* cardFace9.png in Resources */ = {isa = PBXBuildFile; fileRef = 67C53E2121DD6C3C4FE655F7 /* cardFace9.png */; };
		67C53C82FAFF33FFE862D009 /* cardFace32.png in Resources */ = {isa = PBXBuildFile; fileRef = 67C5325AFCD3284A3B96C517 /* cardFace32.png */; };
		67C53C94C8D1E87D29E0200B /* SharedProgressManager.m in Sources */ = {isa = PBXBuildFile; fileRef = 67C53FCCFFDC9F8421F86CEA /* SharedProgressManager.m */; };
		67C53CC3488474A329AE5E2A /* cardFace3.png in Resources */ = {isa = PBXBuildFile; fileRef = 67C53ACF9033BE1A6FB470FC /* cardFace3.png */; };
		67C53CE520CCDAE5FFA24004 /* main.m in Sources */ = {isa = PBXBuildFile; fileRef = 67C53987013B95B69BBFB97E /* main.m */; };
		67C53D212EE45C5DDA8D16C8 /* cardFace41.png in Resources */ = {isa = PBXBuildFile; fileRef = 67C53FDBC51B49EC288D3C38 /* cardFace41.png */; };
		67C53D8D0FB27E85588D7AA0 /* cardFace45.png in Resources */ = {isa = PBXBuildFile; fileRef = 67C53ED2A8F34C936B7709D9 /* cardFace45.png */; };
		67C53DEB2B777B7375F25F21 /* cardFace51.png in Resources */ = {isa = PBXBuildFile; fileRef = 67C53637E7537BF7DD708FD1 /* cardFace51.png */; };
		67C53E0501F982DEA8F837BA /* cardFace6.png in Resources */ = {isa = PBXBuildFile; fileRef = 67C53C6CD34D1F552ACA8B02 /* cardFace6.png */; };
		67C53E0AA95A032B83BA1B18 /* cardBackRed.png in Resources */ = {isa = PBXBuildFile; fileRef = 67C5383041154805B2C5D8CD /* cardBackRed.png */; };
		67C53E29DD0E7A6DB08CC211 /* buttonMenuActive.png in Resources */ = {isa = PBXBuildFile; fileRef = 67C53A470A41FB729E2DFE3C /* buttonMenuActive.png */; };
		67C53E8A61904900F2A98D81 /* cardFace48.png in Resources */ = {isa = PBXBuildFile; fileRef = 67C532D24ED9B4D7930EF8FF /* cardFace48.png */; };
		67C53EB56EAF9F641A085AC3 /* cardFace18.png in Resources */ = {isa = PBXBuildFile; fileRef = 67C5367E0E52DC348DCA393B /* cardFace18.png */; };
		67C53EC6893B91505B6FEB28 /* cardFace13.png in Resources */ = {isa = PBXBuildFile; fileRef = 67C531F7083808945BCC3F1D /* cardFace13.png */; };
		67C53EDEABEF696FD724721E /* cardFace23.png in Resources */ = {isa = PBXBuildFile; fileRef = 67C5316A1D21A27498B73893 /* cardFace23.png */; };
		67C53F48BCED303FBE766605 /* CardView.m in Sources */ = {isa = PBXBuildFile; fileRef = 67C53691894066CAE7EBAD0F /* CardView.m */; };
		67C53F7399E2CBAB5911BA33 /* cardFace22.png in Resources */ = {isa = PBXBuildFile; fileRef = 67C53614FF8ECA8C75C1D310 /* cardFace22.png */; };
		67C53FA6CEAE362A83BE8A82 /* cardFace10.png in Resources */ = {isa = PBXBuildFile; fileRef = 67C532942DC730A3A1D26C2B /* cardFace10.png */; };
		67C53FB985CE5C6DF632F3D4 /* Place.m in Sources */ = {isa = PBXBuildFile; fileRef = 67C530D4A8F2562F0D70567A /* Place.m */; };
		AF6EF13A2FBC9B816074F4F9 /* CCButton.m in Sources */ = {isa = PBXBuildFile; fileRef = AF6EF40389F689D5F386FB06 /* CCButton.m */; };
		DC1BE6A014F417CC00F49D25 /* Ubuntu-B.ttf in Resources */ = {isa = PBXBuildFile; fileRef = DC1BE68C14F417CC00F49D25 /* Ubuntu-B.ttf */; };
		DC1BE6A114F417CC00F49D25 /* Ubuntu-BI.ttf in Resources */ = {isa = PBXBuildFile; fileRef = DC1BE68D14F417CC00F49D25 /* Ubuntu-BI.ttf */; };
		DC1BE6A214F417CC00F49D25 /* Ubuntu-C.ttf in Resources */ = {isa = PBXBuildFile; fileRef = DC1BE68E14F417CC00F49D25 /* Ubuntu-C.ttf */; };
		DC1BE6A314F417CC00F49D25 /* Ubuntu-L.ttf in Resources */ = {isa = PBXBuildFile; fileRef = DC1BE68F14F417CC00F49D25 /* Ubuntu-L.ttf */; };
		DC1BE6A414F417CC00F49D25 /* Ubuntu-LI.ttf in Resources */ = {isa = PBXBuildFile; fileRef = DC1BE69014F417CC00F49D25 /* Ubuntu-LI.ttf */; };
		DC1BE6A514F417CC00F49D25 /* Ubuntu-M.ttf in Resources */ = {isa = PBXBuildFile; fileRef = DC1BE69114F417CC00F49D25 /* Ubuntu-M.ttf */; };
		DC1BE6A614F417CC00F49D25 /* Ubuntu-MI.ttf in Resources */ = {isa = PBXBuildFile; fileRef = DC1BE69214F417CC00F49D25 /* Ubuntu-MI.ttf */; };
		DC1BE6A714F417CC00F49D25 /* Ubuntu-R.ttf in Resources */ = {isa = PBXBuildFile; fileRef = DC1BE69314F417CC00F49D25 /* Ubuntu-R.ttf */; };
		DC1BE6A814F417CC00F49D25 /* Ubuntu-RI.ttf in Resources */ = {isa = PBXBuildFile; fileRef = DC1BE69414F417CC00F49D25 /* Ubuntu-RI.ttf */; };
		DC1BE6A914F417CC00F49D25 /* UbuntuMono-B.ttf in Resources */ = {isa = PBXBuildFile; fileRef = DC1BE69514F417CC00F49D25 /* UbuntuMono-B.ttf */; };
		DC1BE6AA14F417CC00F49D25 /* UbuntuMono-BI.ttf in Resources */ = {isa = PBXBuildFile; fileRef = DC1BE69614F417CC00F49D25 /* UbuntuMono-BI.ttf */; };
		DC1BE6AB14F417CC00F49D25 /* UbuntuMono-R.ttf in Resources */ = {isa = PBXBuildFile; fileRef = DC1BE69714F417CC00F49D25 /* UbuntuMono-R.ttf */; };
		DC1BE6AC14F417CC00F49D25 /* UbuntuMono-RI.ttf in Resources */ = {isa = PBXBuildFile; fileRef = DC1BE69814F417CC00F49D25 /* UbuntuMono-RI.ttf */; };
		DC26D6DA14B9F2C600B6002E /* fps_images-hd.png in Resources */ = {isa = PBXBuildFile; fileRef = DC26D6D914B9F2C600B6002E /* fps_images-hd.png */; };
		DC26D6DB14B9F2C600B6002E /* fps_images-hd.png in Resources */ = {isa = PBXBuildFile; fileRef = DC26D6D914B9F2C600B6002E /* fps_images-hd.png */; };
		DC2721A2160CAEB600D88944 /* Default-568h@2x.png in Resources */ = {isa = PBXBuildFile; fileRef = DC2721A1160CAEB600D88944 /* Default-568h@2x.png */; };
		DC2721AA160CAFC700D88944 /* iTunesArtwork in Resources */ = {isa = PBXBuildFile; fileRef = DC2721A9160CAFC700D88944 /* iTunesArtwork */; };
		DC275D2B13B27DBF009C5098 /* Pow.caf in Resources */ = {isa = PBXBuildFile; fileRef = DC275D2A13B27DBF009C5098 /* Pow.caf */; };
		DC275D2C13B27DBF009C5098 /* Pow.caf in Resources */ = {isa = PBXBuildFile; fileRef = DC275D2A13B27DBF009C5098 /* Pow.caf */; };
		DC485B1113AA0E5600F2BC70 /* libchipmunk-mac.a in Frameworks */ = {isa = PBXBuildFile; fileRef = DC485B0D13AA0E5600F2BC70 /* libchipmunk-mac.a */; };
		DC485B1713AA0EBB00F2BC70 /* libbox2d-mac.a in Frameworks */ = {isa = PBXBuildFile; fileRef = DC485B1613AA0EBB00F2BC70 /* libbox2d-mac.a */; };
		DC485B4613AA18A600F2BC70 /* libcocosdenshion-mac.a in Frameworks */ = {isa = PBXBuildFile; fileRef = DC485B4513AA18A600F2BC70 /* libcocosdenshion-mac.a */; };
		DC485B4813AA194F00F2BC70 /* ship.png in Resources */ = {isa = PBXBuildFile; fileRef = DC485B4713AA194F00F2BC70 /* ship.png */; };
		DC485B4913AA194F00F2BC70 /* ship.png in Resources */ = {isa = PBXBuildFile; fileRef = DC485B4713AA194F00F2BC70 /* ship.png */; };
		DC485B4B13AA1C0E00F2BC70 /* ship-hd.png in Resources */ = {isa = PBXBuildFile; fileRef = DC485B4A13AA1C0E00F2BC70 /* ship-hd.png */; };
		DC485B4C13AA1C0E00F2BC70 /* ship-hd.png in Resources */ = {isa = PBXBuildFile; fileRef = DC485B4A13AA1C0E00F2BC70 /* ship-hd.png */; };
		DC65615C13A969B600A7AC53 /* libbox2d-ios.a in Frameworks */ = {isa = PBXBuildFile; fileRef = DC65615013A969B600A7AC53 /* libbox2d-ios.a */; };
		DC65615D13A969B600A7AC53 /* libchipmunk-ios.a in Frameworks */ = {isa = PBXBuildFile; fileRef = DC65615113A969B600A7AC53 /* libchipmunk-ios.a */; };
		DC65615E13A969B600A7AC53 /* libchipmunk-spacemanager-ios.a in Frameworks */ = {isa = PBXBuildFile; fileRef = DC65615213A969B600A7AC53 /* libchipmunk-spacemanager-ios.a */; };
		DC65616013A969B600A7AC53 /* libcocos2d-extensions-ios.a in Frameworks */ = {isa = PBXBuildFile; fileRef = DC65615413A969B600A7AC53 /* libcocos2d-extensions-ios.a */; };
		DC65616113A969B600A7AC53 /* libcocos2d-ios.a in Frameworks */ = {isa = PBXBuildFile; fileRef = DC65615513A969B600A7AC53 /* libcocos2d-ios.a */; };
		DC65616213A969B600A7AC53 /* libcocos3d-ios.a in Frameworks */ = {isa = PBXBuildFile; fileRef = DC65615613A969B600A7AC53 /* libcocos3d-ios.a */; };
		DC65616313A969B600A7AC53 /* libcocosdenshion-ios.a in Frameworks */ = {isa = PBXBuildFile; fileRef = DC65615713A969B600A7AC53 /* libcocosdenshion-ios.a */; };
		DC65616413A969B600A7AC53 /* libkobold2d-ios.a in Frameworks */ = {isa = PBXBuildFile; fileRef = DC65615813A969B600A7AC53 /* libkobold2d-ios.a */; };
		DC65616513A969B600A7AC53 /* libobjectal-ios.a in Frameworks */ = {isa = PBXBuildFile; fileRef = DC65615913A969B600A7AC53 /* libobjectal-ios.a */; };
		DC65616613A969B600A7AC53 /* libsneakyinput-ios.a in Frameworks */ = {isa = PBXBuildFile; fileRef = DC65615A13A969B600A7AC53 /* libsneakyinput-ios.a */; };
		DC65617315114B4A00E59F8A /* fps_images-ipadhd.png in Resources */ = {isa = PBXBuildFile; fileRef = DC65617215114B4A00E59F8A /* fps_images-ipadhd.png */; };
		DC979E3E13B35F8800656CB9 /* libcocos2d-extensions-mac.a in Frameworks */ = {isa = PBXBuildFile; fileRef = DC979E3D13B35F8800656CB9 /* libcocos2d-extensions-mac.a */; };
		DC979E5A13B3607E00656CB9 /* libchipmunk-spacemanager-mac.a in Frameworks */ = {isa = PBXBuildFile; fileRef = DC979E5913B3607E00656CB9 /* libchipmunk-spacemanager-mac.a */; };
		DCC1A0FA13A94ED5005BD75D /* Default.png in Resources */ = {isa = PBXBuildFile; fileRef = DCC1A0F913A94ED5005BD75D /* Default.png */; };
		DCC1A0FC13A94ED5005BD75D /* fps_images.png in Resources */ = {isa = PBXBuildFile; fileRef = DCC1A0FB13A94ED5005BD75D /* fps_images.png */; };
		DCC1A0FE13A94ED5005BD75D /* Icon-72.png in Resources */ = {isa = PBXBuildFile; fileRef = DCC1A0FD13A94ED5005BD75D /* Icon-72.png */; };
		DCC1A10013A94ED5005BD75D /* Icon-Small-50.png in Resources */ = {isa = PBXBuildFile; fileRef = DCC1A0FF13A94ED5005BD75D /* Icon-Small-50.png */; };
		DCC1A10213A94ED5005BD75D /* Icon-Small.png in Resources */ = {isa = PBXBuildFile; fileRef = DCC1A10113A94ED5005BD75D /* Icon-Small.png */; };
		DCC1A10413A94ED5005BD75D /* Icon-Small@2x.png in Resources */ = {isa = PBXBuildFile; fileRef = DCC1A10313A94ED5005BD75D /* Icon-Small@2x.png */; };
		DCC1A10613A94ED5005BD75D /* Icon.png in Resources */ = {isa = PBXBuildFile; fileRef = DCC1A10513A94ED5005BD75D /* Icon.png */; };
		DCC1A10813A94ED5005BD75D /* Icon@2x.png in Resources */ = {isa = PBXBuildFile; fileRef = DCC1A10713A94ED5005BD75D /* Icon@2x.png */; };
		DCC1A26913A94EE6005BD75D /* InfoPlist.strings in Resources */ = {isa = PBXBuildFile; fileRef = DCC1A26713A94EE6005BD75D /* InfoPlist.strings */; };
		DCC1A26C13A94EE6005BD75D /* MainMenu.xib in Resources */ = {isa = PBXBuildFile; fileRef = DCC1A26A13A94EE6005BD75D /* MainMenu.xib */; };
		DCC1A26E13A94EE6005BD75D /* fps_images.png in Resources */ = {isa = PBXBuildFile; fileRef = DCC1A26D13A94EE6005BD75D /* fps_images.png */; };
		DCC1A27013A94EE6005BD75D /* icon.icns in Resources */ = {isa = PBXBuildFile; fileRef = DCC1A26F13A94EE6005BD75D /* icon.icns */; };
		DCC1A3AF13A94F1A005BD75D /* config.lua in Resources */ = {isa = PBXBuildFile; fileRef = DCC1A39513A94F1A005BD75D /* config.lua */; };
		DCC1A3B013A94F1A005BD75D /* config.lua in Resources */ = {isa = PBXBuildFile; fileRef = DCC1A39513A94F1A005BD75D /* config.lua */; };
		DCF95CD213A97EC500AE3B80 /* libcocos2d-mac.a in Frameworks */ = {isa = PBXBuildFile; fileRef = DCF95CC913A97EC500AE3B80 /* libcocos2d-mac.a */; };
		DCF95CD413A97EC500AE3B80 /* libkobold2d-mac.a in Frameworks */ = {isa = PBXBuildFile; fileRef = DCF95CCB13A97EC500AE3B80 /* libkobold2d-mac.a */; };
/* End PBXBuildFile section */

/* Begin PBXFileReference section */
		67C530179A2464A8A2712A75 /* cardFace16.png */ = {isa = PBXFileReference; lastKnownFileType = image.png; path = cardFace16.png; sourceTree = "<group>"; };
		67C530889970CE567EF76AB8 /* cardFace33.png */ = {isa = PBXFileReference; lastKnownFileType = image.png; path = cardFace33.png; sourceTree = "<group>"; };
		67C530D4A8F2562F0D70567A /* Place.m */ = {isa = PBXFileReference; fileEncoding = 4; lastKnownFileType = sourcecode.c.objc; path = Place.m; sourceTree = "<group>"; };
		67C530EA715EC6F9A10882BA /* ResourceManager.h */ = {isa = PBXFileReference; fileEncoding = 4; lastKnownFileType = sourcecode.c.h; path = ResourceManager.h; sourceTree = "<group>"; };
		67C53108044B47C3DA368D7A /* SceneGame.m */ = {isa = PBXFileReference; fileEncoding = 4; lastKnownFileType = sourcecode.c.objc; path = SceneGame.m; sourceTree = "<group>"; };
		67C5314253CB83C6F7DA9F9A /* cardFace29.png */ = {isa = PBXFileReference; lastKnownFileType = image.png; path = cardFace29.png; sourceTree = "<group>"; };
		67C5316A1D21A27498B73893 /* cardFace23.png */ = {isa = PBXFileReference; lastKnownFileType = image.png; path = cardFace23.png; sourceTree = "<group>"; };
		67C531B3CE3A59BAEA7FB72E /* cardFace49.png */ = {isa = PBXFileReference; lastKnownFileType = image.png; path = cardFace49.png; sourceTree = "<group>"; };
		67C531F1264B0F6819757D7C /* cardFace21.png */ = {isa = PBXFileReference; lastKnownFileType = image.png; path = cardFace21.png; sourceTree = "<group>"; };
		67C531F7083808945BCC3F1D /* cardFace13.png */ = {isa = PBXFileReference; lastKnownFileType = image.png; path = cardFace13.png; sourceTree = "<group>"; };
		67C5323AC748F73A064FD8F4 /* cardFace50.png */ = {isa = PBXFileReference; lastKnownFileType = image.png; path = cardFace50.png; sourceTree = "<group>"; };
		67C5324AA6B9421D65F66215 /* activePlaceLeft(86x86).png */ = {isa = PBXFileReference; lastKnownFileType = image.png; path = "activePlaceLeft(86x86).png"; sourceTree = "<group>"; };
		67C5325592F7000C8BC8A614 /* emptyPlace(60x79).png */ = {isa = PBXFileReference; lastKnownFileType = image.png; path = "emptyPlace(60x79).png"; sourceTree = "<group>"; };
		67C5325AFCD3284A3B96C517 /* cardFace32.png */ = {isa = PBXFileReference; lastKnownFileType = image.png; path = cardFace32.png; sourceTree = "<group>"; };
		67C532745DA91EE4F73EBCDE /* HelloWorldLayer.m */ = {isa = PBXFileReference; fileEncoding = 4; lastKnownFileType = sourcecode.c.objc; path = HelloWorldLayer.m; sourceTree = "<group>"; };
		67C532942DC730A3A1D26C2B /* cardFace10.png */ = {isa = PBXFileReference; lastKnownFileType = image.png; path = cardFace10.png; sourceTree = "<group>"; };
		67C532D24ED9B4D7930EF8FF /* cardFace48.png */ = {isa = PBXFileReference; lastKnownFileType = image.png; path = cardFace48.png; sourceTree = "<group>"; };
		67C532D5640FBC9440B226B6 /* Place.h */ = {isa = PBXFileReference; fileEncoding = 4; lastKnownFileType = sourcecode.c.h; path = Place.h; sourceTree = "<group>"; };
		67C53309C341868DFF157931 /* ELanguageType.h */ = {isa = PBXFileReference; fileEncoding = 4; lastKnownFileType = sourcecode.c.h; path = ELanguageType.h; sourceTree = "<group>"; };
		67C533606055DFF56E31C264 /* cardFace20.png */ = {isa = PBXFileReference; lastKnownFileType = image.png; path = cardFace20.png; sourceTree = "<group>"; };
		67C5338BB051FFA44BD098E7 /* cardFace39.png */ = {isa = PBXFileReference; lastKnownFileType = image.png; path = cardFace39.png; sourceTree = "<group>"; };
		67C533DB71A2BAFC3040FE37 /* cardBox.png */ = {isa = PBXFileReference; lastKnownFileType = image.png; path = cardBox.png; sourceTree = "<group>"; };
		67C533DD4834FCA64E733C1C /* EButtonMenuType.h */ = {isa = PBXFileReference; fileEncoding = 4; lastKnownFileType = sourcecode.c.h; path = EButtonMenuType.h; sourceTree = "<group>"; };
		67C53473CEDFAADF236CE907 /* cardFace12.png */ = {isa = PBXFileReference; lastKnownFileType = image.png; path = cardFace12.png; sourceTree = "<group>"; };
		67C53474AEEDBA0E3F3B55D7 /* SceneBase.h */ = {isa = PBXFileReference; fileEncoding = 4; lastKnownFileType = sourcecode.c.h; path = SceneBase.h; sourceTree = "<group>"; };
		67C534883477614DA51844FA /* cardFace25.png */ = {isa = PBXFileReference; lastKnownFileType = image.png; path = cardFace25.png; sourceTree = "<group>"; };
		67C5348A2642E1E080894BE3 /* cardFace46.png */ = {isa = PBXFileReference; lastKnownFileType = image.png; path = cardFace46.png; sourceTree = "<group>"; };
		67C534D464AAB22A9A99BEBF /* CardBox.m */ = {isa = PBXFileReference; fileEncoding = 4; lastKnownFileType = sourcecode.c.objc; path = CardBox.m; sourceTree = "<group>"; };
		67C534DC307AD1AB8CE96D70 /* SharedDeviceHelper.h */ = {isa = PBXFileReference; fileEncoding = 4; lastKnownFileType = sourcecode.c.h; path = SharedDeviceHelper.h; sourceTree = "<group>"; };
		67C53554826D20D3D852DBDD /* background(640x960).png */ = {isa = PBXFileReference; lastKnownFileType = image.png; path = "background(640x960).png"; sourceTree = "<group>"; };
		67C535BCB41C5BE655BF1BA0 /* SceneMenu.m */ = {isa = PBXFileReference; fileEncoding = 4; lastKnownFileType = sourcecode.c.objc; path = SceneMenu.m; sourceTree = "<group>"; };
		67C535C96E14014BB75C8BCB /* HelloWorldLayer.h */ = {isa = PBXFileReference; fileEncoding = 4; lastKnownFileType = sourcecode.c.h; path = HelloWorldLayer.h; sourceTree = "<group>"; };
		67C53614FF8ECA8C75C1D310 /* cardFace22.png */ = {isa = PBXFileReference; lastKnownFileType = image.png; path = cardFace22.png; sourceTree = "<group>"; };
		67C5361787EBA8F9103A702C /* cardFace15.png */ = {isa = PBXFileReference; lastKnownFileType = image.png; path = cardFace15.png; sourceTree = "<group>"; };
		67C536291E0C5C9E911EF462 /* cardFace44.png */ = {isa = PBXFileReference; lastKnownFileType = image.png; path = cardFace44.png; sourceTree = "<group>"; };
		67C53631ACAC1A5DDEB3622C /* Game.h */ = {isa = PBXFileReference; fileEncoding = 4; lastKnownFileType = sourcecode.c.h; path = Game.h; sourceTree = "<group>"; };
		67C53637E7537BF7DD708FD1 /* cardFace51.png */ = {isa = PBXFileReference; lastKnownFileType = image.png; path = cardFace51.png; sourceTree = "<group>"; };
		67C5367E0E52DC348DCA393B /* cardFace18.png */ = {isa = PBXFileReference; lastKnownFileType = image.png; path = cardFace18.png; sourceTree = "<group>"; };
		67C53691894066CAE7EBAD0F /* CardView.m */ = {isa = PBXFileReference; fileEncoding = 4; lastKnownFileType = sourcecode.c.objc; path = CardView.m; sourceTree = "<group>"; };
		67C536978EB10667555F5B50 /* cardFace43.png */ = {isa = PBXFileReference; lastKnownFileType = image.png; path = cardFace43.png; sourceTree = "<group>"; };
		67C5369F8B756E354D5364A9 /* activePlaceRight(86x86).png */ = {isa = PBXFileReference; lastKnownFileType = image.png; path = "activePlaceRight(86x86).png"; sourceTree = "<group>"; };
		67C536C97B07953562DFBB98 /* emptyPlace(86x86).png */ = {isa = PBXFileReference; lastKnownFileType = image.png; path = "emptyPlace(86x86).png"; sourceTree = "<group>"; };
		67C536CFCB8DE05D8CABD0B0 /* SceneGame.h */ = {isa = PBXFileReference; fileEncoding = 4; lastKnownFileType = sourcecode.c.h; path = SceneGame.h; sourceTree = "<group>"; };
		67C536D5544CF8F6D24A5C9A /* cardFace0.png */ = {isa = PBXFileReference; lastKnownFileType = image.png; path = cardFace0.png; sourceTree = "<group>"; };
		67C537068AE2EAADDDA9007B /* Card.h */ = {isa = PBXFileReference; fileEncoding = 4; lastKnownFileType = sourcecode.c.h; path = Card.h; sourceTree = "<group>"; };
		67C5370BBE48FA618AEB05BB /* cardFace8.png */ = {isa = PBXFileReference; lastKnownFileType = image.png; path = cardFace8.png; sourceTree = "<group>"; };
		67C5379EA44070B34930DAE8 /* ButtonGameView.h */ = {isa = PBXFileReference; fileEncoding = 4; lastKnownFileType = sourcecode.c.h; path = ButtonGameView.h; sourceTree = "<group>"; };
		67C537F8E4D8FF7B5FB41B89 /* EDeviceType.h */ = {isa = PBXFileReference; fileEncoding = 4; lastKnownFileType = sourcecode.c.h; path = EDeviceType.h; sourceTree = "<group>"; };
		67C53816C3C4E988DD59A74F /* ECardType.h */ = {isa = PBXFileReference; fileEncoding = 4; lastKnownFileType = sourcecode.c.h; path = ECardType.h; sourceTree = "<group>"; };
		67C5381D7AB3F3AD0C583273 /* cardFace31.png */ = {isa = PBXFileReference; lastKnownFileType = image.png; path = cardFace31.png; sourceTree = "<group>"; };
		67C5383041154805B2C5D8CD /* cardBackRed.png */ = {isa = PBXFileReference; lastKnownFileType = image.png; path = cardBackRed.png; sourceTree = "<group>"; };
		67C5384AC93678FD31347903 /* cardFace42.png */ = {isa = PBXFileReference; lastKnownFileType = image.png; path = cardFace42.png; sourceTree = "<group>"; };
		67C5384B03BAE68AE3487983 /* EPlaceType.h */ = {isa = PBXFileReference; fileEncoding = 4; lastKnownFileType = sourcecode.c.h; path = EPlaceType.h; sourceTree = "<group>"; };
		67C5384FF63010D33B4FB63A /* cardFace26.png */ = {isa = PBXFileReference; lastKnownFileType = image.png; path = cardFace26.png; sourceTree = "<group>"; };
		67C53864C47CD218F2A9C3D4 /* ResourceManager.m */ = {isa = PBXFileReference; fileEncoding = 4; lastKnownFileType = sourcecode.c.objc; path = ResourceManager.m; sourceTree = "<group>"; };
		67C539331A0E0C63CFEFDB89 /* cardFace11.png */ = {isa = PBXFileReference; lastKnownFileType = image.png; path = cardFace11.png; sourceTree = "<group>"; };
		67C53987013B95B69BBFB97E /* main.m */ = {isa = PBXFileReference; fileEncoding = 4; lastKnownFileType = sourcecode.c.objc; path = main.m; sourceTree = "<group>"; };
		67C539D32675A33DFD9AC54C /* cardFace1.png */ = {isa = PBXFileReference; lastKnownFileType = image.png; path = cardFace1.png; sourceTree = "<group>"; };
		67C53A0630143D54F51EF49B /* cardFace38.png */ = {isa = PBXFileReference; lastKnownFileType = image.png; path = cardFace38.png; sourceTree = "<group>"; };
		67C53A41EE8BDF25D65B742C /* cardFace35.png */ = {isa = PBXFileReference; lastKnownFileType = image.png; path = cardFace35.png; sourceTree = "<group>"; };
		67C53A4343E796C78179FECA /* ButtonGameView.m */ = {isa = PBXFileReference; fileEncoding = 4; lastKnownFileType = sourcecode.c.objc; path = ButtonGameView.m; sourceTree = "<group>"; };
		67C53A470A41FB729E2DFE3C /* buttonMenuActive.png */ = {isa = PBXFileReference; lastKnownFileType = image.png; path = buttonMenuActive.png; sourceTree = "<group>"; };
		67C53A5408B87BFF1B488BB3 /* SharedProgressManager.h */ = {isa = PBXFileReference; fileEncoding = 4; lastKnownFileType = sourcecode.c.h; path = SharedProgressManager.h; sourceTree = "<group>"; };
		67C53A55E542064A80EF690B /* cardFace28.png */ = {isa = PBXFileReference; lastKnownFileType = image.png; path = cardFace28.png; sourceTree = "<group>"; };
		67C53A7EC7C7065F29953C1B /* CardView.h */ = {isa = PBXFileReference; fileEncoding = 4; lastKnownFileType = sourcecode.c.h; path = CardView.h; sourceTree = "<group>"; };
		67C53A8297F09645C054C2AF /* SharedDeviceHelper.m */ = {isa = PBXFileReference; fileEncoding = 4; lastKnownFileType = sourcecode.c.objc; path = SharedDeviceHelper.m; sourceTree = "<group>"; };
		67C53A98E67D0D08382272AF /* CardBox.h */ = {isa = PBXFileReference; fileEncoding = 4; lastKnownFileType = sourcecode.c.h; path = CardBox.h; sourceTree = "<group>"; };
		67C53ACF9033BE1A6FB470FC /* cardFace3.png */ = {isa = PBXFileReference; lastKnownFileType = image.png; path = cardFace3.png; sourceTree = "<group>"; };
		67C53B3FF601C99F37E10F82 /* cardFace19.png */ = {isa = PBXFileReference; lastKnownFileType = image.png; path = cardFace19.png; sourceTree = "<group>"; };
		67C53B643B808E10F093BFFD /* ECardSuit.h */ = {isa = PBXFileReference; fileEncoding = 4; lastKnownFileType = sourcecode.c.h; path = ECardSuit.h; sourceTree = "<group>"; };
		67C53B7A32F1CD01B099FF4E /* AppDelegate.h */ = {isa = PBXFileReference; fileEncoding = 4; lastKnownFileType = sourcecode.c.h; path = AppDelegate.h; sourceTree = "<group>"; };
		67C53B7FD39A43C15C668E80 /* cardFace34.png */ = {isa = PBXFileReference; lastKnownFileType = image.png; path = cardFace34.png; sourceTree = "<group>"; };
		67C53B82C8572A9A75797777 /* cardFace5.png */ = {isa = PBXFileReference; lastKnownFileType = image.png; path = cardFace5.png; sourceTree = "<group>"; };
		67C53B83C5B57AE74054F650 /* AppDelegate.m */ = {isa = PBXFileReference; fileEncoding = 4; lastKnownFileType = sourcecode.c.objc; path = AppDelegate.m; sourceTree = "<group>"; };
		67C53BA6F406F76B532B0087 /* EButtonGameType.h */ = {isa = PBXFileReference; fileEncoding = 4; lastKnownFileType = sourcecode.c.h; path = EButtonGameType.h; sourceTree = "<group>"; };
		67C53BC153D3729F80621347 /* cardFace47.png */ = {isa = PBXFileReference; lastKnownFileType = image.png; path = cardFace47.png; sourceTree = "<group>"; };
		67C53BF8D09F83C0CC4CF711 /* cardFace40.png */ = {isa = PBXFileReference; lastKnownFileType = image.png; path = cardFace40.png; sourceTree = "<group>"; };
		67C53C4966D6EBB841BD023E /* ESceneType.h */ = {isa = PBXFileReference; fileEncoding = 4; lastKnownFileType = sourcecode.c.h; path = ESceneType.h; sourceTree = "<group>"; };
		67C53C61BACD93152A71B626 /* ButtonMenuView.h */ = {isa = PBXFileReference; fileEncoding = 4; lastKnownFileType = sourcecode.c.h; path = ButtonMenuView.h; sourceTree = "<group>"; };
		67C53C6CD34D1F552ACA8B02 /* cardFace6.png */ = {isa = PBXFileReference; lastKnownFileType = image.png; path = cardFace6.png; sourceTree = "<group>"; };
		67C53C6F4A3AE49E325EE13A /* cardFace27.png */ = {isa = PBXFileReference; lastKnownFileType = image.png; path = cardFace27.png; sourceTree = "<group>"; };
		67C53C864902960EDC1BE771 /* cardFace17.png */ = {isa = PBXFileReference; lastKnownFileType = image.png; path = cardFace17.png; sourceTree = "<group>"; };
		67C53C9A5761A8835C8AA0E2 /* background(640x1136).png */ = {isa = PBXFileReference; lastKnownFileType = image.png; path = "background(640x1136).png"; sourceTree = "<group>"; };
		67C53CBFCC2FB3B748B0FCC9 /* cardFace24.png */ = {isa = PBXFileReference; lastKnownFileType = image.png; path = cardFace24.png; sourceTree = "<group>"; };
		67C53CCB8AB96817E2D0C79D /* cardFace30.png */ = {isa = PBXFileReference; lastKnownFileType = image.png; path = cardFace30.png; sourceTree = "<group>"; };
		67C53CD022BFBD2CC6CC2991 /* SceneBase.m */ = {isa = PBXFileReference; fileEncoding = 4; lastKnownFileType = sourcecode.c.objc; path = SceneBase.m; sourceTree = "<group>"; };
		67C53CF71375D30484356652 /* cardFace2.png */ = {isa = PBXFileReference; lastKnownFileType = image.png; path = cardFace2.png; sourceTree = "<group>"; };
		67C53CFD6D4AC2C9D3297C73 /* buttonMenuNormal.png */ = {isa = PBXFileReference; lastKnownFileType = image.png; path = buttonMenuNormal.png; sourceTree = "<group>"; };
		67C53D27ECB596E87354C59D /* PlaceView.m */ = {isa = PBXFileReference; fileEncoding = 4; lastKnownFileType = sourcecode.c.objc; path = PlaceView.m; sourceTree = "<group>"; };
		67C53D5D38CDAE3D0A16E638 /* Card.m */ = {isa = PBXFileReference; fileEncoding = 4; lastKnownFileType = sourcecode.c.objc; path = Card.m; sourceTree = "<group>"; };
		67C53D6600001A88AFE30BEC /* cardFace37.png */ = {isa = PBXFileReference; lastKnownFileType = image.png; path = cardFace37.png; sourceTree = "<group>"; };
		67C53DA522F7C585C1968209 /* ButtonMenuView.m */ = {isa = PBXFileReference; fileEncoding = 4; lastKnownFileType = sourcecode.c.objc; path = ButtonMenuView.m; sourceTree = "<group>"; };
		67C53DE4FA05F8A65A91DB15 /* cardFace4.png */ = {isa = PBXFileReference; lastKnownFileType = image.png; path = cardFace4.png; sourceTree = "<group>"; };
		67C53E1DB549C960BFD03710 /* PlaceView.h */ = {isa = PBXFileReference; fileEncoding = 4; lastKnownFileType = sourcecode.c.h; path = PlaceView.h; sourceTree = "<group>"; };
		67C53E2121DD6C3C4FE655F7 /* cardFace9.png */ = {isa = PBXFileReference; lastKnownFileType = image.png; path = cardFace9.png; sourceTree = "<group>"; };
		67C53E495502DB362359D3C7 /* cardFace14.png */ = {isa = PBXFileReference; lastKnownFileType = image.png; path = cardFace14.png; sourceTree = "<group>"; };
		67C53EAB163DEE64DDE28998 /* SceneMenu.h */ = {isa = PBXFileReference; fileEncoding = 4; lastKnownFileType = sourcecode.c.h; path = SceneMenu.h; sourceTree = "<group>"; };
		67C53ED2A8F34C936B7709D9 /* cardFace45.png */ = {isa = PBXFileReference; lastKnownFileType = image.png; path = cardFace45.png; sourceTree = "<group>"; };
		67C53EEE9755D8AAD2CC1FDE /* activePlace(60x79).png */ = {isa = PBXFileReference; lastKnownFileType = image.png; path = "activePlace(60x79).png"; sourceTree = "<group>"; };
		67C53EF9AAB6B1A8F8D2A9F3 /* cardFace36.png */ = {isa = PBXFileReference; lastKnownFileType = image.png; path = cardFace36.png; sourceTree = "<group>"; };
		67C53EFE1AC2F7004BE936E7 /* cardFace7.png */ = {isa = PBXFileReference; lastKnownFileType = image.png; path = cardFace7.png; sourceTree = "<group>"; };
		67C53F3A6C93989F629AFCAD /* Game.m */ = {isa = PBXFileReference; fileEncoding = 4; lastKnownFileType = sourcecode.c.objc; path = Game.m; sourceTree = "<group>"; };
		67C53F68E7B9C93D0962BA3B /* cardBackBlue.png */ = {isa = PBXFileReference; lastKnownFileType = image.png; path = cardBackBlue.png; sourceTree = "<group>"; };
		67C53FCCFFDC9F8421F86CEA /* SharedProgressManager.m */ = {isa = PBXFileReference; fileEncoding = 4; lastKnownFileType = sourcecode.c.objc; path = SharedProgressManager.m; sourceTree = "<group>"; };
		67C53FDBC51B49EC288D3C38 /* cardFace41.png */ = {isa = PBXFileReference; lastKnownFileType = image.png; path = cardFace41.png; sourceTree = "<group>"; };
		AF6EF0B7C418A78EAB4F7966 /* CCButton.h */ = {isa = PBXFileReference; fileEncoding = 4; lastKnownFileType = sourcecode.c.h; path = CCButton.h; sourceTree = "<group>"; };
		AF6EF40389F689D5F386FB06 /* CCButton.m */ = {isa = PBXFileReference; fileEncoding = 4; lastKnownFileType = sourcecode.c.objc; path = CCButton.m; sourceTree = "<group>"; };
		AF6EFE9EC579F2391F5D47F7 /* CCButtonDelegate.h */ = {isa = PBXFileReference; fileEncoding = 4; lastKnownFileType = sourcecode.c.h; path = CCButtonDelegate.h; sourceTree = "<group>"; };
		DC1BE68614F417CC00F49D25 /* copyright.txt */ = {isa = PBXFileReference; fileEncoding = 4; lastKnownFileType = text; path = copyright.txt; sourceTree = "<group>"; };
		DC1BE68914F417CC00F49D25 /* LICENCE.txt */ = {isa = PBXFileReference; fileEncoding = 4; lastKnownFileType = text; path = LICENCE.txt; sourceTree = "<group>"; };
		DC1BE68C14F417CC00F49D25 /* Ubuntu-B.ttf */ = {isa = PBXFileReference; lastKnownFileType = file; path = "Ubuntu-B.ttf"; sourceTree = "<group>"; };
		DC1BE68D14F417CC00F49D25 /* Ubuntu-BI.ttf */ = {isa = PBXFileReference; lastKnownFileType = file; path = "Ubuntu-BI.ttf"; sourceTree = "<group>"; };
		DC1BE68E14F417CC00F49D25 /* Ubuntu-C.ttf */ = {isa = PBXFileReference; lastKnownFileType = file; path = "Ubuntu-C.ttf"; sourceTree = "<group>"; };
		DC1BE68F14F417CC00F49D25 /* Ubuntu-L.ttf */ = {isa = PBXFileReference; lastKnownFileType = file; path = "Ubuntu-L.ttf"; sourceTree = "<group>"; };
		DC1BE69014F417CC00F49D25 /* Ubuntu-LI.ttf */ = {isa = PBXFileReference; lastKnownFileType = file; path = "Ubuntu-LI.ttf"; sourceTree = "<group>"; };
		DC1BE69114F417CC00F49D25 /* Ubuntu-M.ttf */ = {isa = PBXFileReference; lastKnownFileType = file; path = "Ubuntu-M.ttf"; sourceTree = "<group>"; };
		DC1BE69214F417CC00F49D25 /* Ubuntu-MI.ttf */ = {isa = PBXFileReference; lastKnownFileType = file; path = "Ubuntu-MI.ttf"; sourceTree = "<group>"; };
		DC1BE69314F417CC00F49D25 /* Ubuntu-R.ttf */ = {isa = PBXFileReference; lastKnownFileType = file; path = "Ubuntu-R.ttf"; sourceTree = "<group>"; };
		DC1BE69414F417CC00F49D25 /* Ubuntu-RI.ttf */ = {isa = PBXFileReference; lastKnownFileType = file; path = "Ubuntu-RI.ttf"; sourceTree = "<group>"; };
		DC1BE69514F417CC00F49D25 /* UbuntuMono-B.ttf */ = {isa = PBXFileReference; lastKnownFileType = file; path = "UbuntuMono-B.ttf"; sourceTree = "<group>"; };
		DC1BE69614F417CC00F49D25 /* UbuntuMono-BI.ttf */ = {isa = PBXFileReference; lastKnownFileType = file; path = "UbuntuMono-BI.ttf"; sourceTree = "<group>"; };
		DC1BE69714F417CC00F49D25 /* UbuntuMono-R.ttf */ = {isa = PBXFileReference; lastKnownFileType = file; path = "UbuntuMono-R.ttf"; sourceTree = "<group>"; };
		DC1BE69814F417CC00F49D25 /* UbuntuMono-RI.ttf */ = {isa = PBXFileReference; lastKnownFileType = file; path = "UbuntuMono-RI.ttf"; sourceTree = "<group>"; };
		DC26D6D914B9F2C600B6002E /* fps_images-hd.png */ = {isa = PBXFileReference; lastKnownFileType = image.png; path = "fps_images-hd.png"; sourceTree = "<group>"; };
		DC2721A1160CAEB600D88944 /* Default-568h@2x.png */ = {isa = PBXFileReference; lastKnownFileType = image.png; path = "Default-568h@2x.png"; sourceTree = "<group>"; };
		DC2721A9160CAFC700D88944 /* iTunesArtwork */ = {isa = PBXFileReference; lastKnownFileType = file; path = iTunesArtwork; sourceTree = "<group>"; };
		DC275D2A13B27DBF009C5098 /* Pow.caf */ = {isa = PBXFileReference; lastKnownFileType = file; path = Pow.caf; sourceTree = "<group>"; };
		DC3BE97813B4FB71003739CC /* BuildSettings-iOS.xcconfig */ = {isa = PBXFileReference; lastKnownFileType = text.xcconfig; path = "BuildSettings-iOS.xcconfig"; sourceTree = "<group>"; };
		DC485B0D13AA0E5600F2BC70 /* libchipmunk-mac.a */ = {isa = PBXFileReference; explicitFileType = archive.ar; path = "libchipmunk-mac.a"; sourceTree = BUILT_PRODUCTS_DIR; };
		DC485B1613AA0EBB00F2BC70 /* libbox2d-mac.a */ = {isa = PBXFileReference; explicitFileType = archive.ar; path = "libbox2d-mac.a"; sourceTree = BUILT_PRODUCTS_DIR; };
		DC485B4513AA18A600F2BC70 /* libcocosdenshion-mac.a */ = {isa = PBXFileReference; explicitFileType = archive.ar; path = "libcocosdenshion-mac.a"; sourceTree = BUILT_PRODUCTS_DIR; };
		DC485B4713AA194F00F2BC70 /* ship.png */ = {isa = PBXFileReference; lastKnownFileType = image.png; path = ship.png; sourceTree = "<group>"; };
		DC485B4A13AA1C0E00F2BC70 /* ship-hd.png */ = {isa = PBXFileReference; lastKnownFileType = image.png; path = "ship-hd.png"; sourceTree = "<group>"; };
		DC65615013A969B600A7AC53 /* libbox2d-ios.a */ = {isa = PBXFileReference; explicitFileType = archive.ar; path = "libbox2d-ios.a"; sourceTree = BUILT_PRODUCTS_DIR; };
		DC65615113A969B600A7AC53 /* libchipmunk-ios.a */ = {isa = PBXFileReference; explicitFileType = archive.ar; path = "libchipmunk-ios.a"; sourceTree = BUILT_PRODUCTS_DIR; };
		DC65615213A969B600A7AC53 /* libchipmunk-spacemanager-ios.a */ = {isa = PBXFileReference; explicitFileType = archive.ar; path = "libchipmunk-spacemanager-ios.a"; sourceTree = BUILT_PRODUCTS_DIR; };
		DC65615413A969B600A7AC53 /* libcocos2d-extensions-ios.a */ = {isa = PBXFileReference; explicitFileType = archive.ar; path = "libcocos2d-extensions-ios.a"; sourceTree = BUILT_PRODUCTS_DIR; };
		DC65615513A969B600A7AC53 /* libcocos2d-ios.a */ = {isa = PBXFileReference; explicitFileType = archive.ar; path = "libcocos2d-ios.a"; sourceTree = BUILT_PRODUCTS_DIR; };
		DC65615613A969B600A7AC53 /* libcocos3d-ios.a */ = {isa = PBXFileReference; explicitFileType = archive.ar; path = "libcocos3d-ios.a"; sourceTree = BUILT_PRODUCTS_DIR; };
		DC65615713A969B600A7AC53 /* libcocosdenshion-ios.a */ = {isa = PBXFileReference; explicitFileType = archive.ar; path = "libcocosdenshion-ios.a"; sourceTree = BUILT_PRODUCTS_DIR; };
		DC65615813A969B600A7AC53 /* libkobold2d-ios.a */ = {isa = PBXFileReference; explicitFileType = archive.ar; path = "libkobold2d-ios.a"; sourceTree = BUILT_PRODUCTS_DIR; };
		DC65615913A969B600A7AC53 /* libobjectal-ios.a */ = {isa = PBXFileReference; explicitFileType = archive.ar; path = "libobjectal-ios.a"; sourceTree = BUILT_PRODUCTS_DIR; };
		DC65615A13A969B600A7AC53 /* libsneakyinput-ios.a */ = {isa = PBXFileReference; explicitFileType = archive.ar; path = "libsneakyinput-ios.a"; sourceTree = BUILT_PRODUCTS_DIR; };
		DC65617215114B4A00E59F8A /* fps_images-ipadhd.png */ = {isa = PBXFileReference; lastKnownFileType = image.png; path = "fps_images-ipadhd.png"; sourceTree = "<group>"; };
		DC979E3D13B35F8800656CB9 /* libcocos2d-extensions-mac.a */ = {isa = PBXFileReference; explicitFileType = archive.ar; path = "libcocos2d-extensions-mac.a"; sourceTree = BUILT_PRODUCTS_DIR; };
		DC979E5913B3607E00656CB9 /* libchipmunk-spacemanager-mac.a */ = {isa = PBXFileReference; explicitFileType = archive.ar; path = "libchipmunk-spacemanager-mac.a"; sourceTree = BUILT_PRODUCTS_DIR; };
		DC9C33E713B5024400931BF2 /* BuildSettings-Debug-Mac.xcconfig */ = {isa = PBXFileReference; lastKnownFileType = text.xcconfig; path = "BuildSettings-Debug-Mac.xcconfig"; sourceTree = "<group>"; };
		DC9C33E813B5024400931BF2 /* BuildSettings-Mac.xcconfig */ = {isa = PBXFileReference; lastKnownFileType = text.xcconfig; path = "BuildSettings-Mac.xcconfig"; sourceTree = "<group>"; };
		DC9C33E913B5024400931BF2 /* BuildSettings-Release-Mac.xcconfig */ = {isa = PBXFileReference; lastKnownFileType = text.xcconfig; path = "BuildSettings-Release-Mac.xcconfig"; sourceTree = "<group>"; };
		DCC1A0E313A94ED5005BD75D /* UltimateBJ-iOS.app */ = {isa = PBXFileReference; explicitFileType = wrapper.application; includeInIndex = 0; path = "UltimateBJ-iOS.app"; sourceTree = BUILT_PRODUCTS_DIR; };
		DCC1A0F913A94ED5005BD75D /* Default.png */ = {isa = PBXFileReference; lastKnownFileType = image.png; path = Default.png; sourceTree = "<group>"; };
		DCC1A0FB13A94ED5005BD75D /* fps_images.png */ = {isa = PBXFileReference; lastKnownFileType = image.png; path = fps_images.png; sourceTree = "<group>"; };
		DCC1A0FD13A94ED5005BD75D /* Icon-72.png */ = {isa = PBXFileReference; lastKnownFileType = image.png; path = "Icon-72.png"; sourceTree = "<group>"; };
		DCC1A0FF13A94ED5005BD75D /* Icon-Small-50.png */ = {isa = PBXFileReference; lastKnownFileType = image.png; path = "Icon-Small-50.png"; sourceTree = "<group>"; };
		DCC1A10113A94ED5005BD75D /* Icon-Small.png */ = {isa = PBXFileReference; lastKnownFileType = image.png; path = "Icon-Small.png"; sourceTree = "<group>"; };
		DCC1A10313A94ED5005BD75D /* Icon-Small@2x.png */ = {isa = PBXFileReference; lastKnownFileType = image.png; path = "Icon-Small@2x.png"; sourceTree = "<group>"; };
		DCC1A10513A94ED5005BD75D /* Icon.png */ = {isa = PBXFileReference; lastKnownFileType = image.png; path = Icon.png; sourceTree = "<group>"; };
		DCC1A10713A94ED5005BD75D /* Icon@2x.png */ = {isa = PBXFileReference; lastKnownFileType = image.png; path = "Icon@2x.png"; sourceTree = "<group>"; };
		DCC1A10913A94ED5005BD75D /* Info.plist */ = {isa = PBXFileReference; lastKnownFileType = text.plist.xml; path = Info.plist; sourceTree = "<group>"; };
		DCC1A25A13A94EE6005BD75D /* UltimateBJ-Mac.app */ = {isa = PBXFileReference; explicitFileType = wrapper.application; includeInIndex = 0; path = "UltimateBJ-Mac.app"; sourceTree = BUILT_PRODUCTS_DIR; };
		DCC1A26813A94EE6005BD75D /* English */ = {isa = PBXFileReference; lastKnownFileType = text.plist.strings; name = English; path = Resources/English.lproj/InfoPlist.strings; sourceTree = "<group>"; };
		DCC1A26B13A94EE6005BD75D /* English */ = {isa = PBXFileReference; lastKnownFileType = file.xib; name = English; path = Resources/English.lproj/MainMenu.xib; sourceTree = "<group>"; };
		DCC1A26D13A94EE6005BD75D /* fps_images.png */ = {isa = PBXFileReference; lastKnownFileType = image.png; name = fps_images.png; path = Resources/fps_images.png; sourceTree = "<group>"; };
		DCC1A26F13A94EE6005BD75D /* icon.icns */ = {isa = PBXFileReference; lastKnownFileType = image.icns; name = icon.icns; path = Resources/icon.icns; sourceTree = "<group>"; };
		DCC1A27113A94EE6005BD75D /* Info.plist */ = {isa = PBXFileReference; lastKnownFileType = text.plist.xml; name = Info.plist; path = Resources/Info.plist; sourceTree = "<group>"; };
		DCC1A39213A94F1A005BD75D /* Prefix-iOS.pch */ = {isa = PBXFileReference; fileEncoding = 4; lastKnownFileType = sourcecode.c.h; path = "Prefix-iOS.pch"; sourceTree = "<group>"; };
		DCC1A39313A94F1A005BD75D /* Prefix-Mac.pch */ = {isa = PBXFileReference; fileEncoding = 4; lastKnownFileType = sourcecode.c.h; path = "Prefix-Mac.pch"; sourceTree = "<group>"; };
		DCC1A39513A94F1A005BD75D /* config.lua */ = {isa = PBXFileReference; explicitFileType = sourcecode.applescript; fileEncoding = 4; path = config.lua; sourceTree = "<group>"; };
		DCF95CC913A97EC500AE3B80 /* libcocos2d-mac.a */ = {isa = PBXFileReference; explicitFileType = archive.ar; path = "libcocos2d-mac.a"; sourceTree = BUILT_PRODUCTS_DIR; };
		DCF95CCB13A97EC500AE3B80 /* libkobold2d-mac.a */ = {isa = PBXFileReference; explicitFileType = archive.ar; path = "libkobold2d-mac.a"; sourceTree = BUILT_PRODUCTS_DIR; };
		DCFA90EF13B4F6F7009DD35A /* BuildSettings-Debug-iOS.xcconfig */ = {isa = PBXFileReference; lastKnownFileType = text.xcconfig; path = "BuildSettings-Debug-iOS.xcconfig"; sourceTree = "<group>"; };
		DCFA90F013B4F811009DD35A /* BuildSettings-Release-iOS.xcconfig */ = {isa = PBXFileReference; lastKnownFileType = text.xcconfig; path = "BuildSettings-Release-iOS.xcconfig"; sourceTree = "<group>"; };
/* End PBXFileReference section */

/* Begin PBXFrameworksBuildPhase section */
		DCC1A0E013A94ED5005BD75D /* Frameworks */ = {
			isa = PBXFrameworksBuildPhase;
			buildActionMask = 2147483647;
			files = (
				DC65615C13A969B600A7AC53 /* libbox2d-ios.a in Frameworks */,
				DC65615D13A969B600A7AC53 /* libchipmunk-ios.a in Frameworks */,
				DC65615E13A969B600A7AC53 /* libchipmunk-spacemanager-ios.a in Frameworks */,
				DC65616013A969B600A7AC53 /* libcocos2d-extensions-ios.a in Frameworks */,
				DC65616113A969B600A7AC53 /* libcocos2d-ios.a in Frameworks */,
				DC65616213A969B600A7AC53 /* libcocos3d-ios.a in Frameworks */,
				DC65616313A969B600A7AC53 /* libcocosdenshion-ios.a in Frameworks */,
				DC65616413A969B600A7AC53 /* libkobold2d-ios.a in Frameworks */,
				DC65616513A969B600A7AC53 /* libobjectal-ios.a in Frameworks */,
				DC65616613A969B600A7AC53 /* libsneakyinput-ios.a in Frameworks */,
			);
			runOnlyForDeploymentPostprocessing = 0;
		};
		DCC1A25713A94EE6005BD75D /* Frameworks */ = {
			isa = PBXFrameworksBuildPhase;
			buildActionMask = 2147483647;
			files = (
				DC979E5A13B3607E00656CB9 /* libchipmunk-spacemanager-mac.a in Frameworks */,
				DC979E3E13B35F8800656CB9 /* libcocos2d-extensions-mac.a in Frameworks */,
				DC485B4613AA18A600F2BC70 /* libcocosdenshion-mac.a in Frameworks */,
				DC485B1713AA0EBB00F2BC70 /* libbox2d-mac.a in Frameworks */,
				DC485B1113AA0E5600F2BC70 /* libchipmunk-mac.a in Frameworks */,
				DCF95CD213A97EC500AE3B80 /* libcocos2d-mac.a in Frameworks */,
				DCF95CD413A97EC500AE3B80 /* libkobold2d-mac.a in Frameworks */,
			);
			runOnlyForDeploymentPostprocessing = 0;
		};
/* End PBXFrameworksBuildPhase section */

/* Begin PBXGroup section */
		67C5315641C554399CE64141 /* SharedDeviceHelper */ = {
			isa = PBXGroup;
			children = (
				67C537F8E4D8FF7B5FB41B89 /* EDeviceType.h */,
				67C53309C341868DFF157931 /* ELanguageType.h */,
				67C534DC307AD1AB8CE96D70 /* SharedDeviceHelper.h */,
				67C53A8297F09645C054C2AF /* SharedDeviceHelper.m */,
			);
			path = SharedDeviceHelper;
			sourceTree = "<group>";
		};
		67C53177D050AC9E0A3872E3 /* SceneBase */ = {
			isa = PBXGroup;
			children = (
				67C53474AEEDBA0E3F3B55D7 /* SceneBase.h */,
				67C53CD022BFBD2CC6CC2991 /* SceneBase.m */,
			);
			path = SceneBase;
			sourceTree = "<group>";
		};
		67C531E733B7D05EA614E15D /* System */ = {
			isa = PBXGroup;
			children = (
				67C53987013B95B69BBFB97E /* main.m */,
				67C53B7A32F1CD01B099FF4E /* AppDelegate.h */,
				67C53B83C5B57AE74054F650 /* AppDelegate.m */,
				67C535C96E14014BB75C8BCB /* HelloWorldLayer.h */,
				67C532745DA91EE4F73EBCDE /* HelloWorldLayer.m */,
			);
			path = System;
			sourceTree = "<group>";
		};
		67C533B721AB16F14F9D228B /* SceneGame */ = {
			isa = PBXGroup;
			children = (
				67C53BE64427C48BEDD34693 /* views */,
				67C536CFCB8DE05D8CABD0B0 /* SceneGame.h */,
				67C53108044B47C3DA368D7A /* SceneGame.m */,
			);
			path = SceneGame;
			sourceTree = "<group>";
		};
		67C534A38064044343ADDE1F /* App */ = {
			isa = PBXGroup;
			children = (
				67C53A905724E119FC77FD55 /* Models */,
				67C531E733B7D05EA614E15D /* System */,
				67C53F19CB6328BC41F6A871 /* Resources */,
				67C53759169E15288E1F79A9 /* Controllers */,
			);
			path = App;
			sourceTree = "<group>";
		};
		67C53643719D7292966BF85E /* Place */ = {
			isa = PBXGroup;
			children = (
				67C532D5640FBC9440B226B6 /* Place.h */,
				67C530D4A8F2562F0D70567A /* Place.m */,
				67C5384B03BAE68AE3487983 /* EPlaceType.h */,
			);
			path = Place;
			sourceTree = "<group>";
		};
		67C53723DC4454C071E709CB /* cards */ = {
			isa = PBXGroup;
			children = (
				67C536D5544CF8F6D24A5C9A /* cardFace0.png */,
				67C539D32675A33DFD9AC54C /* cardFace1.png */,
				67C53CF71375D30484356652 /* cardFace2.png */,
				67C53ACF9033BE1A6FB470FC /* cardFace3.png */,
				67C53DE4FA05F8A65A91DB15 /* cardFace4.png */,
				67C53B82C8572A9A75797777 /* cardFace5.png */,
				67C53C6CD34D1F552ACA8B02 /* cardFace6.png */,
				67C53EFE1AC2F7004BE936E7 /* cardFace7.png */,
				67C5370BBE48FA618AEB05BB /* cardFace8.png */,
				67C53E2121DD6C3C4FE655F7 /* cardFace9.png */,
				67C532942DC730A3A1D26C2B /* cardFace10.png */,
				67C539331A0E0C63CFEFDB89 /* cardFace11.png */,
				67C53473CEDFAADF236CE907 /* cardFace12.png */,
				67C531F7083808945BCC3F1D /* cardFace13.png */,
				67C53E495502DB362359D3C7 /* cardFace14.png */,
				67C5361787EBA8F9103A702C /* cardFace15.png */,
				67C530179A2464A8A2712A75 /* cardFace16.png */,
				67C53C864902960EDC1BE771 /* cardFace17.png */,
				67C5367E0E52DC348DCA393B /* cardFace18.png */,
				67C53B3FF601C99F37E10F82 /* cardFace19.png */,
				67C533606055DFF56E31C264 /* cardFace20.png */,
				67C531F1264B0F6819757D7C /* cardFace21.png */,
				67C53614FF8ECA8C75C1D310 /* cardFace22.png */,
				67C5316A1D21A27498B73893 /* cardFace23.png */,
				67C53CBFCC2FB3B748B0FCC9 /* cardFace24.png */,
				67C534883477614DA51844FA /* cardFace25.png */,
				67C5384FF63010D33B4FB63A /* cardFace26.png */,
				67C53C6F4A3AE49E325EE13A /* cardFace27.png */,
				67C53A55E542064A80EF690B /* cardFace28.png */,
				67C5314253CB83C6F7DA9F9A /* cardFace29.png */,
				67C53CCB8AB96817E2D0C79D /* cardFace30.png */,
				67C5381D7AB3F3AD0C583273 /* cardFace31.png */,
				67C5325AFCD3284A3B96C517 /* cardFace32.png */,
				67C530889970CE567EF76AB8 /* cardFace33.png */,
				67C53B7FD39A43C15C668E80 /* cardFace34.png */,
				67C53A41EE8BDF25D65B742C /* cardFace35.png */,
				67C53EF9AAB6B1A8F8D2A9F3 /* cardFace36.png */,
				67C53D6600001A88AFE30BEC /* cardFace37.png */,
				67C53A0630143D54F51EF49B /* cardFace38.png */,
				67C5338BB051FFA44BD098E7 /* cardFace39.png */,
				67C53BF8D09F83C0CC4CF711 /* cardFace40.png */,
				67C53FDBC51B49EC288D3C38 /* cardFace41.png */,
				67C5384AC93678FD31347903 /* cardFace42.png */,
				67C536978EB10667555F5B50 /* cardFace43.png */,
				67C536291E0C5C9E911EF462 /* cardFace44.png */,
				67C53ED2A8F34C936B7709D9 /* cardFace45.png */,
				67C5348A2642E1E080894BE3 /* cardFace46.png */,
				67C53BC153D3729F80621347 /* cardFace47.png */,
				67C532D24ED9B4D7930EF8FF /* cardFace48.png */,
				67C531B3CE3A59BAEA7FB72E /* cardFace49.png */,
				67C5323AC748F73A064FD8F4 /* cardFace50.png */,
				67C53637E7537BF7DD708FD1 /* cardFace51.png */,
				67C5383041154805B2C5D8CD /* cardBackRed.png */,
				67C53F68E7B9C93D0962BA3B /* cardBackBlue.png */,
			);
			path = cards;
			sourceTree = "<group>";
		};
		67C53759169E15288E1F79A9 /* Controllers */ = {
			isa = PBXGroup;
			children = (
				67C53FA17986290E885EAB98 /* Scenes */,
			);
			path = Controllers;
			sourceTree = "<group>";
		};
		67C537FC0E517A62F7C1502F /* SharedProgressManager */ = {
			isa = PBXGroup;
			children = (
				67C53A5408B87BFF1B488BB3 /* SharedProgressManager.h */,
				67C53FCCFFDC9F8421F86CEA /* SharedProgressManager.m */,
			);
			path = SharedProgressManager;
			sourceTree = "<group>";
		};
		67C539EC3640D76C32FC614F /* views */ = {
			isa = PBXGroup;
			children = (
				67C53C61BACD93152A71B626 /* ButtonMenuView.h */,
				67C53DA522F7C585C1968209 /* ButtonMenuView.m */,
				67C533DD4834FCA64E733C1C /* EButtonMenuType.h */,
			);
			path = views;
			sourceTree = "<group>";
		};
		67C53A905724E119FC77FD55 /* Models */ = {
			isa = PBXGroup;
			children = (
				67C53D8A124C1280FA98264F /* Card */,
				67C53C5699847F434FDB9D02 /* Game */,
				67C53643719D7292966BF85E /* Place */,
				67C53C6E4A55A3F947C8F98F /* ResourceManager */,
				67C5315641C554399CE64141 /* SharedDeviceHelper */,
				67C537FC0E517A62F7C1502F /* SharedProgressManager */,
			);
			path = Models;
			sourceTree = "<group>";
		};
		67C53BE64427C48BEDD34693 /* views */ = {
			isa = PBXGroup;
			children = (
				67C53A7EC7C7065F29953C1B /* CardView.h */,
				67C53691894066CAE7EBAD0F /* CardView.m */,
				67C53E1DB549C960BFD03710 /* PlaceView.h */,
				67C53D27ECB596E87354C59D /* PlaceView.m */,
				67C5379EA44070B34930DAE8 /* ButtonGameView.h */,
				67C53A4343E796C78179FECA /* ButtonGameView.m */,
				67C53BA6F406F76B532B0087 /* EButtonGameType.h */,
			);
			path = views;
			sourceTree = "<group>";
		};
		67C53C5699847F434FDB9D02 /* Game */ = {
			isa = PBXGroup;
			children = (
				67C53631ACAC1A5DDEB3622C /* Game.h */,
				67C53F3A6C93989F629AFCAD /* Game.m */,
			);
			path = Game;
			sourceTree = "<group>";
		};
		67C53C6E4A55A3F947C8F98F /* ResourceManager */ = {
			isa = PBXGroup;
			children = (
				67C530EA715EC6F9A10882BA /* ResourceManager.h */,
				67C53864C47CD218F2A9C3D4 /* ResourceManager.m */,
			);
			path = ResourceManager;
			sourceTree = "<group>";
		};
		67C53CAE21BCDCCD24E56C01 /* SceneMenu */ = {
			isa = PBXGroup;
			children = (
				67C539EC3640D76C32FC614F /* views */,
				67C53EAB163DEE64DDE28998 /* SceneMenu.h */,
				67C535BCB41C5BE655BF1BA0 /* SceneMenu.m */,
			);
			path = SceneMenu;
			sourceTree = "<group>";
		};
		67C53D8A124C1280FA98264F /* Card */ = {
			isa = PBXGroup;
			children = (
				67C537068AE2EAADDDA9007B /* Card.h */,
				67C53D5D38CDAE3D0A16E638 /* Card.m */,
				67C53A98E67D0D08382272AF /* CardBox.h */,
				67C534D464AAB22A9A99BEBF /* CardBox.m */,
				67C53B643B808E10F093BFFD /* ECardSuit.h */,
				67C53816C3C4E988DD59A74F /* ECardType.h */,
			);
			path = Card;
			sourceTree = "<group>";
		};
		67C53F19CB6328BC41F6A871 /* Resources */ = {
			isa = PBXGroup;
			children = (
				67C53723DC4454C071E709CB /* cards */,
				67C533DB71A2BAFC3040FE37 /* cardBox.png */,
				67C53A470A41FB729E2DFE3C /* buttonMenuActive.png */,
				67C53CFD6D4AC2C9D3297C73 /* buttonMenuNormal.png */,
				67C5325592F7000C8BC8A614 /* emptyPlace(60x79).png */,
				67C536C97B07953562DFBB98 /* emptyPlace(86x86).png */,
				67C53EEE9755D8AAD2CC1FDE /* activePlace(60x79).png */,
				67C53554826D20D3D852DBDD /* background(640x960).png */,
				67C53C9A5761A8835C8AA0E2 /* background(640x1136).png */,
				67C5324AA6B9421D65F66215 /* activePlaceLeft(86x86).png */,
				67C5369F8B756E354D5364A9 /* activePlaceRight(86x86).png */,
			);
			path = Resources;
			sourceTree = "<group>";
		};
		67C53FA17986290E885EAB98 /* Scenes */ = {
			isa = PBXGroup;
			children = (
				67C53177D050AC9E0A3872E3 /* SceneBase */,
				67C533B721AB16F14F9D228B /* SceneGame */,
				67C53CAE21BCDCCD24E56C01 /* SceneMenu */,
				67C53C4966D6EBB841BD023E /* ESceneType.h */,
			);
			path = Scenes;
			sourceTree = "<group>";
		};
		AF6EF1C76FA3DC4A47B43E04 /* Cocos2dAdditions */ = {
			isa = PBXGroup;
			children = (
				AF6EFE9EC579F2391F5D47F7 /* CCButtonDelegate.h */,
				AF6EF40389F689D5F386FB06 /* CCButton.m */,
				AF6EF0B7C418A78EAB4F7966 /* CCButton.h */,
			);
			path = Cocos2dAdditions;
			sourceTree = "<group>";
		};
		AF6EFFF413D3553696E93B76 /* Vendors */ = {
			isa = PBXGroup;
			children = (
				AF6EF1C76FA3DC4A47B43E04 /* Cocos2dAdditions */,
			);
			path = Vendors;
			sourceTree = "<group>";
		};
		DC1BE68414F417CC00F49D25 /* ubuntu-font-family-0.80 */ = {
			isa = PBXGroup;
			children = (
				DC1BE68614F417CC00F49D25 /* copyright.txt */,
				DC1BE68914F417CC00F49D25 /* LICENCE.txt */,
				DC1BE68C14F417CC00F49D25 /* Ubuntu-B.ttf */,
				DC1BE68D14F417CC00F49D25 /* Ubuntu-BI.ttf */,
				DC1BE68E14F417CC00F49D25 /* Ubuntu-C.ttf */,
				DC1BE68F14F417CC00F49D25 /* Ubuntu-L.ttf */,
				DC1BE69014F417CC00F49D25 /* Ubuntu-LI.ttf */,
				DC1BE69114F417CC00F49D25 /* Ubuntu-M.ttf */,
				DC1BE69214F417CC00F49D25 /* Ubuntu-MI.ttf */,
				DC1BE69314F417CC00F49D25 /* Ubuntu-R.ttf */,
				DC1BE69414F417CC00F49D25 /* Ubuntu-RI.ttf */,
				DC1BE69514F417CC00F49D25 /* UbuntuMono-B.ttf */,
				DC1BE69614F417CC00F49D25 /* UbuntuMono-BI.ttf */,
				DC1BE69714F417CC00F49D25 /* UbuntuMono-R.ttf */,
				DC1BE69814F417CC00F49D25 /* UbuntuMono-RI.ttf */,
			);
			path = "ubuntu-font-family-0.80";
			sourceTree = "<group>";
		};
		DCC1A0D613A94EC0005BD75D = {
			isa = PBXGroup;
			children = (
				DCC1A38C13A94F1A005BD75D /* Projectfiles */,
				DCC1A0F713A94ED5005BD75D /* Projectfiles-iOS */,
				DCC1A26413A94EE6005BD75D /* Projectfiles-Mac */,
				DCFA90ED13B4F6A0009DD35A /* BuildSettings */,
				DCC1A0E613A94ED5005BD75D /* Frameworks */,
				DCC1A0E413A94ED5005BD75D /* Products */,
				AF6EFFF413D3553696E93B76 /* Vendors */,
				67C534A38064044343ADDE1F /* App */,
			);
			sourceTree = "<group>";
		};
		DCC1A0E413A94ED5005BD75D /* Products */ = {
			isa = PBXGroup;
			children = (
				DCC1A0E313A94ED5005BD75D /* UltimateBJ-iOS.app */,
				DCC1A25A13A94EE6005BD75D /* UltimateBJ-Mac.app */,
			);
			name = Products;
			sourceTree = "<group>";
		};
		DCC1A0E613A94ED5005BD75D /* Frameworks */ = {
			isa = PBXGroup;
			children = (
			);
			name = Frameworks;
			sourceTree = "<group>";
		};
		DCC1A0F713A94ED5005BD75D /* Projectfiles-iOS */ = {
			isa = PBXGroup;
			children = (
				DC1BE68414F417CC00F49D25 /* ubuntu-font-family-0.80 */,
				DCC1A0F813A94ED5005BD75D /* Resources */,
			);
			path = "Projectfiles-iOS";
			sourceTree = "<group>";
		};
		DCC1A0F813A94ED5005BD75D /* Resources */ = {
			isa = PBXGroup;
			children = (
				DC2721A9160CAFC700D88944 /* iTunesArtwork */,
				DC2721A1160CAEB600D88944 /* Default-568h@2x.png */,
				DCC1A0F913A94ED5005BD75D /* Default.png */,
				DCC1A0FB13A94ED5005BD75D /* fps_images.png */,
				DC26D6D914B9F2C600B6002E /* fps_images-hd.png */,
				DC65617215114B4A00E59F8A /* fps_images-ipadhd.png */,
				DCC1A0FD13A94ED5005BD75D /* Icon-72.png */,
				DCC1A0FF13A94ED5005BD75D /* Icon-Small-50.png */,
				DCC1A10113A94ED5005BD75D /* Icon-Small.png */,
				DCC1A10313A94ED5005BD75D /* Icon-Small@2x.png */,
				DCC1A10513A94ED5005BD75D /* Icon.png */,
				DCC1A10713A94ED5005BD75D /* Icon@2x.png */,
				DCC1A10913A94ED5005BD75D /* Info.plist */,
			);
			path = Resources;
			sourceTree = "<group>";
		};
		DCC1A26413A94EE6005BD75D /* Projectfiles-Mac */ = {
			isa = PBXGroup;
			children = (
				DCC1A26513A94EE6005BD75D /* Resources */,
			);
			path = "Projectfiles-Mac";
			sourceTree = "<group>";
		};
		DCC1A26513A94EE6005BD75D /* Resources */ = {
			isa = PBXGroup;
			children = (
				DCC1A26D13A94EE6005BD75D /* fps_images.png */,
				DCC1A26F13A94EE6005BD75D /* icon.icns */,
				DCC1A27113A94EE6005BD75D /* Info.plist */,
				DCC1A26613A94EE6005BD75D /* English.lproj */,
			);
			name = Resources;
			sourceTree = "<group>";
		};
		DCC1A26613A94EE6005BD75D /* English.lproj */ = {
			isa = PBXGroup;
			children = (
				DCC1A26713A94EE6005BD75D /* InfoPlist.strings */,
				DCC1A26A13A94EE6005BD75D /* MainMenu.xib */,
			);
			name = English.lproj;
			sourceTree = "<group>";
		};
		DCC1A38C13A94F1A005BD75D /* Projectfiles */ = {
			isa = PBXGroup;
			children = (
				DCC1A39413A94F1A005BD75D /* Resources */,
				DCC1A3CF13A94F2C005BD75D /* Supporting Files */,
			);
			path = Projectfiles;
			sourceTree = "<group>";
		};
		DCC1A39413A94F1A005BD75D /* Resources */ = {
			isa = PBXGroup;
			children = (
				DCC1A39513A94F1A005BD75D /* config.lua */,
				DC275D2A13B27DBF009C5098 /* Pow.caf */,
				DC485B4713AA194F00F2BC70 /* ship.png */,
				DC485B4A13AA1C0E00F2BC70 /* ship-hd.png */,
			);
			path = Resources;
			sourceTree = "<group>";
		};
		DCC1A3CF13A94F2C005BD75D /* Supporting Files */ = {
			isa = PBXGroup;
			children = (
				DCC1A39213A94F1A005BD75D /* Prefix-iOS.pch */,
				DCC1A39313A94F1A005BD75D /* Prefix-Mac.pch */,
			);
			name = "Supporting Files";
			sourceTree = "<group>";
		};
		DCFA90ED13B4F6A0009DD35A /* BuildSettings */ = {
			isa = PBXGroup;
			children = (
				DCFA90EF13B4F6F7009DD35A /* BuildSettings-Debug-iOS.xcconfig */,
				DCFA90F013B4F811009DD35A /* BuildSettings-Release-iOS.xcconfig */,
				DC3BE97813B4FB71003739CC /* BuildSettings-iOS.xcconfig */,
				DC9C33E713B5024400931BF2 /* BuildSettings-Debug-Mac.xcconfig */,
				DC9C33E913B5024400931BF2 /* BuildSettings-Release-Mac.xcconfig */,
				DC9C33E813B5024400931BF2 /* BuildSettings-Mac.xcconfig */,
			);
			path = BuildSettings;
			sourceTree = "<group>";
		};
/* End PBXGroup section */

/* Begin PBXNativeTarget section */
		DCC1A0E213A94ED5005BD75D /* UltimateBJ-iOS */ = {
			isa = PBXNativeTarget;
			buildConfigurationList = DCC1A25313A94ED7005BD75D /* Build configuration list for PBXNativeTarget "UltimateBJ-iOS" */;
			buildPhases = (
				DCC1A0DF13A94ED5005BD75D /* Sources */,
				DCC1A0E013A94ED5005BD75D /* Frameworks */,
				DCC1A0E113A94ED5005BD75D /* Resources */,
			);
			buildRules = (
			);
			dependencies = (
			);
			name = "UltimateBJ-iOS";
			productName = "Hello-World-iOS";
			productReference = DCC1A0E313A94ED5005BD75D /* UltimateBJ-iOS.app */;
			productType = "com.apple.product-type.application";
		};
		DCC1A25913A94EE6005BD75D /* UltimateBJ-Mac */ = {
			isa = PBXNativeTarget;
			buildConfigurationList = DCC1A38913A94EE7005BD75D /* Build configuration list for PBXNativeTarget "UltimateBJ-Mac" */;
			buildPhases = (
				DCC1A25613A94EE6005BD75D /* Sources */,
				DCC1A25713A94EE6005BD75D /* Frameworks */,
				DCC1A25813A94EE6005BD75D /* Resources */,
			);
			buildRules = (
			);
			dependencies = (
			);
			name = "UltimateBJ-Mac";
			productName = "Hello-World-Mac";
			productReference = DCC1A25A13A94EE6005BD75D /* UltimateBJ-Mac.app */;
			productType = "com.apple.product-type.application";
		};
/* End PBXNativeTarget section */

/* Begin PBXProject section */
		DCC1A0D813A94EC0005BD75D /* Project object */ = {
			isa = PBXProject;
			attributes = {
				LastUpgradeCheck = 0420;
			};
			buildConfigurationList = DCC1A0DB13A94EC0005BD75D /* Build configuration list for PBXProject "UltimateBJ" */;
			compatibilityVersion = "Xcode 3.2";
			developmentRegion = English;
			hasScannedForEncodings = 0;
			knownRegions = (
				en,
				English,
			);
			mainGroup = DCC1A0D613A94EC0005BD75D;
			productRefGroup = DCC1A0E413A94ED5005BD75D /* Products */;
			projectDirPath = "";
			projectRoot = "";
			targets = (
				DCC1A0E213A94ED5005BD75D /* UltimateBJ-iOS */,
				DCC1A25913A94EE6005BD75D /* UltimateBJ-Mac */,
			);
		};
/* End PBXProject section */

/* Begin PBXResourcesBuildPhase section */
		DCC1A0E113A94ED5005BD75D /* Resources */ = {
			isa = PBXResourcesBuildPhase;
			buildActionMask = 2147483647;
			files = (
				DCC1A0FA13A94ED5005BD75D /* Default.png in Resources */,
				DCC1A0FC13A94ED5005BD75D /* fps_images.png in Resources */,
				DCC1A0FE13A94ED5005BD75D /* Icon-72.png in Resources */,
				DCC1A10013A94ED5005BD75D /* Icon-Small-50.png in Resources */,
				DCC1A10213A94ED5005BD75D /* Icon-Small.png in Resources */,
				DCC1A10413A94ED5005BD75D /* Icon-Small@2x.png in Resources */,
				DCC1A10613A94ED5005BD75D /* Icon.png in Resources */,
				DCC1A10813A94ED5005BD75D /* Icon@2x.png in Resources */,
				DCC1A3AF13A94F1A005BD75D /* config.lua in Resources */,
				DC485B4813AA194F00F2BC70 /* ship.png in Resources */,
				DC485B4B13AA1C0E00F2BC70 /* ship-hd.png in Resources */,
				DC275D2B13B27DBF009C5098 /* Pow.caf in Resources */,
				DC1BE6A014F417CC00F49D25 /* Ubuntu-B.ttf in Resources */,
				DC1BE6A114F417CC00F49D25 /* Ubuntu-BI.ttf in Resources */,
				DC1BE6A214F417CC00F49D25 /* Ubuntu-C.ttf in Resources */,
				DC1BE6A314F417CC00F49D25 /* Ubuntu-L.ttf in Resources */,
				DC1BE6A414F417CC00F49D25 /* Ubuntu-LI.ttf in Resources */,
				DC1BE6A514F417CC00F49D25 /* Ubuntu-M.ttf in Resources */,
				DC1BE6A614F417CC00F49D25 /* Ubuntu-MI.ttf in Resources */,
				DC1BE6A714F417CC00F49D25 /* Ubuntu-R.ttf in Resources */,
				DC1BE6A814F417CC00F49D25 /* Ubuntu-RI.ttf in Resources */,
				DC1BE6A914F417CC00F49D25 /* UbuntuMono-B.ttf in Resources */,
				DC1BE6AA14F417CC00F49D25 /* UbuntuMono-BI.ttf in Resources */,
				DC1BE6AB14F417CC00F49D25 /* UbuntuMono-R.ttf in Resources */,
				DC1BE6AC14F417CC00F49D25 /* UbuntuMono-RI.ttf in Resources */,
				DC26D6DA14B9F2C600B6002E /* fps_images-hd.png in Resources */,
				DC65617315114B4A00E59F8A /* fps_images-ipadhd.png in Resources */,
				DC2721A2160CAEB600D88944 /* Default-568h@2x.png in Resources */,
				DC2721AA160CAFC700D88944 /* iTunesArtwork in Resources */,
				67C535FBB3C45B02EEBE09CA /* cardFace0.png in Resources */,
				67C532DDFD7A26AA90CA3861 /* cardFace1.png in Resources */,
				67C53675BC354BC2D48FC9C5 /* cardFace2.png in Resources */,
				67C53CC3488474A329AE5E2A /* cardFace3.png in Resources */,
				67C530D75E4DD87099B77DA6 /* cardFace4.png in Resources */,
				67C5398B9F7AA3DA7F1E9762 /* cardFace5.png in Resources */,
				67C53E0501F982DEA8F837BA /* cardFace6.png in Resources */,
				67C530623AD7F22FB9B7E5B6 /* cardFace7.png in Resources */,
				67C5317F90B5568B63444DBC /* cardFace8.png in Resources */,
				67C53C640F8A9BDD8BB28805 /* cardFace9.png in Resources */,
				67C53FA6CEAE362A83BE8A82 /* cardFace10.png in Resources */,
				67C5354737434F0DAC2EC354 /* cardFace11.png in Resources */,
				67C5394376FB90FA01DB2940 /* cardFace12.png in Resources */,
				67C53EC6893B91505B6FEB28 /* cardFace13.png in Resources */,
				67C5361F79D3EAE1CB9CB105 /* cardFace14.png in Resources */,
				67C53BA3C97DE711CA48EACF /* cardFace15.png in Resources */,
				67C53BD3225286D524F66BF8 /* cardFace16.png in Resources */,
				67C537C5EB608F3015D51094 /* cardFace17.png in Resources */,
				67C53EB56EAF9F641A085AC3 /* cardFace18.png in Resources */,
				67C5340241823688E8B96045 /* cardFace19.png in Resources */,
				67C5383CD8B4C89F7478D685 /* cardFace20.png in Resources */,
				67C531DD34790E4421E839F4 /* cardFace21.png in Resources */,
				67C53F7399E2CBAB5911BA33 /* cardFace22.png in Resources */,
				67C53EDEABEF696FD724721E /* cardFace23.png in Resources */,
				67C535EC9D88CA50F66C4341 /* cardFace24.png in Resources */,
				67C53A6C4B03AF3378B2D137 /* cardFace25.png in Resources */,
				67C532187D3AB28D4D7C27CA /* cardFace26.png in Resources */,
				67C531A1F1F01C0758EAB463 /* cardFace27.png in Resources */,
				67C53AE3C51DA0D41C2CCA24 /* cardFace28.png in Resources */,
				67C5369117FEEDAE6CE52F67 /* cardFace29.png in Resources */,
				67C5339907F82B10D301D07E /* cardFace30.png in Resources */,
				67C537D4099E9F2C9490DD89 /* cardFace31.png in Resources */,
				67C53C82FAFF33FFE862D009 /* cardFace32.png in Resources */,
				67C53AC80645D3249CD2712F /* cardFace33.png in Resources */,
				67C5345FD39A149E30BBFEB7 /* cardFace34.png in Resources */,
				67C532AD0BFE7A755CF23625 /* cardFace35.png in Resources */,
				67C5324C34DD2B60881019B2 /* cardFace36.png in Resources */,
				67C5312BBEEFF5EABD3918F2 /* cardFace37.png in Resources */,
				67C531CCFA478580415857AD /* cardFace38.png in Resources */,
				67C5357046FF88621DB516EE /* cardFace39.png in Resources */,
				67C534B012481EA43BE5BDFC /* cardFace40.png in Resources */,
				67C53D212EE45C5DDA8D16C8 /* cardFace41.png in Resources */,
				67C538AC6581BD4B52F2B377 /* cardFace42.png in Resources */,
				67C5327EDD044FA5A95D3631 /* cardFace43.png in Resources */,
				67C53A19A38F1FB126F7A319 /* cardFace44.png in Resources */,
				67C53D8D0FB27E85588D7AA0 /* cardFace45.png in Resources */,
				67C53105941D714DA609FA50 /* cardFace46.png in Resources */,
				67C53A45BC4BF5BF4D06A765 /* cardFace47.png in Resources */,
				67C53E8A61904900F2A98D81 /* cardFace48.png in Resources */,
				67C53A811711A28E74C8DA8A /* cardFace49.png in Resources */,
				67C532BAAAA5C2962A0836E7 /* cardFace50.png in Resources */,
				67C53DEB2B777B7375F25F21 /* cardFace51.png in Resources */,
				67C53E0AA95A032B83BA1B18 /* cardBackRed.png in Resources */,
				67C53003372E2EA66A2B4F6F /* cardBackBlue.png in Resources */,
				67C533BD3600A76ECC923AD9 /* cardBox.png in Resources */,
				67C53E29DD0E7A6DB08CC211 /* buttonMenuActive.png in Resources */,
				67C53669CA0352B216F01A6A /* buttonMenuNormal.png in Resources */,
				67C53393E9BA3F0E3C33DBB1 /* emptyPlace(60x79).png in Resources */,
				67C53A5736A4AAB1E4AF3950 /* emptyPlace(86x86).png in Resources */,
				67C53237774DD81A8CCE2AF4 /* activePlace(60x79).png in Resources */,
				67C53473A51A9E3D79947262 /* background(640x960).png in Resources */,
				67C535278991C4A220FFA589 /* background(640x1136).png in Resources */,
				67C530825BF9100AFB251BAF /* activePlaceLeft(86x86).png in Resources */,
				67C534820C2A85BB5A99BADA /* activePlaceRight(86x86).png in Resources */,
			);
			runOnlyForDeploymentPostprocessing = 0;
		};
		DCC1A25813A94EE6005BD75D /* Resources */ = {
			isa = PBXResourcesBuildPhase;
			buildActionMask = 2147483647;
			files = (
				DCC1A26913A94EE6005BD75D /* InfoPlist.strings in Resources */,
				DCC1A26C13A94EE6005BD75D /* MainMenu.xib in Resources */,
				DCC1A26E13A94EE6005BD75D /* fps_images.png in Resources */,
				DCC1A27013A94EE6005BD75D /* icon.icns in Resources */,
				DCC1A3B013A94F1A005BD75D /* config.lua in Resources */,
				DC485B4913AA194F00F2BC70 /* ship.png in Resources */,
				DC485B4C13AA1C0E00F2BC70 /* ship-hd.png in Resources */,
				DC275D2C13B27DBF009C5098 /* Pow.caf in Resources */,
				DC26D6DB14B9F2C600B6002E /* fps_images-hd.png in Resources */,
			);
			runOnlyForDeploymentPostprocessing = 0;
		};
/* End PBXResourcesBuildPhase section */

/* Begin PBXSourcesBuildPhase section */
		DCC1A0DF13A94ED5005BD75D /* Sources */ = {
			isa = PBXSourcesBuildPhase;
			buildActionMask = 2147483647;
			files = (
				AF6EF13A2FBC9B816074F4F9 /* CCButton.m in Sources */,
				67C53BC11754878C0217CC24 /* Card.m in Sources */,
				67C539AB7A931568A4BE8601 /* CardBox.m in Sources */,
				67C5395B1B595EF9312DEDAD /* Game.m in Sources */,
				67C53FB985CE5C6DF632F3D4 /* Place.m in Sources */,
				67C53BE4FC7346B84F05B904 /* ResourceManager.m in Sources */,
				67C535D08B7C507D6D3C7FB8 /* SharedDeviceHelper.m in Sources */,
				67C53C94C8D1E87D29E0200B /* SharedProgressManager.m in Sources */,
				67C53CE520CCDAE5FFA24004 /* main.m in Sources */,
				67C5399816BC810CBA61C65E /* AppDelegate.m in Sources */,
				67C53804E503C0CA6CB1724C /* HelloWorldLayer.m in Sources */,
				67C53A757AFCDE6339607E97 /* SceneBase.m in Sources */,
				67C53F48BCED303FBE766605 /* CardView.m in Sources */,
				67C53156BE9D95F675740867 /* PlaceView.m in Sources */,
				67C53A2EA478EEB7A8D1B0DC /* ButtonGameView.m in Sources */,
				67C536FB8B85C4902F05C7DE /* SceneGame.m in Sources */,
				67C5373BD36641C1E59C18DA /* ButtonMenuView.m in Sources */,
				67C53B74F45925FA198AA10F /* SceneMenu.m in Sources */,
			);
			runOnlyForDeploymentPostprocessing = 0;
		};
		DCC1A25613A94EE6005BD75D /* Sources */ = {
			isa = PBXSourcesBuildPhase;
			buildActionMask = 2147483647;
			files = (
			);
			runOnlyForDeploymentPostprocessing = 0;
		};
/* End PBXSourcesBuildPhase section */

/* Begin PBXVariantGroup section */
		DCC1A26713A94EE6005BD75D /* InfoPlist.strings */ = {
			isa = PBXVariantGroup;
			children = (
				DCC1A26813A94EE6005BD75D /* English */,
			);
			name = InfoPlist.strings;
			sourceTree = "<group>";
		};
		DCC1A26A13A94EE6005BD75D /* MainMenu.xib */ = {
			isa = PBXVariantGroup;
			children = (
				DCC1A26B13A94EE6005BD75D /* English */,
			);
			name = MainMenu.xib;
			sourceTree = "<group>";
		};
/* End PBXVariantGroup section */

/* Begin XCBuildConfiguration section */
		DCC1A0DD13A94EC0005BD75D /* Debug */ = {
			isa = XCBuildConfiguration;
			buildSettings = {
			};
			name = Debug;
		};
		DCC1A0DE13A94EC0005BD75D /* Release */ = {
			isa = XCBuildConfiguration;
			buildSettings = {
			};
			name = Release;
		};
		DCC1A25413A94ED7005BD75D /* Debug */ = {
			isa = XCBuildConfiguration;
			baseConfigurationReference = DCFA90EF13B4F6F7009DD35A /* BuildSettings-Debug-iOS.xcconfig */;
			buildSettings = {
				TARGETED_DEVICE_FAMILY = 1;
			};
			name = Debug;
		};
		DCC1A25513A94ED7005BD75D /* Release */ = {
			isa = XCBuildConfiguration;
			baseConfigurationReference = DCFA90F013B4F811009DD35A /* BuildSettings-Release-iOS.xcconfig */;
			buildSettings = {
				TARGETED_DEVICE_FAMILY = 1;
			};
			name = Release;
		};
		DCC1A38A13A94EE7005BD75D /* Debug */ = {
			isa = XCBuildConfiguration;
			baseConfigurationReference = DC9C33E713B5024400931BF2 /* BuildSettings-Debug-Mac.xcconfig */;
			buildSettings = {
			};
			name = Debug;
		};
		DCC1A38B13A94EE7005BD75D /* Release */ = {
			isa = XCBuildConfiguration;
			baseConfigurationReference = DC9C33E913B5024400931BF2 /* BuildSettings-Release-Mac.xcconfig */;
			buildSettings = {
			};
			name = Release;
		};
/* End XCBuildConfiguration section */

/* Begin XCConfigurationList section */
		DCC1A0DB13A94EC0005BD75D /* Build configuration list for PBXProject "UltimateBJ" */ = {
			isa = XCConfigurationList;
			buildConfigurations = (
				DCC1A0DD13A94EC0005BD75D /* Debug */,
				DCC1A0DE13A94EC0005BD75D /* Release */,
			);
			defaultConfigurationIsVisible = 0;
			defaultConfigurationName = Release;
		};
		DCC1A25313A94ED7005BD75D /* Build configuration list for PBXNativeTarget "UltimateBJ-iOS" */ = {
			isa = XCConfigurationList;
			buildConfigurations = (
				DCC1A25413A94ED7005BD75D /* Debug */,
				DCC1A25513A94ED7005BD75D /* Release */,
			);
			defaultConfigurationIsVisible = 0;
			defaultConfigurationName = Release;
		};
		DCC1A38913A94EE7005BD75D /* Build configuration list for PBXNativeTarget "UltimateBJ-Mac" */ = {
			isa = XCConfigurationList;
			buildConfigurations = (
				DCC1A38A13A94EE7005BD75D /* Debug */,
				DCC1A38B13A94EE7005BD75D /* Release */,
			);
			defaultConfigurationIsVisible = 0;
			defaultConfigurationName = Release;
		};
/* End XCConfigurationList section */
	};
	rootObject = DCC1A0D813A94EC0005BD75D /* Project object */;
}
