// !$*UTF8*$!
{
	archiveVersion = 1;
	classes = {
	};
	objectVersion = 46;
	objects = {

/* Begin PBXBuildFile section */
		67C532A00EF9DE8D551F41C0 /* HelloWorldLayer.m in Sources */ = {isa = PBXBuildFile; fileRef = 67C53DEF011737C1C84AC6BE /* HelloWorldLayer.m */; };
		67C5334474898FC850F3398E /* main.m in Sources */ = {isa = PBXBuildFile; fileRef = 67C539016286C087DC5CE6B0 /* main.m */; };
		67C5337C6437F0485CF6428A /* SharedProgressManager.m in Sources */ = {isa = PBXBuildFile; fileRef = 67C531EFC99293118F20DE6A /* SharedProgressManager.m */; };
		67C5339AEC3B93A0A90DF80F /* AppDelegate.m in Sources */ = {isa = PBXBuildFile; fileRef = 67C53C6E106DB6A932C00505 /* AppDelegate.m */; };
		67C534757601FEE1EC639BC5 /* Game.m in Sources */ = {isa = PBXBuildFile; fileRef = 67C53F7D06C4478BC68C32EF /* Game.m */; };
		67C53705B6C49575A77DD89F /* HelloWorldLayer.m in Sources */ = {isa = PBXBuildFile; fileRef = 67C53DEF011737C1C84AC6BE /* HelloWorldLayer.m */; };
		67C537C03EFC9AF392EBB17D /* SceneGame.m in Sources */ = {isa = PBXBuildFile; fileRef = 67C5314A81692266CE8507B6 /* SceneGame.m */; };
		67C53B97B7AEE2635848AF24 /* SharedDeviceHelper.m in Sources */ = {isa = PBXBuildFile; fileRef = 67C533D48415600D79900775 /* SharedDeviceHelper.m */; };
		67C53C8D19487C2D60D860ED /* SceneMenu.m in Sources */ = {isa = PBXBuildFile; fileRef = 67C532C2CC6661B30B32E64F /* SceneMenu.m */; };
		67C53D33A3308B940D1E6053 /* SceneBase.m in Sources */ = {isa = PBXBuildFile; fileRef = 67C535E6539AA6B64F683EF7 /* SceneBase.m */; };
		67C53FDBDDB3D4361C385995 /* AppDelegate.m in Sources */ = {isa = PBXBuildFile; fileRef = 67C53C6E106DB6A932C00505 /* AppDelegate.m */; };
		67C53FE1734696FC5F4EAAFF /* main.m in Sources */ = {isa = PBXBuildFile; fileRef = 67C539016286C087DC5CE6B0 /* main.m */; };
		AF6EF13A2FBC9B816074F4F9 /* CCButton.m in Sources */ = {isa = PBXBuildFile; fileRef = AF6EF40389F689D5F386FB06 /* CCButton.m */; };
		AF6EF3A126F4A7E9B86084BA /* ButtonView.m in Sources */ = {isa = PBXBuildFile; fileRef = AF6EF551377902358A182785 /* ButtonView.m */; };
		DC1BE6A014F417CC00F49D25 /* Ubuntu-B.ttf in Resources */ = {isa = PBXBuildFile; fileRef = DC1BE68C14F417CC00F49D25 /* Ubuntu-B.ttf */; };
		DC1BE6A114F417CC00F49D25 /* Ubuntu-BI.ttf in Resources */ = {isa = PBXBuildFile; fileRef = DC1BE68D14F417CC00F49D25 /* Ubuntu-BI.ttf */; };
		DC1BE6A214F417CC00F49D25 /* Ubuntu-C.ttf in Resources */ = {isa = PBXBuildFile; fileRef = DC1BE68E14F417CC00F49D25 /* Ubuntu-C.ttf */; };
		DC1BE6A314F417CC00F49D25 /* Ubuntu-L.ttf in Resources */ = {isa = PBXBuildFile; fileRef = DC1BE68F14F417CC00F49D25 /* Ubuntu-L.ttf */; };
		DC1BE6A414F417CC00F49D25 /* Ubuntu-LI.ttf in Resources */ = {isa = PBXBuildFile; fileRef = DC1BE69014F417CC00F49D25 /* Ubuntu-LI.ttf */; };
		DC1BE6A514F417CC00F49D25 /* Ubuntu-M.ttf in Resources */ = {isa = PBXBuildFile; fileRef = DC1BE69114F417CC00F49D25 /* Ubuntu-M.ttf */; };
		DC1BE6A614F417CC00F49D25 /* Ubuntu-MI.ttf in Resources */ = {isa = PBXBuildFile; fileRef = DC1BE69214F417CC00F49D25 /* Ubuntu-MI.ttf */; };
		DC1BE6A714F417CC00F49D25 /* Ubuntu-R.ttf in Resources */ = {isa = PBXBuildFile; fileRef = DC1BE69314F417CC00F49D25 /* Ubuntu-R.ttf */; };
		DC1BE6A814F417CC00F49D25 /* Ubuntu-RI.ttf in Resources */ = {isa = PBXBuildFile; fileRef = DC1BE69414F417CC00F49D25 /* Ubuntu-RI.ttf */; };
		DC1BE6A914F417CC00F49D25 /* UbuntuMono-B.ttf in Resources */ = {isa = PBXBuildFile; fileRef = DC1BE69514F417CC00F49D25 /* UbuntuMono-B.ttf */; };
		DC1BE6AA14F417CC00F49D25 /* UbuntuMono-BI.ttf in Resources */ = {isa = PBXBuildFile; fileRef = DC1BE69614F417CC00F49D25 /* UbuntuMono-BI.ttf */; };
		DC1BE6AB14F417CC00F49D25 /* UbuntuMono-R.ttf in Resources */ = {isa = PBXBuildFile; fileRef = DC1BE69714F417CC00F49D25 /* UbuntuMono-R.ttf */; };
		DC1BE6AC14F417CC00F49D25 /* UbuntuMono-RI.ttf in Resources */ = {isa = PBXBuildFile; fileRef = DC1BE69814F417CC00F49D25 /* UbuntuMono-RI.ttf */; };
		DC26D6DA14B9F2C600B6002E /* fps_images-hd.png in Resources */ = {isa = PBXBuildFile; fileRef = DC26D6D914B9F2C600B6002E /* fps_images-hd.png */; };
		DC26D6DB14B9F2C600B6002E /* fps_images-hd.png in Resources */ = {isa = PBXBuildFile; fileRef = DC26D6D914B9F2C600B6002E /* fps_images-hd.png */; };
		DC2721A2160CAEB600D88944 /* Default-568h@2x.png in Resources */ = {isa = PBXBuildFile; fileRef = DC2721A1160CAEB600D88944 /* Default-568h@2x.png */; };
		DC2721AA160CAFC700D88944 /* iTunesArtwork in Resources */ = {isa = PBXBuildFile; fileRef = DC2721A9160CAFC700D88944 /* iTunesArtwork */; };
		DC275D2B13B27DBF009C5098 /* Pow.caf in Resources */ = {isa = PBXBuildFile; fileRef = DC275D2A13B27DBF009C5098 /* Pow.caf */; };
		DC275D2C13B27DBF009C5098 /* Pow.caf in Resources */ = {isa = PBXBuildFile; fileRef = DC275D2A13B27DBF009C5098 /* Pow.caf */; };
		DC485B1113AA0E5600F2BC70 /* libchipmunk-mac.a in Frameworks */ = {isa = PBXBuildFile; fileRef = DC485B0D13AA0E5600F2BC70 /* libchipmunk-mac.a */; };
		DC485B1713AA0EBB00F2BC70 /* libbox2d-mac.a in Frameworks */ = {isa = PBXBuildFile; fileRef = DC485B1613AA0EBB00F2BC70 /* libbox2d-mac.a */; };
		DC485B4613AA18A600F2BC70 /* libcocosdenshion-mac.a in Frameworks */ = {isa = PBXBuildFile; fileRef = DC485B4513AA18A600F2BC70 /* libcocosdenshion-mac.a */; };
		DC485B4813AA194F00F2BC70 /* ship.png in Resources */ = {isa = PBXBuildFile; fileRef = DC485B4713AA194F00F2BC70 /* ship.png */; };
		DC485B4913AA194F00F2BC70 /* ship.png in Resources */ = {isa = PBXBuildFile; fileRef = DC485B4713AA194F00F2BC70 /* ship.png */; };
		DC485B4B13AA1C0E00F2BC70 /* ship-hd.png in Resources */ = {isa = PBXBuildFile; fileRef = DC485B4A13AA1C0E00F2BC70 /* ship-hd.png */; };
		DC485B4C13AA1C0E00F2BC70 /* ship-hd.png in Resources */ = {isa = PBXBuildFile; fileRef = DC485B4A13AA1C0E00F2BC70 /* ship-hd.png */; };
		DC65615C13A969B600A7AC53 /* libbox2d-ios.a in Frameworks */ = {isa = PBXBuildFile; fileRef = DC65615013A969B600A7AC53 /* libbox2d-ios.a */; };
		DC65615D13A969B600A7AC53 /* libchipmunk-ios.a in Frameworks */ = {isa = PBXBuildFile; fileRef = DC65615113A969B600A7AC53 /* libchipmunk-ios.a */; };
		DC65615E13A969B600A7AC53 /* libchipmunk-spacemanager-ios.a in Frameworks */ = {isa = PBXBuildFile; fileRef = DC65615213A969B600A7AC53 /* libchipmunk-spacemanager-ios.a */; };
		DC65616013A969B600A7AC53 /* libcocos2d-extensions-ios.a in Frameworks */ = {isa = PBXBuildFile; fileRef = DC65615413A969B600A7AC53 /* libcocos2d-extensions-ios.a */; };
		DC65616113A969B600A7AC53 /* libcocos2d-ios.a in Frameworks */ = {isa = PBXBuildFile; fileRef = DC65615513A969B600A7AC53 /* libcocos2d-ios.a */; };
		DC65616213A969B600A7AC53 /* libcocos3d-ios.a in Frameworks */ = {isa = PBXBuildFile; fileRef = DC65615613A969B600A7AC53 /* libcocos3d-ios.a */; };
		DC65616313A969B600A7AC53 /* libcocosdenshion-ios.a in Frameworks */ = {isa = PBXBuildFile; fileRef = DC65615713A969B600A7AC53 /* libcocosdenshion-ios.a */; };
		DC65616413A969B600A7AC53 /* libkobold2d-ios.a in Frameworks */ = {isa = PBXBuildFile; fileRef = DC65615813A969B600A7AC53 /* libkobold2d-ios.a */; };
		DC65616513A969B600A7AC53 /* libobjectal-ios.a in Frameworks */ = {isa = PBXBuildFile; fileRef = DC65615913A969B600A7AC53 /* libobjectal-ios.a */; };
		DC65616613A969B600A7AC53 /* libsneakyinput-ios.a in Frameworks */ = {isa = PBXBuildFile; fileRef = DC65615A13A969B600A7AC53 /* libsneakyinput-ios.a */; };
		DC65617315114B4A00E59F8A /* fps_images-ipadhd.png in Resources */ = {isa = PBXBuildFile; fileRef = DC65617215114B4A00E59F8A /* fps_images-ipadhd.png */; };
		DC979E3E13B35F8800656CB9 /* libcocos2d-extensions-mac.a in Frameworks */ = {isa = PBXBuildFile; fileRef = DC979E3D13B35F8800656CB9 /* libcocos2d-extensions-mac.a */; };
		DC979E5A13B3607E00656CB9 /* libchipmunk-spacemanager-mac.a in Frameworks */ = {isa = PBXBuildFile; fileRef = DC979E5913B3607E00656CB9 /* libchipmunk-spacemanager-mac.a */; };
		DCC1A0FA13A94ED5005BD75D /* Default.png in Resources */ = {isa = PBXBuildFile; fileRef = DCC1A0F913A94ED5005BD75D /* Default.png */; };
		DCC1A0FC13A94ED5005BD75D /* fps_images.png in Resources */ = {isa = PBXBuildFile; fileRef = DCC1A0FB13A94ED5005BD75D /* fps_images.png */; };
		DCC1A0FE13A94ED5005BD75D /* Icon-72.png in Resources */ = {isa = PBXBuildFile; fileRef = DCC1A0FD13A94ED5005BD75D /* Icon-72.png */; };
		DCC1A10013A94ED5005BD75D /* Icon-Small-50.png in Resources */ = {isa = PBXBuildFile; fileRef = DCC1A0FF13A94ED5005BD75D /* Icon-Small-50.png */; };
		DCC1A10213A94ED5005BD75D /* Icon-Small.png in Resources */ = {isa = PBXBuildFile; fileRef = DCC1A10113A94ED5005BD75D /* Icon-Small.png */; };
		DCC1A10413A94ED5005BD75D /* Icon-Small@2x.png in Resources */ = {isa = PBXBuildFile; fileRef = DCC1A10313A94ED5005BD75D /* Icon-Small@2x.png */; };
		DCC1A10613A94ED5005BD75D /* Icon.png in Resources */ = {isa = PBXBuildFile; fileRef = DCC1A10513A94ED5005BD75D /* Icon.png */; };
		DCC1A10813A94ED5005BD75D /* Icon@2x.png in Resources */ = {isa = PBXBuildFile; fileRef = DCC1A10713A94ED5005BD75D /* Icon@2x.png */; };
		DCC1A26913A94EE6005BD75D /* InfoPlist.strings in Resources */ = {isa = PBXBuildFile; fileRef = DCC1A26713A94EE6005BD75D /* InfoPlist.strings */; };
		DCC1A26C13A94EE6005BD75D /* MainMenu.xib in Resources */ = {isa = PBXBuildFile; fileRef = DCC1A26A13A94EE6005BD75D /* MainMenu.xib */; };
		DCC1A26E13A94EE6005BD75D /* fps_images.png in Resources */ = {isa = PBXBuildFile; fileRef = DCC1A26D13A94EE6005BD75D /* fps_images.png */; };
		DCC1A27013A94EE6005BD75D /* icon.icns in Resources */ = {isa = PBXBuildFile; fileRef = DCC1A26F13A94EE6005BD75D /* icon.icns */; };
		DCC1A3AF13A94F1A005BD75D /* config.lua in Resources */ = {isa = PBXBuildFile; fileRef = DCC1A39513A94F1A005BD75D /* config.lua */; };
		DCC1A3B013A94F1A005BD75D /* config.lua in Resources */ = {isa = PBXBuildFile; fileRef = DCC1A39513A94F1A005BD75D /* config.lua */; };
		DCF95CD213A97EC500AE3B80 /* libcocos2d-mac.a in Frameworks */ = {isa = PBXBuildFile; fileRef = DCF95CC913A97EC500AE3B80 /* libcocos2d-mac.a */; };
		DCF95CD413A97EC500AE3B80 /* libkobold2d-mac.a in Frameworks */ = {isa = PBXBuildFile; fileRef = DCF95CCB13A97EC500AE3B80 /* libkobold2d-mac.a */; };
/* End PBXBuildFile section */

/* Begin PBXFileReference section */
		67C530C8B50D1477FCE71E22 /* ESceneType.h */ = {isa = PBXFileReference; fileEncoding = 4; lastKnownFileType = sourcecode.c.h; path = ESceneType.h; sourceTree = "<group>"; };
		67C53109FE3B359D5E57AC89 /* SceneBase.h */ = {isa = PBXFileReference; fileEncoding = 4; lastKnownFileType = sourcecode.c.h; path = SceneBase.h; sourceTree = "<group>"; };
		67C5314A81692266CE8507B6 /* SceneGame.m */ = {isa = PBXFileReference; fileEncoding = 4; lastKnownFileType = sourcecode.c.objc; path = SceneGame.m; sourceTree = "<group>"; };
		67C531EFC99293118F20DE6A /* SharedProgressManager.m */ = {isa = PBXFileReference; fileEncoding = 4; lastKnownFileType = sourcecode.c.objc; path = SharedProgressManager.m; sourceTree = "<group>"; };
		67C532C2CC6661B30B32E64F /* SceneMenu.m */ = {isa = PBXFileReference; fileEncoding = 4; lastKnownFileType = sourcecode.c.objc; path = SceneMenu.m; sourceTree = "<group>"; };
		67C5330F3A008DC6C36EF5AB /* HelloWorldLayer.h */ = {isa = PBXFileReference; fileEncoding = 4; lastKnownFileType = sourcecode.c.h; path = HelloWorldLayer.h; sourceTree = "<group>"; };
		67C53385B63156F2B1FD0E32 /* AppDelegate.h */ = {isa = PBXFileReference; fileEncoding = 4; lastKnownFileType = sourcecode.c.h; path = AppDelegate.h; sourceTree = "<group>"; };
		67C533D48415600D79900775 /* SharedDeviceHelper.m */ = {isa = PBXFileReference; fileEncoding = 4; lastKnownFileType = sourcecode.c.objc; path = SharedDeviceHelper.m; sourceTree = "<group>"; };
		67C534474CC66D340962FF3D /* SceneMenu.h */ = {isa = PBXFileReference; fileEncoding = 4; lastKnownFileType = sourcecode.c.h; path = SceneMenu.h; sourceTree = "<group>"; };
		67C53509F68B98B87E10D49F /* ELanguageType.h */ = {isa = PBXFileReference; fileEncoding = 4; lastKnownFileType = sourcecode.c.h; path = ELanguageType.h; sourceTree = "<group>"; };
		67C535E6539AA6B64F683EF7 /* SceneBase.m */ = {isa = PBXFileReference; fileEncoding = 4; lastKnownFileType = sourcecode.c.objc; path = SceneBase.m; sourceTree = "<group>"; };
		67C536229A56BC019375BAF2 /* Game.h */ = {isa = PBXFileReference; fileEncoding = 4; lastKnownFileType = sourcecode.c.h; path = Game.h; sourceTree = "<group>"; };
		67C538CC8506C214AA44F513 /* SharedDeviceHelper.h */ = {isa = PBXFileReference; fileEncoding = 4; lastKnownFileType = sourcecode.c.h; path = SharedDeviceHelper.h; sourceTree = "<group>"; };
		67C539016286C087DC5CE6B0 /* main.m */ = {isa = PBXFileReference; fileEncoding = 4; lastKnownFileType = sourcecode.c.objc; path = main.m; sourceTree = "<group>"; };
		67C539549EDFAFAC55C0D08B /* EDeviceType.h */ = {isa = PBXFileReference; fileEncoding = 4; lastKnownFileType = sourcecode.c.h; path = EDeviceType.h; sourceTree = "<group>"; };
		67C53AEDD6DA12E4AA111364 /* SceneGame.h */ = {isa = PBXFileReference; fileEncoding = 4; lastKnownFileType = sourcecode.c.h; path = SceneGame.h; sourceTree = "<group>"; };
		67C53C6E106DB6A932C00505 /* AppDelegate.m */ = {isa = PBXFileReference; fileEncoding = 4; lastKnownFileType = sourcecode.c.objc; path = AppDelegate.m; sourceTree = "<group>"; };
		67C53DEF011737C1C84AC6BE /* HelloWorldLayer.m */ = {isa = PBXFileReference; fileEncoding = 4; lastKnownFileType = sourcecode.c.objc; path = HelloWorldLayer.m; sourceTree = "<group>"; };
		67C53E12A265EEEF2D36CBF8 /* SharedProgressManager.h */ = {isa = PBXFileReference; fileEncoding = 4; lastKnownFileType = sourcecode.c.h; path = SharedProgressManager.h; sourceTree = "<group>"; };
		67C53F7D06C4478BC68C32EF /* Game.m */ = {isa = PBXFileReference; fileEncoding = 4; lastKnownFileType = sourcecode.c.objc; path = Game.m; sourceTree = "<group>"; };
		AF6EF0B7C418A78EAB4F7966 /* CCButton.h */ = {isa = PBXFileReference; fileEncoding = 4; lastKnownFileType = sourcecode.c.h; path = CCButton.h; sourceTree = "<group>"; };
		AF6EF40389F689D5F386FB06 /* CCButton.m */ = {isa = PBXFileReference; fileEncoding = 4; lastKnownFileType = sourcecode.c.objc; path = CCButton.m; sourceTree = "<group>"; };
		AF6EF551377902358A182785 /* ButtonView.m */ = {isa = PBXFileReference; fileEncoding = 4; lastKnownFileType = sourcecode.c.objc; path = ButtonView.m; sourceTree = "<group>"; };
		AF6EFA024E42E3ADBC887C9D /* ButtonView.h */ = {isa = PBXFileReference; fileEncoding = 4; lastKnownFileType = sourcecode.c.h; path = ButtonView.h; sourceTree = "<group>"; };
		AF6EFE9EC579F2391F5D47F7 /* CCButtonDelegate.h */ = {isa = PBXFileReference; fileEncoding = 4; lastKnownFileType = sourcecode.c.h; path = CCButtonDelegate.h; sourceTree = "<group>"; };
		DC1BE68614F417CC00F49D25 /* copyright.txt */ = {isa = PBXFileReference; fileEncoding = 4; lastKnownFileType = text; path = copyright.txt; sourceTree = "<group>"; };
		DC1BE68914F417CC00F49D25 /* LICENCE.txt */ = {isa = PBXFileReference; fileEncoding = 4; lastKnownFileType = text; path = LICENCE.txt; sourceTree = "<group>"; };
		DC1BE68C14F417CC00F49D25 /* Ubuntu-B.ttf */ = {isa = PBXFileReference; lastKnownFileType = file; path = "Ubuntu-B.ttf"; sourceTree = "<group>"; };
		DC1BE68D14F417CC00F49D25 /* Ubuntu-BI.ttf */ = {isa = PBXFileReference; lastKnownFileType = file; path = "Ubuntu-BI.ttf"; sourceTree = "<group>"; };
		DC1BE68E14F417CC00F49D25 /* Ubuntu-C.ttf */ = {isa = PBXFileReference; lastKnownFileType = file; path = "Ubuntu-C.ttf"; sourceTree = "<group>"; };
		DC1BE68F14F417CC00F49D25 /* Ubuntu-L.ttf */ = {isa = PBXFileReference; lastKnownFileType = file; path = "Ubuntu-L.ttf"; sourceTree = "<group>"; };
		DC1BE69014F417CC00F49D25 /* Ubuntu-LI.ttf */ = {isa = PBXFileReference; lastKnownFileType = file; path = "Ubuntu-LI.ttf"; sourceTree = "<group>"; };
		DC1BE69114F417CC00F49D25 /* Ubuntu-M.ttf */ = {isa = PBXFileReference; lastKnownFileType = file; path = "Ubuntu-M.ttf"; sourceTree = "<group>"; };
		DC1BE69214F417CC00F49D25 /* Ubuntu-MI.ttf */ = {isa = PBXFileReference; lastKnownFileType = file; path = "Ubuntu-MI.ttf"; sourceTree = "<group>"; };
		DC1BE69314F417CC00F49D25 /* Ubuntu-R.ttf */ = {isa = PBXFileReference; lastKnownFileType = file; path = "Ubuntu-R.ttf"; sourceTree = "<group>"; };
		DC1BE69414F417CC00F49D25 /* Ubuntu-RI.ttf */ = {isa = PBXFileReference; lastKnownFileType = file; path = "Ubuntu-RI.ttf"; sourceTree = "<group>"; };
		DC1BE69514F417CC00F49D25 /* UbuntuMono-B.ttf */ = {isa = PBXFileReference; lastKnownFileType = file; path = "UbuntuMono-B.ttf"; sourceTree = "<group>"; };
		DC1BE69614F417CC00F49D25 /* UbuntuMono-BI.ttf */ = {isa = PBXFileReference; lastKnownFileType = file; path = "UbuntuMono-BI.ttf"; sourceTree = "<group>"; };
		DC1BE69714F417CC00F49D25 /* UbuntuMono-R.ttf */ = {isa = PBXFileReference; lastKnownFileType = file; path = "UbuntuMono-R.ttf"; sourceTree = "<group>"; };
		DC1BE69814F417CC00F49D25 /* UbuntuMono-RI.ttf */ = {isa = PBXFileReference; lastKnownFileType = file; path = "UbuntuMono-RI.ttf"; sourceTree = "<group>"; };
		DC26D6D914B9F2C600B6002E /* fps_images-hd.png */ = {isa = PBXFileReference; lastKnownFileType = image.png; path = "fps_images-hd.png"; sourceTree = "<group>"; };
		DC2721A1160CAEB600D88944 /* Default-568h@2x.png */ = {isa = PBXFileReference; lastKnownFileType = image.png; path = "Default-568h@2x.png"; sourceTree = "<group>"; };
		DC2721A9160CAFC700D88944 /* iTunesArtwork */ = {isa = PBXFileReference; lastKnownFileType = file; path = iTunesArtwork; sourceTree = "<group>"; };
		DC275D2A13B27DBF009C5098 /* Pow.caf */ = {isa = PBXFileReference; lastKnownFileType = file; path = Pow.caf; sourceTree = "<group>"; };
		DC3BE97813B4FB71003739CC /* BuildSettings-iOS.xcconfig */ = {isa = PBXFileReference; lastKnownFileType = text.xcconfig; path = "BuildSettings-iOS.xcconfig"; sourceTree = "<group>"; };
		DC485B0D13AA0E5600F2BC70 /* libchipmunk-mac.a */ = {isa = PBXFileReference; explicitFileType = archive.ar; path = "libchipmunk-mac.a"; sourceTree = BUILT_PRODUCTS_DIR; };
		DC485B1613AA0EBB00F2BC70 /* libbox2d-mac.a */ = {isa = PBXFileReference; explicitFileType = archive.ar; path = "libbox2d-mac.a"; sourceTree = BUILT_PRODUCTS_DIR; };
		DC485B4513AA18A600F2BC70 /* libcocosdenshion-mac.a */ = {isa = PBXFileReference; explicitFileType = archive.ar; path = "libcocosdenshion-mac.a"; sourceTree = BUILT_PRODUCTS_DIR; };
		DC485B4713AA194F00F2BC70 /* ship.png */ = {isa = PBXFileReference; lastKnownFileType = image.png; path = ship.png; sourceTree = "<group>"; };
		DC485B4A13AA1C0E00F2BC70 /* ship-hd.png */ = {isa = PBXFileReference; lastKnownFileType = image.png; path = "ship-hd.png"; sourceTree = "<group>"; };
		DC65615013A969B600A7AC53 /* libbox2d-ios.a */ = {isa = PBXFileReference; explicitFileType = archive.ar; path = "libbox2d-ios.a"; sourceTree = BUILT_PRODUCTS_DIR; };
		DC65615113A969B600A7AC53 /* libchipmunk-ios.a */ = {isa = PBXFileReference; explicitFileType = archive.ar; path = "libchipmunk-ios.a"; sourceTree = BUILT_PRODUCTS_DIR; };
		DC65615213A969B600A7AC53 /* libchipmunk-spacemanager-ios.a */ = {isa = PBXFileReference; explicitFileType = archive.ar; path = "libchipmunk-spacemanager-ios.a"; sourceTree = BUILT_PRODUCTS_DIR; };
		DC65615413A969B600A7AC53 /* libcocos2d-extensions-ios.a */ = {isa = PBXFileReference; explicitFileType = archive.ar; path = "libcocos2d-extensions-ios.a"; sourceTree = BUILT_PRODUCTS_DIR; };
		DC65615513A969B600A7AC53 /* libcocos2d-ios.a */ = {isa = PBXFileReference; explicitFileType = archive.ar; path = "libcocos2d-ios.a"; sourceTree = BUILT_PRODUCTS_DIR; };
		DC65615613A969B600A7AC53 /* libcocos3d-ios.a */ = {isa = PBXFileReference; explicitFileType = archive.ar; path = "libcocos3d-ios.a"; sourceTree = BUILT_PRODUCTS_DIR; };
		DC65615713A969B600A7AC53 /* libcocosdenshion-ios.a */ = {isa = PBXFileReference; explicitFileType = archive.ar; path = "libcocosdenshion-ios.a"; sourceTree = BUILT_PRODUCTS_DIR; };
		DC65615813A969B600A7AC53 /* libkobold2d-ios.a */ = {isa = PBXFileReference; explicitFileType = archive.ar; path = "libkobold2d-ios.a"; sourceTree = BUILT_PRODUCTS_DIR; };
		DC65615913A969B600A7AC53 /* libobjectal-ios.a */ = {isa = PBXFileReference; explicitFileType = archive.ar; path = "libobjectal-ios.a"; sourceTree = BUILT_PRODUCTS_DIR; };
		DC65615A13A969B600A7AC53 /* libsneakyinput-ios.a */ = {isa = PBXFileReference; explicitFileType = archive.ar; path = "libsneakyinput-ios.a"; sourceTree = BUILT_PRODUCTS_DIR; };
		DC65617215114B4A00E59F8A /* fps_images-ipadhd.png */ = {isa = PBXFileReference; lastKnownFileType = image.png; path = "fps_images-ipadhd.png"; sourceTree = "<group>"; };
		DC979E3D13B35F8800656CB9 /* libcocos2d-extensions-mac.a */ = {isa = PBXFileReference; explicitFileType = archive.ar; path = "libcocos2d-extensions-mac.a"; sourceTree = BUILT_PRODUCTS_DIR; };
		DC979E5913B3607E00656CB9 /* libchipmunk-spacemanager-mac.a */ = {isa = PBXFileReference; explicitFileType = archive.ar; path = "libchipmunk-spacemanager-mac.a"; sourceTree = BUILT_PRODUCTS_DIR; };
		DC9C33E713B5024400931BF2 /* BuildSettings-Debug-Mac.xcconfig */ = {isa = PBXFileReference; lastKnownFileType = text.xcconfig; path = "BuildSettings-Debug-Mac.xcconfig"; sourceTree = "<group>"; };
		DC9C33E813B5024400931BF2 /* BuildSettings-Mac.xcconfig */ = {isa = PBXFileReference; lastKnownFileType = text.xcconfig; path = "BuildSettings-Mac.xcconfig"; sourceTree = "<group>"; };
		DC9C33E913B5024400931BF2 /* BuildSettings-Release-Mac.xcconfig */ = {isa = PBXFileReference; lastKnownFileType = text.xcconfig; path = "BuildSettings-Release-Mac.xcconfig"; sourceTree = "<group>"; };
		DCC1A0E313A94ED5005BD75D /* UltimateBJ-iOS.app */ = {isa = PBXFileReference; explicitFileType = wrapper.application; includeInIndex = 0; path = "UltimateBJ-iOS.app"; sourceTree = BUILT_PRODUCTS_DIR; };
		DCC1A0F913A94ED5005BD75D /* Default.png */ = {isa = PBXFileReference; lastKnownFileType = image.png; path = Default.png; sourceTree = "<group>"; };
		DCC1A0FB13A94ED5005BD75D /* fps_images.png */ = {isa = PBXFileReference; lastKnownFileType = image.png; path = fps_images.png; sourceTree = "<group>"; };
		DCC1A0FD13A94ED5005BD75D /* Icon-72.png */ = {isa = PBXFileReference; lastKnownFileType = image.png; path = "Icon-72.png"; sourceTree = "<group>"; };
		DCC1A0FF13A94ED5005BD75D /* Icon-Small-50.png */ = {isa = PBXFileReference; lastKnownFileType = image.png; path = "Icon-Small-50.png"; sourceTree = "<group>"; };
		DCC1A10113A94ED5005BD75D /* Icon-Small.png */ = {isa = PBXFileReference; lastKnownFileType = image.png; path = "Icon-Small.png"; sourceTree = "<group>"; };
		DCC1A10313A94ED5005BD75D /* Icon-Small@2x.png */ = {isa = PBXFileReference; lastKnownFileType = image.png; path = "Icon-Small@2x.png"; sourceTree = "<group>"; };
		DCC1A10513A94ED5005BD75D /* Icon.png */ = {isa = PBXFileReference; lastKnownFileType = image.png; path = Icon.png; sourceTree = "<group>"; };
		DCC1A10713A94ED5005BD75D /* Icon@2x.png */ = {isa = PBXFileReference; lastKnownFileType = image.png; path = "Icon@2x.png"; sourceTree = "<group>"; };
		DCC1A10913A94ED5005BD75D /* Info.plist */ = {isa = PBXFileReference; lastKnownFileType = text.plist.xml; path = Info.plist; sourceTree = "<group>"; };
		DCC1A25A13A94EE6005BD75D /* UltimateBJ-Mac.app */ = {isa = PBXFileReference; explicitFileType = wrapper.application; includeInIndex = 0; path = "UltimateBJ-Mac.app"; sourceTree = BUILT_PRODUCTS_DIR; };
		DCC1A26813A94EE6005BD75D /* English */ = {isa = PBXFileReference; lastKnownFileType = text.plist.strings; name = English; path = Resources/English.lproj/InfoPlist.strings; sourceTree = "<group>"; };
		DCC1A26B13A94EE6005BD75D /* English */ = {isa = PBXFileReference; lastKnownFileType = file.xib; name = English; path = Resources/English.lproj/MainMenu.xib; sourceTree = "<group>"; };
		DCC1A26D13A94EE6005BD75D /* fps_images.png */ = {isa = PBXFileReference; lastKnownFileType = image.png; name = fps_images.png; path = Resources/fps_images.png; sourceTree = "<group>"; };
		DCC1A26F13A94EE6005BD75D /* icon.icns */ = {isa = PBXFileReference; lastKnownFileType = image.icns; name = icon.icns; path = Resources/icon.icns; sourceTree = "<group>"; };
		DCC1A27113A94EE6005BD75D /* Info.plist */ = {isa = PBXFileReference; lastKnownFileType = text.plist.xml; name = Info.plist; path = Resources/Info.plist; sourceTree = "<group>"; };
		DCC1A39213A94F1A005BD75D /* Prefix-iOS.pch */ = {isa = PBXFileReference; fileEncoding = 4; lastKnownFileType = sourcecode.c.h; path = "Prefix-iOS.pch"; sourceTree = "<group>"; };
		DCC1A39313A94F1A005BD75D /* Prefix-Mac.pch */ = {isa = PBXFileReference; fileEncoding = 4; lastKnownFileType = sourcecode.c.h; path = "Prefix-Mac.pch"; sourceTree = "<group>"; };
		DCC1A39513A94F1A005BD75D /* config.lua */ = {isa = PBXFileReference; explicitFileType = sourcecode.applescript; fileEncoding = 4; path = config.lua; sourceTree = "<group>"; };
		DCF95CC913A97EC500AE3B80 /* libcocos2d-mac.a */ = {isa = PBXFileReference; explicitFileType = archive.ar; path = "libcocos2d-mac.a"; sourceTree = BUILT_PRODUCTS_DIR; };
		DCF95CCB13A97EC500AE3B80 /* libkobold2d-mac.a */ = {isa = PBXFileReference; explicitFileType = archive.ar; path = "libkobold2d-mac.a"; sourceTree = BUILT_PRODUCTS_DIR; };
		DCFA90EF13B4F6F7009DD35A /* BuildSettings-Debug-iOS.xcconfig */ = {isa = PBXFileReference; lastKnownFileType = text.xcconfig; path = "BuildSettings-Debug-iOS.xcconfig"; sourceTree = "<group>"; };
		DCFA90F013B4F811009DD35A /* BuildSettings-Release-iOS.xcconfig */ = {isa = PBXFileReference; lastKnownFileType = text.xcconfig; path = "BuildSettings-Release-iOS.xcconfig"; sourceTree = "<group>"; };
/* End PBXFileReference section */

/* Begin PBXFrameworksBuildPhase section */
		DCC1A0E013A94ED5005BD75D /* Frameworks */ = {
			isa = PBXFrameworksBuildPhase;
			buildActionMask = 2147483647;
			files = (
				DC65615C13A969B600A7AC53 /* libbox2d-ios.a in Frameworks */,
				DC65615D13A969B600A7AC53 /* libchipmunk-ios.a in Frameworks */,
				DC65615E13A969B600A7AC53 /* libchipmunk-spacemanager-ios.a in Frameworks */,
				DC65616013A969B600A7AC53 /* libcocos2d-extensions-ios.a in Frameworks */,
				DC65616113A969B600A7AC53 /* libcocos2d-ios.a in Frameworks */,
				DC65616213A969B600A7AC53 /* libcocos3d-ios.a in Frameworks */,
				DC65616313A969B600A7AC53 /* libcocosdenshion-ios.a in Frameworks */,
				DC65616413A969B600A7AC53 /* libkobold2d-ios.a in Frameworks */,
				DC65616513A969B600A7AC53 /* libobjectal-ios.a in Frameworks */,
				DC65616613A969B600A7AC53 /* libsneakyinput-ios.a in Frameworks */,
			);
			runOnlyForDeploymentPostprocessing = 0;
		};
		DCC1A25713A94EE6005BD75D /* Frameworks */ = {
			isa = PBXFrameworksBuildPhase;
			buildActionMask = 2147483647;
			files = (
				DC979E5A13B3607E00656CB9 /* libchipmunk-spacemanager-mac.a in Frameworks */,
				DC979E3E13B35F8800656CB9 /* libcocos2d-extensions-mac.a in Frameworks */,
				DC485B4613AA18A600F2BC70 /* libcocosdenshion-mac.a in Frameworks */,
				DC485B1713AA0EBB00F2BC70 /* libbox2d-mac.a in Frameworks */,
				DC485B1113AA0E5600F2BC70 /* libchipmunk-mac.a in Frameworks */,
				DCF95CD213A97EC500AE3B80 /* libcocos2d-mac.a in Frameworks */,
				DCF95CD413A97EC500AE3B80 /* libkobold2d-mac.a in Frameworks */,
			);
			runOnlyForDeploymentPostprocessing = 0;
		};
/* End PBXFrameworksBuildPhase section */

/* Begin PBXGroup section */
		67C5347D548D4BF08FAE7980 /* views */ = {
			isa = PBXGroup;
			children = (
			);
			path = views;
			sourceTree = "<group>";
		};
		67C5348D56D936E07DCD92D8 /* App */ = {
			isa = PBXGroup;
			children = (
				67C53BC50FB1776A4FDB37BB /* Controllers */,
				67C53C25BCEE6DBE2D33806B /* Models */,
				67C53625023B93C8E8604203 /* System */,
			);
			path = App;
			sourceTree = "<group>";
		};
		67C53625023B93C8E8604203 /* System */ = {
			isa = PBXGroup;
			children = (
				67C53DEF011737C1C84AC6BE /* HelloWorldLayer.m */,
				67C53C6E106DB6A932C00505 /* AppDelegate.m */,
				67C53385B63156F2B1FD0E32 /* AppDelegate.h */,
				67C5330F3A008DC6C36EF5AB /* HelloWorldLayer.h */,
				67C539016286C087DC5CE6B0 /* main.m */,
			);
			path = System;
			sourceTree = "<group>";
		};
		67C53771E3414400F6FA829D /* SceneBase */ = {
			isa = PBXGroup;
			children = (
				67C53109FE3B359D5E57AC89 /* SceneBase.h */,
				67C535E6539AA6B64F683EF7 /* SceneBase.m */,
			);
			path = SceneBase;
			sourceTree = "<group>";
		};
		67C5397675D2E3D0767B75AB /* Scenes */ = {
			isa = PBXGroup;
			children = (
				67C53771E3414400F6FA829D /* SceneBase */,
				67C53A1477D3D8CF581920A2 /* SceneGame */,
				67C530C8B50D1477FCE71E22 /* ESceneType.h */,
				67C53D9690075BB177FCDFB6 /* SceneMenu */,
			);
			path = Scenes;
			sourceTree = "<group>";
		};
		67C53A1477D3D8CF581920A2 /* SceneGame */ = {
			isa = PBXGroup;
			children = (
				67C5347D548D4BF08FAE7980 /* views */,
				67C5314A81692266CE8507B6 /* SceneGame.m */,
				67C53AEDD6DA12E4AA111364 /* SceneGame.h */,
			);
			path = SceneGame;
			sourceTree = "<group>";
		};
		67C53BC50FB1776A4FDB37BB /* Controllers */ = {
			isa = PBXGroup;
			children = (
				67C5397675D2E3D0767B75AB /* Scenes */,
			);
			path = Controllers;
			sourceTree = "<group>";
		};
		67C53BEC64CC3E3350CFEE3C /* SharedProgressManager */ = {
			isa = PBXGroup;
			children = (
				67C53E12A265EEEF2D36CBF8 /* SharedProgressManager.h */,
				67C531EFC99293118F20DE6A /* SharedProgressManager.m */,
			);
			path = SharedProgressManager;
			sourceTree = "<group>";
		};
		67C53C25BCEE6DBE2D33806B /* Models */ = {
			isa = PBXGroup;
			children = (
				67C53BEC64CC3E3350CFEE3C /* SharedProgressManager */,
				67C53D71B7C11C31B4FA21AD /* Game */,
				67C53F1EBBA0F729EFE4C369 /* SharedDeviceHelper */,
			);
			path = Models;
			sourceTree = "<group>";
		};
		67C53D71B7C11C31B4FA21AD /* Game */ = {
			isa = PBXGroup;
			children = (
				67C53F7D06C4478BC68C32EF /* Game.m */,
				67C536229A56BC019375BAF2 /* Game.h */,
			);
			path = Game;
			sourceTree = "<group>";
		};
		67C53D9690075BB177FCDFB6 /* SceneMenu */ = {
			isa = PBXGroup;
			children = (
				67C532C2CC6661B30B32E64F /* SceneMenu.m */,
				67C534474CC66D340962FF3D /* SceneMenu.h */,
				AF6EFEDBA218F0ADFFA38D2D /* views */,
			);
			path = SceneMenu;
			sourceTree = "<group>";
		};
		67C53F1EBBA0F729EFE4C369 /* SharedDeviceHelper */ = {
			isa = PBXGroup;
			children = (
				67C539549EDFAFAC55C0D08B /* EDeviceType.h */,
				67C533D48415600D79900775 /* SharedDeviceHelper.m */,
				67C53509F68B98B87E10D49F /* ELanguageType.h */,
				67C538CC8506C214AA44F513 /* SharedDeviceHelper.h */,
			);
			path = SharedDeviceHelper;
			sourceTree = "<group>";
		};
		AF6EF1C76FA3DC4A47B43E04 /* Cocos2dAdditions */ = {
			isa = PBXGroup;
			children = (
				AF6EFE9EC579F2391F5D47F7 /* CCButtonDelegate.h */,
				AF6EF40389F689D5F386FB06 /* CCButton.m */,
				AF6EF0B7C418A78EAB4F7966 /* CCButton.h */,
			);
			path = Cocos2dAdditions;
			sourceTree = "<group>";
		};
		AF6EFEDBA218F0ADFFA38D2D /* views */ = {
			isa = PBXGroup;
			children = (
				AF6EF551377902358A182785 /* ButtonView.m */,
				AF6EFA024E42E3ADBC887C9D /* ButtonView.h */,
			);
			path = views;
			sourceTree = "<group>";
		};
		AF6EFFF413D3553696E93B76 /* Vendors */ = {
			isa = PBXGroup;
			children = (
				AF6EF1C76FA3DC4A47B43E04 /* Cocos2dAdditions */,
			);
			path = Vendors;
			sourceTree = "<group>";
		};
		DC1BE68414F417CC00F49D25 /* ubuntu-font-family-0.80 */ = {
			isa = PBXGroup;
			children = (
				DC1BE68614F417CC00F49D25 /* copyright.txt */,
				DC1BE68914F417CC00F49D25 /* LICENCE.txt */,
				DC1BE68C14F417CC00F49D25 /* Ubuntu-B.ttf */,
				DC1BE68D14F417CC00F49D25 /* Ubuntu-BI.ttf */,
				DC1BE68E14F417CC00F49D25 /* Ubuntu-C.ttf */,
				DC1BE68F14F417CC00F49D25 /* Ubuntu-L.ttf */,
				DC1BE69014F417CC00F49D25 /* Ubuntu-LI.ttf */,
				DC1BE69114F417CC00F49D25 /* Ubuntu-M.ttf */,
				DC1BE69214F417CC00F49D25 /* Ubuntu-MI.ttf */,
				DC1BE69314F417CC00F49D25 /* Ubuntu-R.ttf */,
				DC1BE69414F417CC00F49D25 /* Ubuntu-RI.ttf */,
				DC1BE69514F417CC00F49D25 /* UbuntuMono-B.ttf */,
				DC1BE69614F417CC00F49D25 /* UbuntuMono-BI.ttf */,
				DC1BE69714F417CC00F49D25 /* UbuntuMono-R.ttf */,
				DC1BE69814F417CC00F49D25 /* UbuntuMono-RI.ttf */,
			);
			path = "ubuntu-font-family-0.80";
			sourceTree = "<group>";
		};
		DCC1A0D613A94EC0005BD75D = {
			isa = PBXGroup;
			children = (
				DCC1A38C13A94F1A005BD75D /* Projectfiles */,
				DCC1A0F713A94ED5005BD75D /* Projectfiles-iOS */,
				DCC1A26413A94EE6005BD75D /* Projectfiles-Mac */,
				DCFA90ED13B4F6A0009DD35A /* BuildSettings */,
				DCC1A0E613A94ED5005BD75D /* Frameworks */,
				DCC1A0E413A94ED5005BD75D /* Products */,
				67C5348D56D936E07DCD92D8 /* App */,
				AF6EFFF413D3553696E93B76 /* Vendors */,
			);
			sourceTree = "<group>";
		};
		DCC1A0E413A94ED5005BD75D /* Products */ = {
			isa = PBXGroup;
			children = (
				DCC1A0E313A94ED5005BD75D /* UltimateBJ-iOS.app */,
				DCC1A25A13A94EE6005BD75D /* UltimateBJ-Mac.app */,
			);
			name = Products;
			sourceTree = "<group>";
		};
		DCC1A0E613A94ED5005BD75D /* Frameworks */ = {
			isa = PBXGroup;
			children = (
			);
			name = Frameworks;
			sourceTree = "<group>";
		};
		DCC1A0F713A94ED5005BD75D /* Projectfiles-iOS */ = {
			isa = PBXGroup;
			children = (
				DC1BE68414F417CC00F49D25 /* ubuntu-font-family-0.80 */,
				DCC1A0F813A94ED5005BD75D /* Resources */,
			);
			path = "Projectfiles-iOS";
			sourceTree = "<group>";
		};
		DCC1A0F813A94ED5005BD75D /* Resources */ = {
			isa = PBXGroup;
			children = (
				DC2721A9160CAFC700D88944 /* iTunesArtwork */,
				DC2721A1160CAEB600D88944 /* Default-568h@2x.png */,
				DCC1A0F913A94ED5005BD75D /* Default.png */,
				DCC1A0FB13A94ED5005BD75D /* fps_images.png */,
				DC26D6D914B9F2C600B6002E /* fps_images-hd.png */,
				DC65617215114B4A00E59F8A /* fps_images-ipadhd.png */,
				DCC1A0FD13A94ED5005BD75D /* Icon-72.png */,
				DCC1A0FF13A94ED5005BD75D /* Icon-Small-50.png */,
				DCC1A10113A94ED5005BD75D /* Icon-Small.png */,
				DCC1A10313A94ED5005BD75D /* Icon-Small@2x.png */,
				DCC1A10513A94ED5005BD75D /* Icon.png */,
				DCC1A10713A94ED5005BD75D /* Icon@2x.png */,
				DCC1A10913A94ED5005BD75D /* Info.plist */,
			);
			path = Resources;
			sourceTree = "<group>";
		};
		DCC1A26413A94EE6005BD75D /* Projectfiles-Mac */ = {
			isa = PBXGroup;
			children = (
				DCC1A26513A94EE6005BD75D /* Resources */,
			);
			path = "Projectfiles-Mac";
			sourceTree = "<group>";
		};
		DCC1A26513A94EE6005BD75D /* Resources */ = {
			isa = PBXGroup;
			children = (
				DCC1A26D13A94EE6005BD75D /* fps_images.png */,
				DCC1A26F13A94EE6005BD75D /* icon.icns */,
				DCC1A27113A94EE6005BD75D /* Info.plist */,
				DCC1A26613A94EE6005BD75D /* English.lproj */,
			);
			name = Resources;
			sourceTree = "<group>";
		};
		DCC1A26613A94EE6005BD75D /* English.lproj */ = {
			isa = PBXGroup;
			children = (
				DCC1A26713A94EE6005BD75D /* InfoPlist.strings */,
				DCC1A26A13A94EE6005BD75D /* MainMenu.xib */,
			);
			name = English.lproj;
			sourceTree = "<group>";
		};
		DCC1A38C13A94F1A005BD75D /* Projectfiles */ = {
			isa = PBXGroup;
			children = (
				DCC1A39413A94F1A005BD75D /* Resources */,
				DCC1A3CF13A94F2C005BD75D /* Supporting Files */,
			);
			path = Projectfiles;
			sourceTree = "<group>";
		};
		DCC1A39413A94F1A005BD75D /* Resources */ = {
			isa = PBXGroup;
			children = (
				DCC1A39513A94F1A005BD75D /* config.lua */,
				DC275D2A13B27DBF009C5098 /* Pow.caf */,
				DC485B4713AA194F00F2BC70 /* ship.png */,
				DC485B4A13AA1C0E00F2BC70 /* ship-hd.png */,
			);
			path = Resources;
			sourceTree = "<group>";
		};
		DCC1A3CF13A94F2C005BD75D /* Supporting Files */ = {
			isa = PBXGroup;
			children = (
				DCC1A39213A94F1A005BD75D /* Prefix-iOS.pch */,
				DCC1A39313A94F1A005BD75D /* Prefix-Mac.pch */,
			);
			name = "Supporting Files";
			sourceTree = "<group>";
		};
		DCFA90ED13B4F6A0009DD35A /* BuildSettings */ = {
			isa = PBXGroup;
			children = (
				DCFA90EF13B4F6F7009DD35A /* BuildSettings-Debug-iOS.xcconfig */,
				DCFA90F013B4F811009DD35A /* BuildSettings-Release-iOS.xcconfig */,
				DC3BE97813B4FB71003739CC /* BuildSettings-iOS.xcconfig */,
				DC9C33E713B5024400931BF2 /* BuildSettings-Debug-Mac.xcconfig */,
				DC9C33E913B5024400931BF2 /* BuildSettings-Release-Mac.xcconfig */,
				DC9C33E813B5024400931BF2 /* BuildSettings-Mac.xcconfig */,
			);
			path = BuildSettings;
			sourceTree = "<group>";
		};
/* End PBXGroup section */

/* Begin PBXNativeTarget section */
		DCC1A0E213A94ED5005BD75D /* UltimateBJ-iOS */ = {
			isa = PBXNativeTarget;
			buildConfigurationList = DCC1A25313A94ED7005BD75D /* Build configuration list for PBXNativeTarget "UltimateBJ-iOS" */;
			buildPhases = (
				DCC1A0DF13A94ED5005BD75D /* Sources */,
				DCC1A0E013A94ED5005BD75D /* Frameworks */,
				DCC1A0E113A94ED5005BD75D /* Resources */,
			);
			buildRules = (
			);
			dependencies = (
			);
			name = "UltimateBJ-iOS";
			productName = "Hello-World-iOS";
			productReference = DCC1A0E313A94ED5005BD75D /* UltimateBJ-iOS.app */;
			productType = "com.apple.product-type.application";
		};
		DCC1A25913A94EE6005BD75D /* UltimateBJ-Mac */ = {
			isa = PBXNativeTarget;
			buildConfigurationList = DCC1A38913A94EE7005BD75D /* Build configuration list for PBXNativeTarget "UltimateBJ-Mac" */;
			buildPhases = (
				DCC1A25613A94EE6005BD75D /* Sources */,
				DCC1A25713A94EE6005BD75D /* Frameworks */,
				DCC1A25813A94EE6005BD75D /* Resources */,
			);
			buildRules = (
			);
			dependencies = (
			);
			name = "UltimateBJ-Mac";
			productName = "Hello-World-Mac";
			productReference = DCC1A25A13A94EE6005BD75D /* UltimateBJ-Mac.app */;
			productType = "com.apple.product-type.application";
		};
/* End PBXNativeTarget section */

/* Begin PBXProject section */
		DCC1A0D813A94EC0005BD75D /* Project object */ = {
			isa = PBXProject;
			attributes = {
				LastUpgradeCheck = 0420;
			};
			buildConfigurationList = DCC1A0DB13A94EC0005BD75D /* Build configuration list for PBXProject "UltimateBJ" */;
			compatibilityVersion = "Xcode 3.2";
			developmentRegion = English;
			hasScannedForEncodings = 0;
			knownRegions = (
				en,
				English,
			);
			mainGroup = DCC1A0D613A94EC0005BD75D;
			productRefGroup = DCC1A0E413A94ED5005BD75D /* Products */;
			projectDirPath = "";
			projectRoot = "";
			targets = (
				DCC1A0E213A94ED5005BD75D /* UltimateBJ-iOS */,
				DCC1A25913A94EE6005BD75D /* UltimateBJ-Mac */,
			);
		};
/* End PBXProject section */

/* Begin PBXResourcesBuildPhase section */
		DCC1A0E113A94ED5005BD75D /* Resources */ = {
			isa = PBXResourcesBuildPhase;
			buildActionMask = 2147483647;
			files = (
				DCC1A0FA13A94ED5005BD75D /* Default.png in Resources */,
				DCC1A0FC13A94ED5005BD75D /* fps_images.png in Resources */,
				DCC1A0FE13A94ED5005BD75D /* Icon-72.png in Resources */,
				DCC1A10013A94ED5005BD75D /* Icon-Small-50.png in Resources */,
				DCC1A10213A94ED5005BD75D /* Icon-Small.png in Resources */,
				DCC1A10413A94ED5005BD75D /* Icon-Small@2x.png in Resources */,
				DCC1A10613A94ED5005BD75D /* Icon.png in Resources */,
				DCC1A10813A94ED5005BD75D /* Icon@2x.png in Resources */,
				DCC1A3AF13A94F1A005BD75D /* config.lua in Resources */,
				DC485B4813AA194F00F2BC70 /* ship.png in Resources */,
				DC485B4B13AA1C0E00F2BC70 /* ship-hd.png in Resources */,
				DC275D2B13B27DBF009C5098 /* Pow.caf in Resources */,
				DC1BE6A014F417CC00F49D25 /* Ubuntu-B.ttf in Resources */,
				DC1BE6A114F417CC00F49D25 /* Ubuntu-BI.ttf in Resources */,
				DC1BE6A214F417CC00F49D25 /* Ubuntu-C.ttf in Resources */,
				DC1BE6A314F417CC00F49D25 /* Ubuntu-L.ttf in Resources */,
				DC1BE6A414F417CC00F49D25 /* Ubuntu-LI.ttf in Resources */,
				DC1BE6A514F417CC00F49D25 /* Ubuntu-M.ttf in Resources */,
				DC1BE6A614F417CC00F49D25 /* Ubuntu-MI.ttf in Resources */,
				DC1BE6A714F417CC00F49D25 /* Ubuntu-R.ttf in Resources */,
				DC1BE6A814F417CC00F49D25 /* Ubuntu-RI.ttf in Resources */,
				DC1BE6A914F417CC00F49D25 /* UbuntuMono-B.ttf in Resources */,
				DC1BE6AA14F417CC00F49D25 /* UbuntuMono-BI.ttf in Resources */,
				DC1BE6AB14F417CC00F49D25 /* UbuntuMono-R.ttf in Resources */,
				DC1BE6AC14F417CC00F49D25 /* UbuntuMono-RI.ttf in Resources */,
				DC26D6DA14B9F2C600B6002E /* fps_images-hd.png in Resources */,
				DC65617315114B4A00E59F8A /* fps_images-ipadhd.png in Resources */,
				DC2721A2160CAEB600D88944 /* Default-568h@2x.png in Resources */,
				DC2721AA160CAFC700D88944 /* iTunesArtwork in Resources */,
			);
			runOnlyForDeploymentPostprocessing = 0;
		};
		DCC1A25813A94EE6005BD75D /* Resources */ = {
			isa = PBXResourcesBuildPhase;
			buildActionMask = 2147483647;
			files = (
				DCC1A26913A94EE6005BD75D /* InfoPlist.strings in Resources */,
				DCC1A26C13A94EE6005BD75D /* MainMenu.xib in Resources */,
				DCC1A26E13A94EE6005BD75D /* fps_images.png in Resources */,
				DCC1A27013A94EE6005BD75D /* icon.icns in Resources */,
				DCC1A3B013A94F1A005BD75D /* config.lua in Resources */,
				DC485B4913AA194F00F2BC70 /* ship.png in Resources */,
				DC485B4C13AA1C0E00F2BC70 /* ship-hd.png in Resources */,
				DC275D2C13B27DBF009C5098 /* Pow.caf in Resources */,
				DC26D6DB14B9F2C600B6002E /* fps_images-hd.png in Resources */,
			);
			runOnlyForDeploymentPostprocessing = 0;
		};
/* End PBXResourcesBuildPhase section */

/* Begin PBXSourcesBuildPhase section */
		DCC1A0DF13A94ED5005BD75D /* Sources */ = {
			isa = PBXSourcesBuildPhase;
			buildActionMask = 2147483647;
			files = (
				67C53D33A3308B940D1E6053 /* SceneBase.m in Sources */,
				67C537C03EFC9AF392EBB17D /* SceneGame.m in Sources */,
				67C5337C6437F0485CF6428A /* SharedProgressManager.m in Sources */,
				67C534757601FEE1EC639BC5 /* Game.m in Sources */,
				67C53B97B7AEE2635848AF24 /* SharedDeviceHelper.m in Sources */,
				67C53705B6C49575A77DD89F /* HelloWorldLayer.m in Sources */,
				67C53FDBDDB3D4361C385995 /* AppDelegate.m in Sources */,
				67C53FE1734696FC5F4EAAFF /* main.m in Sources */,
				67C53C8D19487C2D60D860ED /* SceneMenu.m in Sources */,
				AF6EF13A2FBC9B816074F4F9 /* CCButton.m in Sources */,
				AF6EF3A126F4A7E9B86084BA /* ButtonView.m in Sources */,
			);
			runOnlyForDeploymentPostprocessing = 0;
		};
		DCC1A25613A94EE6005BD75D /* Sources */ = {
			isa = PBXSourcesBuildPhase;
			buildActionMask = 2147483647;
			files = (
				67C532A00EF9DE8D551F41C0 /* HelloWorldLayer.m in Sources */,
				67C5339AEC3B93A0A90DF80F /* AppDelegate.m in Sources */,
				67C5334474898FC850F3398E /* main.m in Sources */,
			);
			runOnlyForDeploymentPostprocessing = 0;
		};
/* End PBXSourcesBuildPhase section */

/* Begin PBXVariantGroup section */
		DCC1A26713A94EE6005BD75D /* InfoPlist.strings */ = {
			isa = PBXVariantGroup;
			children = (
				DCC1A26813A94EE6005BD75D /* English */,
			);
			name = InfoPlist.strings;
			sourceTree = "<group>";
		};
		DCC1A26A13A94EE6005BD75D /* MainMenu.xib */ = {
			isa = PBXVariantGroup;
			children = (
				DCC1A26B13A94EE6005BD75D /* English */,
			);
			name = MainMenu.xib;
			sourceTree = "<group>";
		};
/* End PBXVariantGroup section */

/* Begin XCBuildConfiguration section */
		DCC1A0DD13A94EC0005BD75D /* Debug */ = {
			isa = XCBuildConfiguration;
			buildSettings = {
			};
			name = Debug;
		};
		DCC1A0DE13A94EC0005BD75D /* Release */ = {
			isa = XCBuildConfiguration;
			buildSettings = {
			};
			name = Release;
		};
		DCC1A25413A94ED7005BD75D /* Debug */ = {
			isa = XCBuildConfiguration;
			baseConfigurationReference = DCFA90EF13B4F6F7009DD35A /* BuildSettings-Debug-iOS.xcconfig */;
			buildSettings = {
			};
			name = Debug;
		};
		DCC1A25513A94ED7005BD75D /* Release */ = {
			isa = XCBuildConfiguration;
			baseConfigurationReference = DCFA90F013B4F811009DD35A /* BuildSettings-Release-iOS.xcconfig */;
			buildSettings = {
			};
			name = Release;
		};
		DCC1A38A13A94EE7005BD75D /* Debug */ = {
			isa = XCBuildConfiguration;
			baseConfigurationReference = DC9C33E713B5024400931BF2 /* BuildSettings-Debug-Mac.xcconfig */;
			buildSettings = {
			};
			name = Debug;
		};
		DCC1A38B13A94EE7005BD75D /* Release */ = {
			isa = XCBuildConfiguration;
			baseConfigurationReference = DC9C33E913B5024400931BF2 /* BuildSettings-Release-Mac.xcconfig */;
			buildSettings = {
			};
			name = Release;
		};
/* End XCBuildConfiguration section */

/* Begin XCConfigurationList section */
		DCC1A0DB13A94EC0005BD75D /* Build configuration list for PBXProject "UltimateBJ" */ = {
			isa = XCConfigurationList;
			buildConfigurations = (
				DCC1A0DD13A94EC0005BD75D /* Debug */,
				DCC1A0DE13A94EC0005BD75D /* Release */,
			);
			defaultConfigurationIsVisible = 0;
			defaultConfigurationName = Release;
		};
		DCC1A25313A94ED7005BD75D /* Build configuration list for PBXNativeTarget "UltimateBJ-iOS" */ = {
			isa = XCConfigurationList;
			buildConfigurations = (
				DCC1A25413A94ED7005BD75D /* Debug */,
				DCC1A25513A94ED7005BD75D /* Release */,
			);
			defaultConfigurationIsVisible = 0;
			defaultConfigurationName = Release;
		};
		DCC1A38913A94EE7005BD75D /* Build configuration list for PBXNativeTarget "UltimateBJ-Mac" */ = {
			isa = XCConfigurationList;
			buildConfigurations = (
				DCC1A38A13A94EE7005BD75D /* Debug */,
				DCC1A38B13A94EE7005BD75D /* Release */,
			);
			defaultConfigurationIsVisible = 0;
			defaultConfigurationName = Release;
		};
/* End XCConfigurationList section */
	};
	rootObject = DCC1A0D813A94EC0005BD75D /* Project object */;
}
