// !$*UTF8*$!
{
	archiveVersion = 1;
	classes = {
	};
	objectVersion = 46;
	objects = {

/* Begin PBXBuildFile section */
		67C532A00EF9DE8D551F41C0 /* HelloWorldLayer.m in Sources */ = {isa = PBXBuildFile; fileRef = 67C53DEF011737C1C84AC6BE /* HelloWorldLayer.m */; };
		67C5334474898FC850F3398E /* main.m in Sources */ = {isa = PBXBuildFile; fileRef = 67C539016286C087DC5CE6B0 /* main.m */; };
		67C5337C6437F0485CF6428A /* SharedProgressManager.m in Sources */ = {isa = PBXBuildFile; fileRef = 67C531EFC99293118F20DE6A /* SharedProgressManager.m */; };
		67C5339AEC3B93A0A90DF80F /* AppDelegate.m in Sources */ = {isa = PBXBuildFile; fileRef = 67C53C6E106DB6A932C00505 /* AppDelegate.m */; };
		67C53468959083FCB2025D1E /* cardBox.png in Resources */ = {isa = PBXBuildFile; fileRef = 67C537C8A2D0F74B54F73ECE /* cardBox.png */; };
		67C534757601FEE1EC639BC5 /* Game.m in Sources */ = {isa = PBXBuildFile; fileRef = 67C53F7D06C4478BC68C32EF /* Game.m */; };
		67C5357E955876D6EF167C92 /* buttonMenuNormal.png in Resources */ = {isa = PBXBuildFile; fileRef = 67C5379811D9849B50D4FD4B /* buttonMenuNormal.png */; };
		67C53645E4CEE85DA832D4F4 /* ResourceManager.m in Sources */ = {isa = PBXBuildFile; fileRef = 67C5354515A0192F9BAD039C /* ResourceManager.m */; };
		67C53705B6C49575A77DD89F /* HelloWorldLayer.m in Sources */ = {isa = PBXBuildFile; fileRef = 67C53DEF011737C1C84AC6BE /* HelloWorldLayer.m */; };
		67C537C03EFC9AF392EBB17D /* SceneGame.m in Sources */ = {isa = PBXBuildFile; fileRef = 67C5314A81692266CE8507B6 /* SceneGame.m */; };
		67C537E6137EBDBFC6F88E7E /* background(640x960).png in Resources */ = {isa = PBXBuildFile; fileRef = 67C53A4B56A97424622FF594 /* background(640x960).png */; };
		67C5388CEF379A3C6BA6E0A6 /* CardBox.m in Sources */ = {isa = PBXBuildFile; fileRef = 67C5398B859B3CA79011A10E /* CardBox.m */; };
		67C5396A2F5F6BAA203D1D13 /* Card.m in Sources */ = {isa = PBXBuildFile; fileRef = 67C532309651609964F481EB /* Card.m */; };
		67C53B97B7AEE2635848AF24 /* SharedDeviceHelper.m in Sources */ = {isa = PBXBuildFile; fileRef = 67C533D48415600D79900775 /* SharedDeviceHelper.m */; };
		67C53C8D19487C2D60D860ED /* SceneMenu.m in Sources */ = {isa = PBXBuildFile; fileRef = 67C532C2CC6661B30B32E64F /* SceneMenu.m */; };
		67C53D33A3308B940D1E6053 /* SceneBase.m in Sources */ = {isa = PBXBuildFile; fileRef = 67C535E6539AA6B64F683EF7 /* SceneBase.m */; };
		67C53DC9A450E666E1532B50 /* buttonMenuActive.png in Resources */ = {isa = PBXBuildFile; fileRef = 67C53784D06B8CC6D51F782C /* buttonMenuActive.png */; };
		67C53F3F80F871654ECB702C /* background(640x1136).png in Resources */ = {isa = PBXBuildFile; fileRef = 67C53AAFE9AA39C36823A929 /* background(640x1136).png */; };
		67C53FDBDDB3D4361C385995 /* AppDelegate.m in Sources */ = {isa = PBXBuildFile; fileRef = 67C53C6E106DB6A932C00505 /* AppDelegate.m */; };
		67C53FE1734696FC5F4EAAFF /* main.m in Sources */ = {isa = PBXBuildFile; fileRef = 67C539016286C087DC5CE6B0 /* main.m */; };
		AF6EF06A31BD4B0AB62134CB /* cardFace22.png in Resources */ = {isa = PBXBuildFile; fileRef = AF6EF6F4D82E598D4136C4D4 /* cardFace22.png */; };
		AF6EF0A7006EF6D35EA3D5BD /* cardFace16.png in Resources */ = {isa = PBXBuildFile; fileRef = AF6EF7DE7F90F33E6EE8626D /* cardFace16.png */; };
		AF6EF133D996E98C44C806CD /* cardFace21.png in Resources */ = {isa = PBXBuildFile; fileRef = AF6EF1083B146524399DBE3C /* cardFace21.png */; };
		AF6EF133EFADCFB080C3569D /* emptyPlace(60x79).png in Resources */ = {isa = PBXBuildFile; fileRef = AF6EFF808723D16BDA2B3299 /* emptyPlace(60x79).png */; };
		AF6EF13A2FBC9B816074F4F9 /* CCButton.m in Sources */ = {isa = PBXBuildFile; fileRef = AF6EF40389F689D5F386FB06 /* CCButton.m */; };
		AF6EF160DB842A66CDD9F930 /* cardFace43.png in Resources */ = {isa = PBXBuildFile; fileRef = AF6EF348761396B1C7D92E8B /* cardFace43.png */; };
		AF6EF1A25AA861ECDD8E2FCA /* cardFace33.png in Resources */ = {isa = PBXBuildFile; fileRef = AF6EFCAA53AC0C56B80BA03D /* cardFace33.png */; };
		AF6EF1BBDCA9672BE5C1965B /* ButtonGameView.m in Sources */ = {isa = PBXBuildFile; fileRef = AF6EFF2D482433A150B06E9F /* ButtonGameView.m */; };
		AF6EF21AF2DAE52DC25255C9 /* cardFace9.png in Resources */ = {isa = PBXBuildFile; fileRef = AF6EF4A9AC4F1B69723E51BC /* cardFace9.png */; };
		AF6EF2BA68304D645EFBCC8B /* cardFace2.png in Resources */ = {isa = PBXBuildFile; fileRef = AF6EFAFA09611FC7D0A44BE1 /* cardFace2.png */; };
		AF6EF2EE043BB7188FCF018B /* cardFace24.png in Resources */ = {isa = PBXBuildFile; fileRef = AF6EF32D3F9797ABAFD99FEE /* cardFace24.png */; };
		AF6EF33FB75DC3042498C1A3 /* cardBackRed.png in Resources */ = {isa = PBXBuildFile; fileRef = AF6EF781DC04BC738764DCC3 /* cardBackRed.png */; };
		AF6EF34FE99C417B6FF3BBA5 /* cardFace3.png in Resources */ = {isa = PBXBuildFile; fileRef = AF6EFBE3F9DF2F561E84DA39 /* cardFace3.png */; };
		AF6EF3A126F4A7E9B86084BA /* ButtonMenuView.m in Sources */ = {isa = PBXBuildFile; fileRef = AF6EF551377902358A182785 /* ButtonMenuView.m */; };
		AF6EF3DF1F24327B41184997 /* cardFace49.png in Resources */ = {isa = PBXBuildFile; fileRef = AF6EF7FF6A6B140FF7A609AF /* cardFace49.png */; };
		AF6EF452D70C6F283B1D9ACC /* cardFace48.png in Resources */ = {isa = PBXBuildFile; fileRef = AF6EF5AB8C700C2F93252537 /* cardFace48.png */; };
		AF6EF4D4DE15755EF7747B96 /* cardFace13.png in Resources */ = {isa = PBXBuildFile; fileRef = AF6EF49CB2AD0F74468C49E0 /* cardFace13.png */; };
		AF6EF4F384E8B0CCEE89B0C3 /* cardFace23.png in Resources */ = {isa = PBXBuildFile; fileRef = AF6EFE1ED06CD6E4C8B4E21D /* cardFace23.png */; };
		AF6EF5216F43BA544C5F9045 /* PlaceView.m in Sources */ = {isa = PBXBuildFile; fileRef = AF6EFB393406F272A2755948 /* PlaceView.m */; };
		AF6EF53DA58966C2E66051DA /* cardFace8.png in Resources */ = {isa = PBXBuildFile; fileRef = AF6EF86CFCA51CC9BD649BD1 /* cardFace8.png */; };
		AF6EF61EDE68D4B0D7DC4BE8 /* cardFace10.png in Resources */ = {isa = PBXBuildFile; fileRef = AF6EF269213A53C7A0EA3B9C /* cardFace10.png */; };
		AF6EF6315E23DC112D3D9C96 /* cardFace28.png in Resources */ = {isa = PBXBuildFile; fileRef = AF6EF62F82CDE24718E8B104 /* cardFace28.png */; };
		AF6EF6731F124C50864FA05A /* cardFace41.png in Resources */ = {isa = PBXBuildFile; fileRef = AF6EFD4FC3FE9971D19B66B3 /* cardFace41.png */; };
		AF6EF6BB2656A2682C79A956 /* cardFace44.png in Resources */ = {isa = PBXBuildFile; fileRef = AF6EF1CC1C49A643813F7512 /* cardFace44.png */; };
		AF6EF6BB3B02314E5E207D94 /* cardFace18.png in Resources */ = {isa = PBXBuildFile; fileRef = AF6EFBEE0E914233F4B8E1C2 /* cardFace18.png */; };
		AF6EF6C5F59913C2E30FBB5C /* cardFace34.png in Resources */ = {isa = PBXBuildFile; fileRef = AF6EF20846983A691EFA59E4 /* cardFace34.png */; };
		AF6EF6F2B61B355B8578F94C /* cardFace38.png in Resources */ = {isa = PBXBuildFile; fileRef = AF6EF0A968E6C08F38161782 /* cardFace38.png */; };
		AF6EF706C8AFA12C457C6FB5 /* cardFace20.png in Resources */ = {isa = PBXBuildFile; fileRef = AF6EF110B9EFCEAD38D1F728 /* cardFace20.png */; };
		AF6EF74A6812FC0C0E2863E5 /* cardFace12.png in Resources */ = {isa = PBXBuildFile; fileRef = AF6EF44DA7B8FB0F8519FF33 /* cardFace12.png */; };
		AF6EF78451F9187D29C605B3 /* cardFace37.png in Resources */ = {isa = PBXBuildFile; fileRef = AF6EFD47B46CEF5EF54607FF /* cardFace37.png */; };
		AF6EF78673986F5D9389D943 /* cardFace5.png in Resources */ = {isa = PBXBuildFile; fileRef = AF6EF520B306A2F283372870 /* cardFace5.png */; };
		AF6EF7B30CCDF0DA2D98E5BB /* cardFace29.png in Resources */ = {isa = PBXBuildFile; fileRef = AF6EF6E4DF832F2B336316DC /* cardFace29.png */; };
		AF6EF7F88F605BF1D56A97FE /* cardFace42.png in Resources */ = {isa = PBXBuildFile; fileRef = AF6EF92645461E533A402214 /* cardFace42.png */; };
		AF6EF80A558BD8A97113A09D /* cardFace11.png in Resources */ = {isa = PBXBuildFile; fileRef = AF6EF04BEFF55C9D47A00068 /* cardFace11.png */; };
		AF6EF841EFA6E1672AEFFBD7 /* activePlace(60x79).png in Resources */ = {isa = PBXBuildFile; fileRef = AF6EF6C57EA59350802695F7 /* activePlace(60x79).png */; };
		AF6EF86544703CDEA3803CA3 /* CardView.m in Sources */ = {isa = PBXBuildFile; fileRef = AF6EF316DD6BA77ADCCD8C25 /* CardView.m */; };
		AF6EF8ECEED4E9BD0D73D8C5 /* cardFace50.png in Resources */ = {isa = PBXBuildFile; fileRef = AF6EF6CC8D24E4E2CD2CBC97 /* cardFace50.png */; };
		AF6EF90F1C42C3280ED4A3F8 /* cardFace15.png in Resources */ = {isa = PBXBuildFile; fileRef = AF6EF3104148EB62835AA114 /* cardFace15.png */; };
		AF6EF92CC9CD1B91C641BAB6 /* cardFace40.png in Resources */ = {isa = PBXBuildFile; fileRef = AF6EFC84041F908D40345405 /* cardFace40.png */; };
		AF6EF96A7865B42DA7646F98 /* cardFace26.png in Resources */ = {isa = PBXBuildFile; fileRef = AF6EFD532BA83EE224411818 /* cardFace26.png */; };
		AF6EF974BA00E985E207A932 /* cardBackBlue.png in Resources */ = {isa = PBXBuildFile; fileRef = AF6EFBE7E3D9A54092A2BFF8 /* cardBackBlue.png */; };
		AF6EF9BD88D708F4ABDADE8A /* Place.m in Sources */ = {isa = PBXBuildFile; fileRef = AF6EF38F7E4BF5FAA1C86BC4 /* Place.m */; };
		AF6EF9CD24C8EA5D53D53AD2 /* cardFace30.png in Resources */ = {isa = PBXBuildFile; fileRef = AF6EF420AFEBD56AD72BBA48 /* cardFace30.png */; };
		AF6EFA2EE6B26E7BE19F2536 /* cardFace47.png in Resources */ = {isa = PBXBuildFile; fileRef = AF6EF099B990D75B16C72C1E /* cardFace47.png */; };
		AF6EFA35AE73B39BF1884AA2 /* cardFace1.png in Resources */ = {isa = PBXBuildFile; fileRef = AF6EF4E15101ADFD38B837B1 /* cardFace1.png */; };
		AF6EFA450D896847FC321CFF /* cardFace51.png in Resources */ = {isa = PBXBuildFile; fileRef = AF6EFAA5DB5F169C44AD8FCD /* cardFace51.png */; };
		AF6EFAC84C3A858EC049A7B3 /* cardFace6.png in Resources */ = {isa = PBXBuildFile; fileRef = AF6EF7BCC3B3B995280E93CC /* cardFace6.png */; };
		AF6EFB404FF73657C8ACAA3F /* activePlaceLeft(86x86).png in Resources */ = {isa = PBXBuildFile; fileRef = AF6EFB59263CB2247B4C941F /* activePlaceLeft(86x86).png */; };
		AF6EFCF016D444C1C07D1B63 /* cardFace32.png in Resources */ = {isa = PBXBuildFile; fileRef = AF6EF39E9256B5997CA1F439 /* cardFace32.png */; };
		AF6EFCF539D2B44013B49C5A /* cardFace7.png in Resources */ = {isa = PBXBuildFile; fileRef = AF6EF0D1472607E4CB48AC67 /* cardFace7.png */; };
		AF6EFD24597970EE4B8BEC9E /* cardFace4.png in Resources */ = {isa = PBXBuildFile; fileRef = AF6EF628F134F39F09EBE002 /* cardFace4.png */; };
		AF6EFD4C519B9EA101A88823 /* cardFace0.png in Resources */ = {isa = PBXBuildFile; fileRef = AF6EF9B5189816F9F32FCFB6 /* cardFace0.png */; };
		AF6EFD5D03604EC5399456B6 /* cardFace35.png in Resources */ = {isa = PBXBuildFile; fileRef = AF6EFE1A3C295A243D2943EE /* cardFace35.png */; };
		AF6EFD5EBFC853DBCCAE43C2 /* MoneyManager.m in Sources */ = {isa = PBXBuildFile; fileRef = AF6EFB1DCE76D2354F5BC03A /* MoneyManager.m */; };
		AF6EFD9A7DC310548447AACD /* cardFace31.png in Resources */ = {isa = PBXBuildFile; fileRef = AF6EF15E85F979125353DC4A /* cardFace31.png */; };
		AF6EFDAAA5A8C2F7B26C9743 /* cardFace25.png in Resources */ = {isa = PBXBuildFile; fileRef = AF6EF2308CB9ABD9F61CD4A9 /* cardFace25.png */; };
		AF6EFDB0497E8A9851041BBD /* cardFace14.png in Resources */ = {isa = PBXBuildFile; fileRef = AF6EF858B9F31274AFF9E15C /* cardFace14.png */; };
		AF6EFDBAE3B59ECAA4AFD3AC /* cardFace39.png in Resources */ = {isa = PBXBuildFile; fileRef = AF6EFE8193B4D30F6D09EE52 /* cardFace39.png */; };
		AF6EFE0F6962F8CFBAF37D1F /* cardFace46.png in Resources */ = {isa = PBXBuildFile; fileRef = AF6EFFF4C52BBF082C9A0C47 /* cardFace46.png */; };
		AF6EFE85903DCD6E54FAD29A /* cardFace27.png in Resources */ = {isa = PBXBuildFile; fileRef = AF6EFF297ECB9DA5BFEAE38F /* cardFace27.png */; };
		AF6EFE85F0CC2F9DFA6EF13A /* cardFace45.png in Resources */ = {isa = PBXBuildFile; fileRef = AF6EFEC8C83EC35B3DCB2AC3 /* cardFace45.png */; };
		AF6EFE8E99BE76FF7B98F72B /* cardFace17.png in Resources */ = {isa = PBXBuildFile; fileRef = AF6EFFDE471B93605733020C /* cardFace17.png */; };
		AF6EFEFF621176DF2D3D6415 /* activePlaceRight(86x86).png in Resources */ = {isa = PBXBuildFile; fileRef = AF6EF2D51F82FE2678044A4F /* activePlaceRight(86x86).png */; };
		AF6EFF73721336C1C09EF41C /* cardFace19.png in Resources */ = {isa = PBXBuildFile; fileRef = AF6EF8792A0E265B4166F83D /* cardFace19.png */; };
		AF6EFF7A6F3C885DBE3E39EF /* emptyPlace(86x86).png in Resources */ = {isa = PBXBuildFile; fileRef = AF6EF2F41831C9497674E430 /* emptyPlace(86x86).png */; };
		AF6EFF89C95AD568137FA6BC /* cardFace36.png in Resources */ = {isa = PBXBuildFile; fileRef = AF6EFBB92E92D7612864DAB0 /* cardFace36.png */; };
		DC1BE6A014F417CC00F49D25 /* Ubuntu-B.ttf in Resources */ = {isa = PBXBuildFile; fileRef = DC1BE68C14F417CC00F49D25 /* Ubuntu-B.ttf */; };
		DC1BE6A114F417CC00F49D25 /* Ubuntu-BI.ttf in Resources */ = {isa = PBXBuildFile; fileRef = DC1BE68D14F417CC00F49D25 /* Ubuntu-BI.ttf */; };
		DC1BE6A214F417CC00F49D25 /* Ubuntu-C.ttf in Resources */ = {isa = PBXBuildFile; fileRef = DC1BE68E14F417CC00F49D25 /* Ubuntu-C.ttf */; };
		DC1BE6A314F417CC00F49D25 /* Ubuntu-L.ttf in Resources */ = {isa = PBXBuildFile; fileRef = DC1BE68F14F417CC00F49D25 /* Ubuntu-L.ttf */; };
		DC1BE6A414F417CC00F49D25 /* Ubuntu-LI.ttf in Resources */ = {isa = PBXBuildFile; fileRef = DC1BE69014F417CC00F49D25 /* Ubuntu-LI.ttf */; };
		DC1BE6A514F417CC00F49D25 /* Ubuntu-M.ttf in Resources */ = {isa = PBXBuildFile; fileRef = DC1BE69114F417CC00F49D25 /* Ubuntu-M.ttf */; };
		DC1BE6A614F417CC00F49D25 /* Ubuntu-MI.ttf in Resources */ = {isa = PBXBuildFile; fileRef = DC1BE69214F417CC00F49D25 /* Ubuntu-MI.ttf */; };
		DC1BE6A714F417CC00F49D25 /* Ubuntu-R.ttf in Resources */ = {isa = PBXBuildFile; fileRef = DC1BE69314F417CC00F49D25 /* Ubuntu-R.ttf */; };
		DC1BE6A814F417CC00F49D25 /* Ubuntu-RI.ttf in Resources */ = {isa = PBXBuildFile; fileRef = DC1BE69414F417CC00F49D25 /* Ubuntu-RI.ttf */; };
		DC1BE6A914F417CC00F49D25 /* UbuntuMono-B.ttf in Resources */ = {isa = PBXBuildFile; fileRef = DC1BE69514F417CC00F49D25 /* UbuntuMono-B.ttf */; };
		DC1BE6AA14F417CC00F49D25 /* UbuntuMono-BI.ttf in Resources */ = {isa = PBXBuildFile; fileRef = DC1BE69614F417CC00F49D25 /* UbuntuMono-BI.ttf */; };
		DC1BE6AB14F417CC00F49D25 /* UbuntuMono-R.ttf in Resources */ = {isa = PBXBuildFile; fileRef = DC1BE69714F417CC00F49D25 /* UbuntuMono-R.ttf */; };
		DC1BE6AC14F417CC00F49D25 /* UbuntuMono-RI.ttf in Resources */ = {isa = PBXBuildFile; fileRef = DC1BE69814F417CC00F49D25 /* UbuntuMono-RI.ttf */; };
		DC26D6DA14B9F2C600B6002E /* fps_images-hd.png in Resources */ = {isa = PBXBuildFile; fileRef = DC26D6D914B9F2C600B6002E /* fps_images-hd.png */; };
		DC26D6DB14B9F2C600B6002E /* fps_images-hd.png in Resources */ = {isa = PBXBuildFile; fileRef = DC26D6D914B9F2C600B6002E /* fps_images-hd.png */; };
		DC2721A2160CAEB600D88944 /* Default-568h@2x.png in Resources */ = {isa = PBXBuildFile; fileRef = DC2721A1160CAEB600D88944 /* Default-568h@2x.png */; };
		DC2721AA160CAFC700D88944 /* iTunesArtwork in Resources */ = {isa = PBXBuildFile; fileRef = DC2721A9160CAFC700D88944 /* iTunesArtwork */; };
		DC275D2B13B27DBF009C5098 /* Pow.caf in Resources */ = {isa = PBXBuildFile; fileRef = DC275D2A13B27DBF009C5098 /* Pow.caf */; };
		DC275D2C13B27DBF009C5098 /* Pow.caf in Resources */ = {isa = PBXBuildFile; fileRef = DC275D2A13B27DBF009C5098 /* Pow.caf */; };
		DC485B1113AA0E5600F2BC70 /* libchipmunk-mac.a in Frameworks */ = {isa = PBXBuildFile; fileRef = DC485B0D13AA0E5600F2BC70 /* libchipmunk-mac.a */; };
		DC485B1713AA0EBB00F2BC70 /* libbox2d-mac.a in Frameworks */ = {isa = PBXBuildFile; fileRef = DC485B1613AA0EBB00F2BC70 /* libbox2d-mac.a */; };
		DC485B4613AA18A600F2BC70 /* libcocosdenshion-mac.a in Frameworks */ = {isa = PBXBuildFile; fileRef = DC485B4513AA18A600F2BC70 /* libcocosdenshion-mac.a */; };
		DC485B4813AA194F00F2BC70 /* ship.png in Resources */ = {isa = PBXBuildFile; fileRef = DC485B4713AA194F00F2BC70 /* ship.png */; };
		DC485B4913AA194F00F2BC70 /* ship.png in Resources */ = {isa = PBXBuildFile; fileRef = DC485B4713AA194F00F2BC70 /* ship.png */; };
		DC485B4B13AA1C0E00F2BC70 /* ship-hd.png in Resources */ = {isa = PBXBuildFile; fileRef = DC485B4A13AA1C0E00F2BC70 /* ship-hd.png */; };
		DC485B4C13AA1C0E00F2BC70 /* ship-hd.png in Resources */ = {isa = PBXBuildFile; fileRef = DC485B4A13AA1C0E00F2BC70 /* ship-hd.png */; };
		DC65615C13A969B600A7AC53 /* libbox2d-ios.a in Frameworks */ = {isa = PBXBuildFile; fileRef = DC65615013A969B600A7AC53 /* libbox2d-ios.a */; };
		DC65615D13A969B600A7AC53 /* libchipmunk-ios.a in Frameworks */ = {isa = PBXBuildFile; fileRef = DC65615113A969B600A7AC53 /* libchipmunk-ios.a */; };
		DC65615E13A969B600A7AC53 /* libchipmunk-spacemanager-ios.a in Frameworks */ = {isa = PBXBuildFile; fileRef = DC65615213A969B600A7AC53 /* libchipmunk-spacemanager-ios.a */; };
		DC65616013A969B600A7AC53 /* libcocos2d-extensions-ios.a in Frameworks */ = {isa = PBXBuildFile; fileRef = DC65615413A969B600A7AC53 /* libcocos2d-extensions-ios.a */; };
		DC65616113A969B600A7AC53 /* libcocos2d-ios.a in Frameworks */ = {isa = PBXBuildFile; fileRef = DC65615513A969B600A7AC53 /* libcocos2d-ios.a */; };
		DC65616213A969B600A7AC53 /* libcocos3d-ios.a in Frameworks */ = {isa = PBXBuildFile; fileRef = DC65615613A969B600A7AC53 /* libcocos3d-ios.a */; };
		DC65616313A969B600A7AC53 /* libcocosdenshion-ios.a in Frameworks */ = {isa = PBXBuildFile; fileRef = DC65615713A969B600A7AC53 /* libcocosdenshion-ios.a */; };
		DC65616413A969B600A7AC53 /* libkobold2d-ios.a in Frameworks */ = {isa = PBXBuildFile; fileRef = DC65615813A969B600A7AC53 /* libkobold2d-ios.a */; };
		DC65616513A969B600A7AC53 /* libobjectal-ios.a in Frameworks */ = {isa = PBXBuildFile; fileRef = DC65615913A969B600A7AC53 /* libobjectal-ios.a */; };
		DC65616613A969B600A7AC53 /* libsneakyinput-ios.a in Frameworks */ = {isa = PBXBuildFile; fileRef = DC65615A13A969B600A7AC53 /* libsneakyinput-ios.a */; };
		DC65617315114B4A00E59F8A /* fps_images-ipadhd.png in Resources */ = {isa = PBXBuildFile; fileRef = DC65617215114B4A00E59F8A /* fps_images-ipadhd.png */; };
		DC979E3E13B35F8800656CB9 /* libcocos2d-extensions-mac.a in Frameworks */ = {isa = PBXBuildFile; fileRef = DC979E3D13B35F8800656CB9 /* libcocos2d-extensions-mac.a */; };
		DC979E5A13B3607E00656CB9 /* libchipmunk-spacemanager-mac.a in Frameworks */ = {isa = PBXBuildFile; fileRef = DC979E5913B3607E00656CB9 /* libchipmunk-spacemanager-mac.a */; };
		DCC1A0FA13A94ED5005BD75D /* Default.png in Resources */ = {isa = PBXBuildFile; fileRef = DCC1A0F913A94ED5005BD75D /* Default.png */; };
		DCC1A0FC13A94ED5005BD75D /* fps_images.png in Resources */ = {isa = PBXBuildFile; fileRef = DCC1A0FB13A94ED5005BD75D /* fps_images.png */; };
		DCC1A0FE13A94ED5005BD75D /* Icon-72.png in Resources */ = {isa = PBXBuildFile; fileRef = DCC1A0FD13A94ED5005BD75D /* Icon-72.png */; };
		DCC1A10013A94ED5005BD75D /* Icon-Small-50.png in Resources */ = {isa = PBXBuildFile; fileRef = DCC1A0FF13A94ED5005BD75D /* Icon-Small-50.png */; };
		DCC1A10213A94ED5005BD75D /* Icon-Small.png in Resources */ = {isa = PBXBuildFile; fileRef = DCC1A10113A94ED5005BD75D /* Icon-Small.png */; };
		DCC1A10413A94ED5005BD75D /* Icon-Small@2x.png in Resources */ = {isa = PBXBuildFile; fileRef = DCC1A10313A94ED5005BD75D /* Icon-Small@2x.png */; };
		DCC1A10613A94ED5005BD75D /* Icon.png in Resources */ = {isa = PBXBuildFile; fileRef = DCC1A10513A94ED5005BD75D /* Icon.png */; };
		DCC1A10813A94ED5005BD75D /* Icon@2x.png in Resources */ = {isa = PBXBuildFile; fileRef = DCC1A10713A94ED5005BD75D /* Icon@2x.png */; };
		DCC1A26913A94EE6005BD75D /* InfoPlist.strings in Resources */ = {isa = PBXBuildFile; fileRef = DCC1A26713A94EE6005BD75D /* InfoPlist.strings */; };
		DCC1A26C13A94EE6005BD75D /* MainMenu.xib in Resources */ = {isa = PBXBuildFile; fileRef = DCC1A26A13A94EE6005BD75D /* MainMenu.xib */; };
		DCC1A26E13A94EE6005BD75D /* fps_images.png in Resources */ = {isa = PBXBuildFile; fileRef = DCC1A26D13A94EE6005BD75D /* fps_images.png */; };
		DCC1A27013A94EE6005BD75D /* icon.icns in Resources */ = {isa = PBXBuildFile; fileRef = DCC1A26F13A94EE6005BD75D /* icon.icns */; };
		DCC1A3AF13A94F1A005BD75D /* config.lua in Resources */ = {isa = PBXBuildFile; fileRef = DCC1A39513A94F1A005BD75D /* config.lua */; };
		DCC1A3B013A94F1A005BD75D /* config.lua in Resources */ = {isa = PBXBuildFile; fileRef = DCC1A39513A94F1A005BD75D /* config.lua */; };
		DCF95CD213A97EC500AE3B80 /* libcocos2d-mac.a in Frameworks */ = {isa = PBXBuildFile; fileRef = DCF95CC913A97EC500AE3B80 /* libcocos2d-mac.a */; };
		DCF95CD413A97EC500AE3B80 /* libkobold2d-mac.a in Frameworks */ = {isa = PBXBuildFile; fileRef = DCF95CCB13A97EC500AE3B80 /* libkobold2d-mac.a */; };
/* End PBXBuildFile section */

/* Begin PBXFileReference section */
		67C530C8B50D1477FCE71E22 /* ESceneType.h */ = {isa = PBXFileReference; fileEncoding = 4; lastKnownFileType = sourcecode.c.h; path = ESceneType.h; sourceTree = "<group>"; };
		67C53109FE3B359D5E57AC89 /* SceneBase.h */ = {isa = PBXFileReference; fileEncoding = 4; lastKnownFileType = sourcecode.c.h; path = SceneBase.h; sourceTree = "<group>"; };
		67C53123061BAF36B06FDB31 /* CardBox.h */ = {isa = PBXFileReference; fileEncoding = 4; lastKnownFileType = sourcecode.c.h; path = CardBox.h; sourceTree = "<group>"; };
		67C5312520981B29C7D5865D /* Card.h */ = {isa = PBXFileReference; fileEncoding = 4; lastKnownFileType = sourcecode.c.h; path = Card.h; sourceTree = "<group>"; };
		67C5314A81692266CE8507B6 /* SceneGame.m */ = {isa = PBXFileReference; fileEncoding = 4; lastKnownFileType = sourcecode.c.objc; path = SceneGame.m; sourceTree = "<group>"; };
		67C531A3D61BDE407650C0F2 /* ECardType.h */ = {isa = PBXFileReference; fileEncoding = 4; lastKnownFileType = sourcecode.c.h; path = ECardType.h; sourceTree = "<group>"; };
		67C531EFC99293118F20DE6A /* SharedProgressManager.m */ = {isa = PBXFileReference; fileEncoding = 4; lastKnownFileType = sourcecode.c.objc; path = SharedProgressManager.m; sourceTree = "<group>"; };
		67C532309651609964F481EB /* Card.m */ = {isa = PBXFileReference; fileEncoding = 4; lastKnownFileType = sourcecode.c.objc; path = Card.m; sourceTree = "<group>"; };
		67C53266365E02302A3A48C9 /* ECardSuit.h */ = {isa = PBXFileReference; fileEncoding = 4; lastKnownFileType = sourcecode.c.h; path = ECardSuit.h; sourceTree = "<group>"; };
		67C532C2CC6661B30B32E64F /* SceneMenu.m */ = {isa = PBXFileReference; fileEncoding = 4; lastKnownFileType = sourcecode.c.objc; path = SceneMenu.m; sourceTree = "<group>"; };
		67C5330F3A008DC6C36EF5AB /* HelloWorldLayer.h */ = {isa = PBXFileReference; fileEncoding = 4; lastKnownFileType = sourcecode.c.h; path = HelloWorldLayer.h; sourceTree = "<group>"; };
		67C53385B63156F2B1FD0E32 /* AppDelegate.h */ = {isa = PBXFileReference; fileEncoding = 4; lastKnownFileType = sourcecode.c.h; path = AppDelegate.h; sourceTree = "<group>"; };
		67C533D48415600D79900775 /* SharedDeviceHelper.m */ = {isa = PBXFileReference; fileEncoding = 4; lastKnownFileType = sourcecode.c.objc; path = SharedDeviceHelper.m; sourceTree = "<group>"; };
		67C534474CC66D340962FF3D /* SceneMenu.h */ = {isa = PBXFileReference; fileEncoding = 4; lastKnownFileType = sourcecode.c.h; path = SceneMenu.h; sourceTree = "<group>"; };
		67C53509F68B98B87E10D49F /* ELanguageType.h */ = {isa = PBXFileReference; fileEncoding = 4; lastKnownFileType = sourcecode.c.h; path = ELanguageType.h; sourceTree = "<group>"; };
		67C5354515A0192F9BAD039C /* ResourceManager.m */ = {isa = PBXFileReference; fileEncoding = 4; lastKnownFileType = sourcecode.c.objc; path = ResourceManager.m; sourceTree = "<group>"; };
		67C535E6539AA6B64F683EF7 /* SceneBase.m */ = {isa = PBXFileReference; fileEncoding = 4; lastKnownFileType = sourcecode.c.objc; path = SceneBase.m; sourceTree = "<group>"; };
		67C536229A56BC019375BAF2 /* Game.h */ = {isa = PBXFileReference; fileEncoding = 4; lastKnownFileType = sourcecode.c.h; path = Game.h; sourceTree = "<group>"; };
		67C53784D06B8CC6D51F782C /* buttonMenuActive.png */ = {isa = PBXFileReference; lastKnownFileType = image.png; path = buttonMenuActive.png; sourceTree = "<group>"; };
		67C5379811D9849B50D4FD4B /* buttonMenuNormal.png */ = {isa = PBXFileReference; lastKnownFileType = image.png; path = buttonMenuNormal.png; sourceTree = "<group>"; };
		67C537C8A2D0F74B54F73ECE /* cardBox.png */ = {isa = PBXFileReference; lastKnownFileType = image.png; path = cardBox.png; sourceTree = "<group>"; };
		67C538CC8506C214AA44F513 /* SharedDeviceHelper.h */ = {isa = PBXFileReference; fileEncoding = 4; lastKnownFileType = sourcecode.c.h; path = SharedDeviceHelper.h; sourceTree = "<group>"; };
		67C539016286C087DC5CE6B0 /* main.m */ = {isa = PBXFileReference; fileEncoding = 4; lastKnownFileType = sourcecode.c.objc; path = main.m; sourceTree = "<group>"; };
		67C539549EDFAFAC55C0D08B /* EDeviceType.h */ = {isa = PBXFileReference; fileEncoding = 4; lastKnownFileType = sourcecode.c.h; path = EDeviceType.h; sourceTree = "<group>"; };
		67C5398B859B3CA79011A10E /* CardBox.m */ = {isa = PBXFileReference; fileEncoding = 4; lastKnownFileType = sourcecode.c.objc; path = CardBox.m; sourceTree = "<group>"; };
		67C53A4B56A97424622FF594 /* background(640x960).png */ = {isa = PBXFileReference; lastKnownFileType = image.png; path = "background(640x960).png"; sourceTree = "<group>"; };
		67C53AAFE9AA39C36823A929 /* background(640x1136).png */ = {isa = PBXFileReference; lastKnownFileType = image.png; path = "background(640x1136).png"; sourceTree = "<group>"; };
		67C53AE64E7C449F8341E6C1 /* ResourceManager.h */ = {isa = PBXFileReference; fileEncoding = 4; lastKnownFileType = sourcecode.c.h; path = ResourceManager.h; sourceTree = "<group>"; };
		67C53AEDD6DA12E4AA111364 /* SceneGame.h */ = {isa = PBXFileReference; fileEncoding = 4; lastKnownFileType = sourcecode.c.h; path = SceneGame.h; sourceTree = "<group>"; };
		67C53C6E106DB6A932C00505 /* AppDelegate.m */ = {isa = PBXFileReference; fileEncoding = 4; lastKnownFileType = sourcecode.c.objc; path = AppDelegate.m; sourceTree = "<group>"; };
		67C53DEF011737C1C84AC6BE /* HelloWorldLayer.m */ = {isa = PBXFileReference; fileEncoding = 4; lastKnownFileType = sourcecode.c.objc; path = HelloWorldLayer.m; sourceTree = "<group>"; };
		67C53E12A265EEEF2D36CBF8 /* SharedProgressManager.h */ = {isa = PBXFileReference; fileEncoding = 4; lastKnownFileType = sourcecode.c.h; path = SharedProgressManager.h; sourceTree = "<group>"; };
		67C53F7D06C4478BC68C32EF /* Game.m */ = {isa = PBXFileReference; fileEncoding = 4; lastKnownFileType = sourcecode.c.objc; path = Game.m; sourceTree = "<group>"; };
		AF6EF04BEFF55C9D47A00068 /* cardFace11.png */ = {isa = PBXFileReference; lastKnownFileType = image.png; path = cardFace11.png; sourceTree = "<group>"; };
		AF6EF099B990D75B16C72C1E /* cardFace47.png */ = {isa = PBXFileReference; lastKnownFileType = image.png; path = cardFace47.png; sourceTree = "<group>"; };
		AF6EF0A968E6C08F38161782 /* cardFace38.png */ = {isa = PBXFileReference; lastKnownFileType = image.png; path = cardFace38.png; sourceTree = "<group>"; };
		AF6EF0B7C418A78EAB4F7966 /* CCButton.h */ = {isa = PBXFileReference; fileEncoding = 4; lastKnownFileType = sourcecode.c.h; path = CCButton.h; sourceTree = "<group>"; };
		AF6EF0D1472607E4CB48AC67 /* cardFace7.png */ = {isa = PBXFileReference; lastKnownFileType = image.png; path = cardFace7.png; sourceTree = "<group>"; };
		AF6EF1083B146524399DBE3C /* cardFace21.png */ = {isa = PBXFileReference; lastKnownFileType = image.png; path = cardFace21.png; sourceTree = "<group>"; };
		AF6EF110B9EFCEAD38D1F728 /* cardFace20.png */ = {isa = PBXFileReference; lastKnownFileType = image.png; path = cardFace20.png; sourceTree = "<group>"; };
		AF6EF15E85F979125353DC4A /* cardFace31.png */ = {isa = PBXFileReference; lastKnownFileType = image.png; path = cardFace31.png; sourceTree = "<group>"; };
		AF6EF1CC1C49A643813F7512 /* cardFace44.png */ = {isa = PBXFileReference; lastKnownFileType = image.png; path = cardFace44.png; sourceTree = "<group>"; };
		AF6EF20846983A691EFA59E4 /* cardFace34.png */ = {isa = PBXFileReference; lastKnownFileType = image.png; path = cardFace34.png; sourceTree = "<group>"; };
		AF6EF2308CB9ABD9F61CD4A9 /* cardFace25.png */ = {isa = PBXFileReference; lastKnownFileType = image.png; path = cardFace25.png; sourceTree = "<group>"; };
		AF6EF269213A53C7A0EA3B9C /* cardFace10.png */ = {isa = PBXFileReference; lastKnownFileType = image.png; path = cardFace10.png; sourceTree = "<group>"; };
		AF6EF2D51F82FE2678044A4F /* activePlaceRight(86x86).png */ = {isa = PBXFileReference; lastKnownFileType = image.png; path = "activePlaceRight(86x86).png"; sourceTree = "<group>"; };
		AF6EF2F41831C9497674E430 /* emptyPlace(86x86).png */ = {isa = PBXFileReference; lastKnownFileType = image.png; path = "emptyPlace(86x86).png"; sourceTree = "<group>"; };
		AF6EF3104148EB62835AA114 /* cardFace15.png */ = {isa = PBXFileReference; lastKnownFileType = image.png; path = cardFace15.png; sourceTree = "<group>"; };
		AF6EF316DD6BA77ADCCD8C25 /* CardView.m */ = {isa = PBXFileReference; fileEncoding = 4; lastKnownFileType = sourcecode.c.objc; path = CardView.m; sourceTree = "<group>"; };
		AF6EF32D3F9797ABAFD99FEE /* cardFace24.png */ = {isa = PBXFileReference; lastKnownFileType = image.png; path = cardFace24.png; sourceTree = "<group>"; };
		AF6EF3341F3CF5E11D2B14FA /* Place.h */ = {isa = PBXFileReference; fileEncoding = 4; lastKnownFileType = sourcecode.c.h; path = Place.h; sourceTree = "<group>"; };
		AF6EF348761396B1C7D92E8B /* cardFace43.png */ = {isa = PBXFileReference; lastKnownFileType = image.png; path = cardFace43.png; sourceTree = "<group>"; };
		AF6EF38F7E4BF5FAA1C86BC4 /* Place.m */ = {isa = PBXFileReference; fileEncoding = 4; lastKnownFileType = sourcecode.c.objc; path = Place.m; sourceTree = "<group>"; };
		AF6EF39E9256B5997CA1F439 /* cardFace32.png */ = {isa = PBXFileReference; lastKnownFileType = image.png; path = cardFace32.png; sourceTree = "<group>"; };
		AF6EF40389F689D5F386FB06 /* CCButton.m */ = {isa = PBXFileReference; fileEncoding = 4; lastKnownFileType = sourcecode.c.objc; path = CCButton.m; sourceTree = "<group>"; };
		AF6EF420AFEBD56AD72BBA48 /* cardFace30.png */ = {isa = PBXFileReference; lastKnownFileType = image.png; path = cardFace30.png; sourceTree = "<group>"; };
		AF6EF43741FA3090A498305E /* ButtonGameView.h */ = {isa = PBXFileReference; fileEncoding = 4; lastKnownFileType = sourcecode.c.h; path = ButtonGameView.h; sourceTree = "<group>"; };
		AF6EF44DA7B8FB0F8519FF33 /* cardFace12.png */ = {isa = PBXFileReference; lastKnownFileType = image.png; path = cardFace12.png; sourceTree = "<group>"; };
		AF6EF49CB2AD0F74468C49E0 /* cardFace13.png */ = {isa = PBXFileReference; lastKnownFileType = image.png; path = cardFace13.png; sourceTree = "<group>"; };
		AF6EF4A18B51160220C9779C /* PlaceView.h */ = {isa = PBXFileReference; fileEncoding = 4; lastKnownFileType = sourcecode.c.h; path = PlaceView.h; sourceTree = "<group>"; };
		AF6EF4A9AC4F1B69723E51BC /* cardFace9.png */ = {isa = PBXFileReference; lastKnownFileType = image.png; path = cardFace9.png; sourceTree = "<group>"; };
		AF6EF4E15101ADFD38B837B1 /* cardFace1.png */ = {isa = PBXFileReference; lastKnownFileType = image.png; path = cardFace1.png; sourceTree = "<group>"; };
		AF6EF4E6B6FF61C524E3AEF8 /* MoneyManager.h */ = {isa = PBXFileReference; fileEncoding = 4; lastKnownFileType = sourcecode.c.h; path = MoneyManager.h; sourceTree = "<group>"; };
		AF6EF520B306A2F283372870 /* cardFace5.png */ = {isa = PBXFileReference; lastKnownFileType = image.png; path = cardFace5.png; sourceTree = "<group>"; };
		AF6EF551377902358A182785 /* ButtonMenuView.m */ = {isa = PBXFileReference; fileEncoding = 4; lastKnownFileType = sourcecode.c.objc; path = ButtonMenuView.m; sourceTree = "<group>"; };
		AF6EF5AB8C700C2F93252537 /* cardFace48.png */ = {isa = PBXFileReference; lastKnownFileType = image.png; path = cardFace48.png; sourceTree = "<group>"; };
		AF6EF628F134F39F09EBE002 /* cardFace4.png */ = {isa = PBXFileReference; lastKnownFileType = image.png; path = cardFace4.png; sourceTree = "<group>"; };
		AF6EF62F82CDE24718E8B104 /* cardFace28.png */ = {isa = PBXFileReference; lastKnownFileType = image.png; path = cardFace28.png; sourceTree = "<group>"; };
		AF6EF6C57EA59350802695F7 /* activePlace(60x79).png */ = {isa = PBXFileReference; lastKnownFileType = image.png; path = "activePlace(60x79).png"; sourceTree = "<group>"; };
		AF6EF6CC8D24E4E2CD2CBC97 /* cardFace50.png */ = {isa = PBXFileReference; lastKnownFileType = image.png; path = cardFace50.png; sourceTree = "<group>"; };
		AF6EF6E4DF832F2B336316DC /* cardFace29.png */ = {isa = PBXFileReference; lastKnownFileType = image.png; path = cardFace29.png; sourceTree = "<group>"; };
		AF6EF6F4D82E598D4136C4D4 /* cardFace22.png */ = {isa = PBXFileReference; lastKnownFileType = image.png; path = cardFace22.png; sourceTree = "<group>"; };
		AF6EF781DC04BC738764DCC3 /* cardBackRed.png */ = {isa = PBXFileReference; lastKnownFileType = image.png; path = cardBackRed.png; sourceTree = "<group>"; };
		AF6EF7BCC3B3B995280E93CC /* cardFace6.png */ = {isa = PBXFileReference; lastKnownFileType = image.png; path = cardFace6.png; sourceTree = "<group>"; };
		AF6EF7DE7F90F33E6EE8626D /* cardFace16.png */ = {isa = PBXFileReference; lastKnownFileType = image.png; path = cardFace16.png; sourceTree = "<group>"; };
		AF6EF7FF6A6B140FF7A609AF /* cardFace49.png */ = {isa = PBXFileReference; lastKnownFileType = image.png; path = cardFace49.png; sourceTree = "<group>"; };
		AF6EF858B9F31274AFF9E15C /* cardFace14.png */ = {isa = PBXFileReference; lastKnownFileType = image.png; path = cardFace14.png; sourceTree = "<group>"; };
		AF6EF86CFCA51CC9BD649BD1 /* cardFace8.png */ = {isa = PBXFileReference; lastKnownFileType = image.png; path = cardFace8.png; sourceTree = "<group>"; };
		AF6EF8792A0E265B4166F83D /* cardFace19.png */ = {isa = PBXFileReference; lastKnownFileType = image.png; path = cardFace19.png; sourceTree = "<group>"; };
		AF6EF92645461E533A402214 /* cardFace42.png */ = {isa = PBXFileReference; lastKnownFileType = image.png; path = cardFace42.png; sourceTree = "<group>"; };
		AF6EF99EBD051EC520C9B2B2 /* EButtonGameType.h */ = {isa = PBXFileReference; fileEncoding = 4; lastKnownFileType = sourcecode.c.h; path = EButtonGameType.h; sourceTree = "<group>"; };
		AF6EF9B5189816F9F32FCFB6 /* cardFace0.png */ = {isa = PBXFileReference; lastKnownFileType = image.png; path = cardFace0.png; sourceTree = "<group>"; };
		AF6EFA024E42E3ADBC887C9D /* ButtonMenuView.h */ = {isa = PBXFileReference; fileEncoding = 4; lastKnownFileType = sourcecode.c.h; path = ButtonMenuView.h; sourceTree = "<group>"; };
		AF6EFA619F44C0F0555EAFA3 /* EButtonMenuType.h */ = {isa = PBXFileReference; fileEncoding = 4; lastKnownFileType = sourcecode.c.h; path = EButtonMenuType.h; sourceTree = "<group>"; };
		AF6EFAA5DB5F169C44AD8FCD /* cardFace51.png */ = {isa = PBXFileReference; lastKnownFileType = image.png; path = cardFace51.png; sourceTree = "<group>"; };
		AF6EFAFA09611FC7D0A44BE1 /* cardFace2.png */ = {isa = PBXFileReference; lastKnownFileType = image.png; path = cardFace2.png; sourceTree = "<group>"; };
		AF6EFB1DCE76D2354F5BC03A /* MoneyManager.m */ = {isa = PBXFileReference; fileEncoding = 4; lastKnownFileType = sourcecode.c.objc; path = MoneyManager.m; sourceTree = "<group>"; };
		AF6EFB393406F272A2755948 /* PlaceView.m */ = {isa = PBXFileReference; fileEncoding = 4; lastKnownFileType = sourcecode.c.objc; path = PlaceView.m; sourceTree = "<group>"; };
		AF6EFB59263CB2247B4C941F /* activePlaceLeft(86x86).png */ = {isa = PBXFileReference; lastKnownFileType = image.png; path = "activePlaceLeft(86x86).png"; sourceTree = "<group>"; };
		AF6EFBB92E92D7612864DAB0 /* cardFace36.png */ = {isa = PBXFileReference; lastKnownFileType = image.png; path = cardFace36.png; sourceTree = "<group>"; };
		AF6EFBE3F9DF2F561E84DA39 /* cardFace3.png */ = {isa = PBXFileReference; lastKnownFileType = image.png; path = cardFace3.png; sourceTree = "<group>"; };
		AF6EFBE7E3D9A54092A2BFF8 /* cardBackBlue.png */ = {isa = PBXFileReference; lastKnownFileType = image.png; path = cardBackBlue.png; sourceTree = "<group>"; };
		AF6EFBEE0E914233F4B8E1C2 /* cardFace18.png */ = {isa = PBXFileReference; lastKnownFileType = image.png; path = cardFace18.png; sourceTree = "<group>"; };
		AF6EFC84041F908D40345405 /* cardFace40.png */ = {isa = PBXFileReference; lastKnownFileType = image.png; path = cardFace40.png; sourceTree = "<group>"; };
		AF6EFCAA53AC0C56B80BA03D /* cardFace33.png */ = {isa = PBXFileReference; lastKnownFileType = image.png; path = cardFace33.png; sourceTree = "<group>"; };
		AF6EFD287A147BE5C65A558C /* EPlaceType.h */ = {isa = PBXFileReference; fileEncoding = 4; lastKnownFileType = sourcecode.c.h; path = EPlaceType.h; sourceTree = "<group>"; };
		AF6EFD47B46CEF5EF54607FF /* cardFace37.png */ = {isa = PBXFileReference; lastKnownFileType = image.png; path = cardFace37.png; sourceTree = "<group>"; };
		AF6EFD4FC3FE9971D19B66B3 /* cardFace41.png */ = {isa = PBXFileReference; lastKnownFileType = image.png; path = cardFace41.png; sourceTree = "<group>"; };
		AF6EFD532BA83EE224411818 /* cardFace26.png */ = {isa = PBXFileReference; lastKnownFileType = image.png; path = cardFace26.png; sourceTree = "<group>"; };
		AF6EFE1A3C295A243D2943EE /* cardFace35.png */ = {isa = PBXFileReference; lastKnownFileType = image.png; path = cardFace35.png; sourceTree = "<group>"; };
		AF6EFE1ED06CD6E4C8B4E21D /* cardFace23.png */ = {isa = PBXFileReference; lastKnownFileType = image.png; path = cardFace23.png; sourceTree = "<group>"; };
		AF6EFE8193B4D30F6D09EE52 /* cardFace39.png */ = {isa = PBXFileReference; lastKnownFileType = image.png; path = cardFace39.png; sourceTree = "<group>"; };
		AF6EFE9EC579F2391F5D47F7 /* CCButtonDelegate.h */ = {isa = PBXFileReference; fileEncoding = 4; lastKnownFileType = sourcecode.c.h; path = CCButtonDelegate.h; sourceTree = "<group>"; };
		AF6EFEC8C83EC35B3DCB2AC3 /* cardFace45.png */ = {isa = PBXFileReference; lastKnownFileType = image.png; path = cardFace45.png; sourceTree = "<group>"; };
		AF6EFF297ECB9DA5BFEAE38F /* cardFace27.png */ = {isa = PBXFileReference; lastKnownFileType = image.png; path = cardFace27.png; sourceTree = "<group>"; };
		AF6EFF2D482433A150B06E9F /* ButtonGameView.m */ = {isa = PBXFileReference; fileEncoding = 4; lastKnownFileType = sourcecode.c.objc; path = ButtonGameView.m; sourceTree = "<group>"; };
		AF6EFF720970E0C004185F9E /* CardView.h */ = {isa = PBXFileReference; fileEncoding = 4; lastKnownFileType = sourcecode.c.h; path = CardView.h; sourceTree = "<group>"; };
		AF6EFF808723D16BDA2B3299 /* emptyPlace(60x79).png */ = {isa = PBXFileReference; lastKnownFileType = image.png; path = "emptyPlace(60x79).png"; sourceTree = "<group>"; };
		AF6EFFDE471B93605733020C /* cardFace17.png */ = {isa = PBXFileReference; lastKnownFileType = image.png; path = cardFace17.png; sourceTree = "<group>"; };
		AF6EFFF4C52BBF082C9A0C47 /* cardFace46.png */ = {isa = PBXFileReference; lastKnownFileType = image.png; path = cardFace46.png; sourceTree = "<group>"; };
		DC1BE68614F417CC00F49D25 /* copyright.txt */ = {isa = PBXFileReference; fileEncoding = 4; lastKnownFileType = text; path = copyright.txt; sourceTree = "<group>"; };
		DC1BE68914F417CC00F49D25 /* LICENCE.txt */ = {isa = PBXFileReference; fileEncoding = 4; lastKnownFileType = text; path = LICENCE.txt; sourceTree = "<group>"; };
		DC1BE68C14F417CC00F49D25 /* Ubuntu-B.ttf */ = {isa = PBXFileReference; lastKnownFileType = file; path = "Ubuntu-B.ttf"; sourceTree = "<group>"; };
		DC1BE68D14F417CC00F49D25 /* Ubuntu-BI.ttf */ = {isa = PBXFileReference; lastKnownFileType = file; path = "Ubuntu-BI.ttf"; sourceTree = "<group>"; };
		DC1BE68E14F417CC00F49D25 /* Ubuntu-C.ttf */ = {isa = PBXFileReference; lastKnownFileType = file; path = "Ubuntu-C.ttf"; sourceTree = "<group>"; };
		DC1BE68F14F417CC00F49D25 /* Ubuntu-L.ttf */ = {isa = PBXFileReference; lastKnownFileType = file; path = "Ubuntu-L.ttf"; sourceTree = "<group>"; };
		DC1BE69014F417CC00F49D25 /* Ubuntu-LI.ttf */ = {isa = PBXFileReference; lastKnownFileType = file; path = "Ubuntu-LI.ttf"; sourceTree = "<group>"; };
		DC1BE69114F417CC00F49D25 /* Ubuntu-M.ttf */ = {isa = PBXFileReference; lastKnownFileType = file; path = "Ubuntu-M.ttf"; sourceTree = "<group>"; };
		DC1BE69214F417CC00F49D25 /* Ubuntu-MI.ttf */ = {isa = PBXFileReference; lastKnownFileType = file; path = "Ubuntu-MI.ttf"; sourceTree = "<group>"; };
		DC1BE69314F417CC00F49D25 /* Ubuntu-R.ttf */ = {isa = PBXFileReference; lastKnownFileType = file; path = "Ubuntu-R.ttf"; sourceTree = "<group>"; };
		DC1BE69414F417CC00F49D25 /* Ubuntu-RI.ttf */ = {isa = PBXFileReference; lastKnownFileType = file; path = "Ubuntu-RI.ttf"; sourceTree = "<group>"; };
		DC1BE69514F417CC00F49D25 /* UbuntuMono-B.ttf */ = {isa = PBXFileReference; lastKnownFileType = file; path = "UbuntuMono-B.ttf"; sourceTree = "<group>"; };
		DC1BE69614F417CC00F49D25 /* UbuntuMono-BI.ttf */ = {isa = PBXFileReference; lastKnownFileType = file; path = "UbuntuMono-BI.ttf"; sourceTree = "<group>"; };
		DC1BE69714F417CC00F49D25 /* UbuntuMono-R.ttf */ = {isa = PBXFileReference; lastKnownFileType = file; path = "UbuntuMono-R.ttf"; sourceTree = "<group>"; };
		DC1BE69814F417CC00F49D25 /* UbuntuMono-RI.ttf */ = {isa = PBXFileReference; lastKnownFileType = file; path = "UbuntuMono-RI.ttf"; sourceTree = "<group>"; };
		DC26D6D914B9F2C600B6002E /* fps_images-hd.png */ = {isa = PBXFileReference; lastKnownFileType = image.png; path = "fps_images-hd.png"; sourceTree = "<group>"; };
		DC2721A1160CAEB600D88944 /* Default-568h@2x.png */ = {isa = PBXFileReference; lastKnownFileType = image.png; path = "Default-568h@2x.png"; sourceTree = "<group>"; };
		DC2721A9160CAFC700D88944 /* iTunesArtwork */ = {isa = PBXFileReference; lastKnownFileType = file; path = iTunesArtwork; sourceTree = "<group>"; };
		DC275D2A13B27DBF009C5098 /* Pow.caf */ = {isa = PBXFileReference; lastKnownFileType = file; path = Pow.caf; sourceTree = "<group>"; };
		DC3BE97813B4FB71003739CC /* BuildSettings-iOS.xcconfig */ = {isa = PBXFileReference; lastKnownFileType = text.xcconfig; path = "BuildSettings-iOS.xcconfig"; sourceTree = "<group>"; };
		DC485B0D13AA0E5600F2BC70 /* libchipmunk-mac.a */ = {isa = PBXFileReference; explicitFileType = archive.ar; path = "libchipmunk-mac.a"; sourceTree = BUILT_PRODUCTS_DIR; };
		DC485B1613AA0EBB00F2BC70 /* libbox2d-mac.a */ = {isa = PBXFileReference; explicitFileType = archive.ar; path = "libbox2d-mac.a"; sourceTree = BUILT_PRODUCTS_DIR; };
		DC485B4513AA18A600F2BC70 /* libcocosdenshion-mac.a */ = {isa = PBXFileReference; explicitFileType = archive.ar; path = "libcocosdenshion-mac.a"; sourceTree = BUILT_PRODUCTS_DIR; };
		DC485B4713AA194F00F2BC70 /* ship.png */ = {isa = PBXFileReference; lastKnownFileType = image.png; path = ship.png; sourceTree = "<group>"; };
		DC485B4A13AA1C0E00F2BC70 /* ship-hd.png */ = {isa = PBXFileReference; lastKnownFileType = image.png; path = "ship-hd.png"; sourceTree = "<group>"; };
		DC65615013A969B600A7AC53 /* libbox2d-ios.a */ = {isa = PBXFileReference; explicitFileType = archive.ar; path = "libbox2d-ios.a"; sourceTree = BUILT_PRODUCTS_DIR; };
		DC65615113A969B600A7AC53 /* libchipmunk-ios.a */ = {isa = PBXFileReference; explicitFileType = archive.ar; path = "libchipmunk-ios.a"; sourceTree = BUILT_PRODUCTS_DIR; };
		DC65615213A969B600A7AC53 /* libchipmunk-spacemanager-ios.a */ = {isa = PBXFileReference; explicitFileType = archive.ar; path = "libchipmunk-spacemanager-ios.a"; sourceTree = BUILT_PRODUCTS_DIR; };
		DC65615413A969B600A7AC53 /* libcocos2d-extensions-ios.a */ = {isa = PBXFileReference; explicitFileType = archive.ar; path = "libcocos2d-extensions-ios.a"; sourceTree = BUILT_PRODUCTS_DIR; };
		DC65615513A969B600A7AC53 /* libcocos2d-ios.a */ = {isa = PBXFileReference; explicitFileType = archive.ar; path = "libcocos2d-ios.a"; sourceTree = BUILT_PRODUCTS_DIR; };
		DC65615613A969B600A7AC53 /* libcocos3d-ios.a */ = {isa = PBXFileReference; explicitFileType = archive.ar; path = "libcocos3d-ios.a"; sourceTree = BUILT_PRODUCTS_DIR; };
		DC65615713A969B600A7AC53 /* libcocosdenshion-ios.a */ = {isa = PBXFileReference; explicitFileType = archive.ar; path = "libcocosdenshion-ios.a"; sourceTree = BUILT_PRODUCTS_DIR; };
		DC65615813A969B600A7AC53 /* libkobold2d-ios.a */ = {isa = PBXFileReference; explicitFileType = archive.ar; path = "libkobold2d-ios.a"; sourceTree = BUILT_PRODUCTS_DIR; };
		DC65615913A969B600A7AC53 /* libobjectal-ios.a */ = {isa = PBXFileReference; explicitFileType = archive.ar; path = "libobjectal-ios.a"; sourceTree = BUILT_PRODUCTS_DIR; };
		DC65615A13A969B600A7AC53 /* libsneakyinput-ios.a */ = {isa = PBXFileReference; explicitFileType = archive.ar; path = "libsneakyinput-ios.a"; sourceTree = BUILT_PRODUCTS_DIR; };
		DC65617215114B4A00E59F8A /* fps_images-ipadhd.png */ = {isa = PBXFileReference; lastKnownFileType = image.png; path = "fps_images-ipadhd.png"; sourceTree = "<group>"; };
		DC979E3D13B35F8800656CB9 /* libcocos2d-extensions-mac.a */ = {isa = PBXFileReference; explicitFileType = archive.ar; path = "libcocos2d-extensions-mac.a"; sourceTree = BUILT_PRODUCTS_DIR; };
		DC979E5913B3607E00656CB9 /* libchipmunk-spacemanager-mac.a */ = {isa = PBXFileReference; explicitFileType = archive.ar; path = "libchipmunk-spacemanager-mac.a"; sourceTree = BUILT_PRODUCTS_DIR; };
		DC9C33E713B5024400931BF2 /* BuildSettings-Debug-Mac.xcconfig */ = {isa = PBXFileReference; lastKnownFileType = text.xcconfig; path = "BuildSettings-Debug-Mac.xcconfig"; sourceTree = "<group>"; };
		DC9C33E813B5024400931BF2 /* BuildSettings-Mac.xcconfig */ = {isa = PBXFileReference; lastKnownFileType = text.xcconfig; path = "BuildSettings-Mac.xcconfig"; sourceTree = "<group>"; };
		DC9C33E913B5024400931BF2 /* BuildSettings-Release-Mac.xcconfig */ = {isa = PBXFileReference; lastKnownFileType = text.xcconfig; path = "BuildSettings-Release-Mac.xcconfig"; sourceTree = "<group>"; };
		DCC1A0E313A94ED5005BD75D /* UltimateBJ-iOS.app */ = {isa = PBXFileReference; explicitFileType = wrapper.application; includeInIndex = 0; path = "UltimateBJ-iOS.app"; sourceTree = BUILT_PRODUCTS_DIR; };
		DCC1A0F913A94ED5005BD75D /* Default.png */ = {isa = PBXFileReference; lastKnownFileType = image.png; path = Default.png; sourceTree = "<group>"; };
		DCC1A0FB13A94ED5005BD75D /* fps_images.png */ = {isa = PBXFileReference; lastKnownFileType = image.png; path = fps_images.png; sourceTree = "<group>"; };
		DCC1A0FD13A94ED5005BD75D /* Icon-72.png */ = {isa = PBXFileReference; lastKnownFileType = image.png; path = "Icon-72.png"; sourceTree = "<group>"; };
		DCC1A0FF13A94ED5005BD75D /* Icon-Small-50.png */ = {isa = PBXFileReference; lastKnownFileType = image.png; path = "Icon-Small-50.png"; sourceTree = "<group>"; };
		DCC1A10113A94ED5005BD75D /* Icon-Small.png */ = {isa = PBXFileReference; lastKnownFileType = image.png; path = "Icon-Small.png"; sourceTree = "<group>"; };
		DCC1A10313A94ED5005BD75D /* Icon-Small@2x.png */ = {isa = PBXFileReference; lastKnownFileType = image.png; path = "Icon-Small@2x.png"; sourceTree = "<group>"; };
		DCC1A10513A94ED5005BD75D /* Icon.png */ = {isa = PBXFileReference; lastKnownFileType = image.png; path = Icon.png; sourceTree = "<group>"; };
		DCC1A10713A94ED5005BD75D /* Icon@2x.png */ = {isa = PBXFileReference; lastKnownFileType = image.png; path = "Icon@2x.png"; sourceTree = "<group>"; };
		DCC1A10913A94ED5005BD75D /* Info.plist */ = {isa = PBXFileReference; lastKnownFileType = text.plist.xml; path = Info.plist; sourceTree = "<group>"; };
		DCC1A25A13A94EE6005BD75D /* UltimateBJ-Mac.app */ = {isa = PBXFileReference; explicitFileType = wrapper.application; includeInIndex = 0; path = "UltimateBJ-Mac.app"; sourceTree = BUILT_PRODUCTS_DIR; };
		DCC1A26813A94EE6005BD75D /* English */ = {isa = PBXFileReference; lastKnownFileType = text.plist.strings; name = English; path = Resources/English.lproj/InfoPlist.strings; sourceTree = "<group>"; };
		DCC1A26B13A94EE6005BD75D /* English */ = {isa = PBXFileReference; lastKnownFileType = file.xib; name = English; path = Resources/English.lproj/MainMenu.xib; sourceTree = "<group>"; };
		DCC1A26D13A94EE6005BD75D /* fps_images.png */ = {isa = PBXFileReference; lastKnownFileType = image.png; name = fps_images.png; path = Resources/fps_images.png; sourceTree = "<group>"; };
		DCC1A26F13A94EE6005BD75D /* icon.icns */ = {isa = PBXFileReference; lastKnownFileType = image.icns; name = icon.icns; path = Resources/icon.icns; sourceTree = "<group>"; };
		DCC1A27113A94EE6005BD75D /* Info.plist */ = {isa = PBXFileReference; lastKnownFileType = text.plist.xml; name = Info.plist; path = Resources/Info.plist; sourceTree = "<group>"; };
		DCC1A39213A94F1A005BD75D /* Prefix-iOS.pch */ = {isa = PBXFileReference; fileEncoding = 4; lastKnownFileType = sourcecode.c.h; path = "Prefix-iOS.pch"; sourceTree = "<group>"; };
		DCC1A39313A94F1A005BD75D /* Prefix-Mac.pch */ = {isa = PBXFileReference; fileEncoding = 4; lastKnownFileType = sourcecode.c.h; path = "Prefix-Mac.pch"; sourceTree = "<group>"; };
		DCC1A39513A94F1A005BD75D /* config.lua */ = {isa = PBXFileReference; explicitFileType = sourcecode.applescript; fileEncoding = 4; path = config.lua; sourceTree = "<group>"; };
		DCF95CC913A97EC500AE3B80 /* libcocos2d-mac.a */ = {isa = PBXFileReference; explicitFileType = archive.ar; path = "libcocos2d-mac.a"; sourceTree = BUILT_PRODUCTS_DIR; };
		DCF95CCB13A97EC500AE3B80 /* libkobold2d-mac.a */ = {isa = PBXFileReference; explicitFileType = archive.ar; path = "libkobold2d-mac.a"; sourceTree = BUILT_PRODUCTS_DIR; };
		DCFA90EF13B4F6F7009DD35A /* BuildSettings-Debug-iOS.xcconfig */ = {isa = PBXFileReference; lastKnownFileType = text.xcconfig; path = "BuildSettings-Debug-iOS.xcconfig"; sourceTree = "<group>"; };
		DCFA90F013B4F811009DD35A /* BuildSettings-Release-iOS.xcconfig */ = {isa = PBXFileReference; lastKnownFileType = text.xcconfig; path = "BuildSettings-Release-iOS.xcconfig"; sourceTree = "<group>"; };
/* End PBXFileReference section */

/* Begin PBXFrameworksBuildPhase section */
		DCC1A0E013A94ED5005BD75D /* Frameworks */ = {
			isa = PBXFrameworksBuildPhase;
			buildActionMask = 2147483647;
			files = (
				DC65615C13A969B600A7AC53 /* libbox2d-ios.a in Frameworks */,
				DC65615D13A969B600A7AC53 /* libchipmunk-ios.a in Frameworks */,
				DC65615E13A969B600A7AC53 /* libchipmunk-spacemanager-ios.a in Frameworks */,
				DC65616013A969B600A7AC53 /* libcocos2d-extensions-ios.a in Frameworks */,
				DC65616113A969B600A7AC53 /* libcocos2d-ios.a in Frameworks */,
				DC65616213A969B600A7AC53 /* libcocos3d-ios.a in Frameworks */,
				DC65616313A969B600A7AC53 /* libcocosdenshion-ios.a in Frameworks */,
				DC65616413A969B600A7AC53 /* libkobold2d-ios.a in Frameworks */,
				DC65616513A969B600A7AC53 /* libobjectal-ios.a in Frameworks */,
				DC65616613A969B600A7AC53 /* libsneakyinput-ios.a in Frameworks */,
			);
			runOnlyForDeploymentPostprocessing = 0;
		};
		DCC1A25713A94EE6005BD75D /* Frameworks */ = {
			isa = PBXFrameworksBuildPhase;
			buildActionMask = 2147483647;
			files = (
				DC979E5A13B3607E00656CB9 /* libchipmunk-spacemanager-mac.a in Frameworks */,
				DC979E3E13B35F8800656CB9 /* libcocos2d-extensions-mac.a in Frameworks */,
				DC485B4613AA18A600F2BC70 /* libcocosdenshion-mac.a in Frameworks */,
				DC485B1713AA0EBB00F2BC70 /* libbox2d-mac.a in Frameworks */,
				DC485B1113AA0E5600F2BC70 /* libchipmunk-mac.a in Frameworks */,
				DCF95CD213A97EC500AE3B80 /* libcocos2d-mac.a in Frameworks */,
				DCF95CD413A97EC500AE3B80 /* libkobold2d-mac.a in Frameworks */,
			);
			runOnlyForDeploymentPostprocessing = 0;
		};
/* End PBXFrameworksBuildPhase section */

/* Begin PBXGroup section */
		67C532CE5016C2DB2D42305E /* Resources */ = {
			isa = PBXGroup;
			children = (
				67C53784D06B8CC6D51F782C /* buttonMenuActive.png */,
				67C5379811D9849B50D4FD4B /* buttonMenuNormal.png */,
				67C53A4B56A97424622FF594 /* background(640x960).png */,
				67C53AAFE9AA39C36823A929 /* background(640x1136).png */,
				67C537C8A2D0F74B54F73ECE /* cardBox.png */,
				AF6EF6C57EA59350802695F7 /* activePlace(60x79).png */,
				AF6EFB59263CB2247B4C941F /* activePlaceLeft(86x86).png */,
				AF6EF2D51F82FE2678044A4F /* activePlaceRight(86x86).png */,
				AF6EFF808723D16BDA2B3299 /* emptyPlace(60x79).png */,
				AF6EF2F41831C9497674E430 /* emptyPlace(86x86).png */,
				AF6EFCD9DEB45BB4296A397D /* cards */,
			);
			path = Resources;
			sourceTree = "<group>";
		};
		67C5348D56D936E07DCD92D8 /* App */ = {
			isa = PBXGroup;
			children = (
				67C53BC50FB1776A4FDB37BB /* Controllers */,
				67C53C25BCEE6DBE2D33806B /* Models */,
				67C53625023B93C8E8604203 /* System */,
				67C532CE5016C2DB2D42305E /* Resources */,
			);
			path = App;
			sourceTree = "<group>";
		};
		67C53625023B93C8E8604203 /* System */ = {
			isa = PBXGroup;
			children = (
				67C53DEF011737C1C84AC6BE /* HelloWorldLayer.m */,
				67C53C6E106DB6A932C00505 /* AppDelegate.m */,
				67C53385B63156F2B1FD0E32 /* AppDelegate.h */,
				67C5330F3A008DC6C36EF5AB /* HelloWorldLayer.h */,
				67C539016286C087DC5CE6B0 /* main.m */,
			);
			path = System;
			sourceTree = "<group>";
		};
		67C53771E3414400F6FA829D /* SceneBase */ = {
			isa = PBXGroup;
			children = (
				67C53109FE3B359D5E57AC89 /* SceneBase.h */,
				67C535E6539AA6B64F683EF7 /* SceneBase.m */,
			);
			path = SceneBase;
			sourceTree = "<group>";
		};
		67C5388E51E91751C383E6FC /* Card */ = {
			isa = PBXGroup;
			children = (
				67C532309651609964F481EB /* Card.m */,
				67C5312520981B29C7D5865D /* Card.h */,
				67C531A3D61BDE407650C0F2 /* ECardType.h */,
				67C53266365E02302A3A48C9 /* ECardSuit.h */,
				67C5398B859B3CA79011A10E /* CardBox.m */,
				67C53123061BAF36B06FDB31 /* CardBox.h */,
			);
			path = Card;
			sourceTree = "<group>";
		};
		67C5397675D2E3D0767B75AB /* Scenes */ = {
			isa = PBXGroup;
			children = (
				67C53771E3414400F6FA829D /* SceneBase */,
				67C53A1477D3D8CF581920A2 /* SceneGame */,
				67C530C8B50D1477FCE71E22 /* ESceneType.h */,
				67C53D9690075BB177FCDFB6 /* SceneMenu */,
			);
			path = Scenes;
			sourceTree = "<group>";
		};
		67C53A1477D3D8CF581920A2 /* SceneGame */ = {
			isa = PBXGroup;
			children = (
				67C5314A81692266CE8507B6 /* SceneGame.m */,
				67C53AEDD6DA12E4AA111364 /* SceneGame.h */,
				AF6EFC921F32C9D0C8840E08 /* views */,
			);
			path = SceneGame;
			sourceTree = "<group>";
		};
		67C53BC50FB1776A4FDB37BB /* Controllers */ = {
			isa = PBXGroup;
			children = (
				67C5397675D2E3D0767B75AB /* Scenes */,
			);
			path = Controllers;
			sourceTree = "<group>";
		};
		67C53BEC64CC3E3350CFEE3C /* SharedProgressManager */ = {
			isa = PBXGroup;
			children = (
				67C53E12A265EEEF2D36CBF8 /* SharedProgressManager.h */,
				67C531EFC99293118F20DE6A /* SharedProgressManager.m */,
			);
			path = SharedProgressManager;
			sourceTree = "<group>";
		};
		67C53C25BCEE6DBE2D33806B /* Models */ = {
			isa = PBXGroup;
			children = (
				67C53BEC64CC3E3350CFEE3C /* SharedProgressManager */,
				67C53D71B7C11C31B4FA21AD /* Game */,
				67C53F1EBBA0F729EFE4C369 /* SharedDeviceHelper */,
				67C5388E51E91751C383E6FC /* Card */,
				AF6EF888BD92478C5A1E05AF /* MoneyManager */,
				AF6EF24B6C042743F57DB3FA /* Place */,
				67C53F92C5B017F61E47D4DC /* ResourceManager */,
			);
			path = Models;
			sourceTree = "<group>";
		};
		67C53D71B7C11C31B4FA21AD /* Game */ = {
			isa = PBXGroup;
			children = (
				67C53F7D06C4478BC68C32EF /* Game.m */,
				67C536229A56BC019375BAF2 /* Game.h */,
			);
			path = Game;
			sourceTree = "<group>";
		};
		67C53D9690075BB177FCDFB6 /* SceneMenu */ = {
			isa = PBXGroup;
			children = (
				67C532C2CC6661B30B32E64F /* SceneMenu.m */,
				67C534474CC66D340962FF3D /* SceneMenu.h */,
				AF6EFEDBA218F0ADFFA38D2D /* views */,
			);
			path = SceneMenu;
			sourceTree = "<group>";
		};
		67C53F1EBBA0F729EFE4C369 /* SharedDeviceHelper */ = {
			isa = PBXGroup;
			children = (
				67C539549EDFAFAC55C0D08B /* EDeviceType.h */,
				67C533D48415600D79900775 /* SharedDeviceHelper.m */,
				67C53509F68B98B87E10D49F /* ELanguageType.h */,
				67C538CC8506C214AA44F513 /* SharedDeviceHelper.h */,
			);
			path = SharedDeviceHelper;
			sourceTree = "<group>";
		};
		67C53F92C5B017F61E47D4DC /* ResourceManager */ = {
			isa = PBXGroup;
			children = (
				67C5354515A0192F9BAD039C /* ResourceManager.m */,
				67C53AE64E7C449F8341E6C1 /* ResourceManager.h */,
			);
			path = ResourceManager;
			sourceTree = "<group>";
		};
		AF6EF1C76FA3DC4A47B43E04 /* Cocos2dAdditions */ = {
			isa = PBXGroup;
			children = (
				AF6EFE9EC579F2391F5D47F7 /* CCButtonDelegate.h */,
				AF6EF40389F689D5F386FB06 /* CCButton.m */,
				AF6EF0B7C418A78EAB4F7966 /* CCButton.h */,
			);
			path = Cocos2dAdditions;
			sourceTree = "<group>";
		};
		AF6EF24B6C042743F57DB3FA /* Place */ = {
			isa = PBXGroup;
			children = (
				AF6EF3341F3CF5E11D2B14FA /* Place.h */,
				AF6EF38F7E4BF5FAA1C86BC4 /* Place.m */,
				AF6EFD287A147BE5C65A558C /* EPlaceType.h */,
			);
			path = Place;
			sourceTree = "<group>";
		};
		AF6EF888BD92478C5A1E05AF /* MoneyManager */ = {
			isa = PBXGroup;
			children = (
				AF6EF4E6B6FF61C524E3AEF8 /* MoneyManager.h */,
				AF6EFB1DCE76D2354F5BC03A /* MoneyManager.m */,
			);
			path = MoneyManager;
			sourceTree = "<group>";
		};
		AF6EFC921F32C9D0C8840E08 /* views */ = {
			isa = PBXGroup;
			children = (
				AF6EFF720970E0C004185F9E /* CardView.h */,
				AF6EF316DD6BA77ADCCD8C25 /* CardView.m */,
				AF6EF4A18B51160220C9779C /* PlaceView.h */,
				AF6EFB393406F272A2755948 /* PlaceView.m */,
				AF6EFF2D482433A150B06E9F /* ButtonGameView.m */,
				AF6EF43741FA3090A498305E /* ButtonGameView.h */,
				AF6EF99EBD051EC520C9B2B2 /* EButtonGameType.h */,
			);
			path = views;
			sourceTree = "<group>";
		};
		AF6EFCD9DEB45BB4296A397D /* cards */ = {
			isa = PBXGroup;
			children = (
				AF6EFBE7E3D9A54092A2BFF8 /* cardBackBlue.png */,
				AF6EF781DC04BC738764DCC3 /* cardBackRed.png */,
				AF6EF9B5189816F9F32FCFB6 /* cardFace0.png */,
				AF6EF4E15101ADFD38B837B1 /* cardFace1.png */,
				AF6EFAFA09611FC7D0A44BE1 /* cardFace2.png */,
				AF6EFBE3F9DF2F561E84DA39 /* cardFace3.png */,
				AF6EF628F134F39F09EBE002 /* cardFace4.png */,
				AF6EF520B306A2F283372870 /* cardFace5.png */,
				AF6EF7BCC3B3B995280E93CC /* cardFace6.png */,
				AF6EF0D1472607E4CB48AC67 /* cardFace7.png */,
				AF6EF86CFCA51CC9BD649BD1 /* cardFace8.png */,
				AF6EF4A9AC4F1B69723E51BC /* cardFace9.png */,
				AF6EF269213A53C7A0EA3B9C /* cardFace10.png */,
				AF6EF04BEFF55C9D47A00068 /* cardFace11.png */,
				AF6EF44DA7B8FB0F8519FF33 /* cardFace12.png */,
				AF6EF49CB2AD0F74468C49E0 /* cardFace13.png */,
				AF6EF858B9F31274AFF9E15C /* cardFace14.png */,
				AF6EF3104148EB62835AA114 /* cardFace15.png */,
				AF6EF7DE7F90F33E6EE8626D /* cardFace16.png */,
				AF6EFFDE471B93605733020C /* cardFace17.png */,
				AF6EFBEE0E914233F4B8E1C2 /* cardFace18.png */,
				AF6EF8792A0E265B4166F83D /* cardFace19.png */,
				AF6EF110B9EFCEAD38D1F728 /* cardFace20.png */,
				AF6EF1083B146524399DBE3C /* cardFace21.png */,
				AF6EF6F4D82E598D4136C4D4 /* cardFace22.png */,
				AF6EFE1ED06CD6E4C8B4E21D /* cardFace23.png */,
				AF6EF32D3F9797ABAFD99FEE /* cardFace24.png */,
				AF6EF2308CB9ABD9F61CD4A9 /* cardFace25.png */,
				AF6EFD532BA83EE224411818 /* cardFace26.png */,
				AF6EFF297ECB9DA5BFEAE38F /* cardFace27.png */,
				AF6EF62F82CDE24718E8B104 /* cardFace28.png */,
				AF6EF6E4DF832F2B336316DC /* cardFace29.png */,
				AF6EF420AFEBD56AD72BBA48 /* cardFace30.png */,
				AF6EF15E85F979125353DC4A /* cardFace31.png */,
				AF6EF39E9256B5997CA1F439 /* cardFace32.png */,
				AF6EFCAA53AC0C56B80BA03D /* cardFace33.png */,
				AF6EF20846983A691EFA59E4 /* cardFace34.png */,
				AF6EFE1A3C295A243D2943EE /* cardFace35.png */,
				AF6EFBB92E92D7612864DAB0 /* cardFace36.png */,
				AF6EFD47B46CEF5EF54607FF /* cardFace37.png */,
				AF6EF0A968E6C08F38161782 /* cardFace38.png */,
				AF6EFE8193B4D30F6D09EE52 /* cardFace39.png */,
				AF6EFC84041F908D40345405 /* cardFace40.png */,
				AF6EFD4FC3FE9971D19B66B3 /* cardFace41.png */,
				AF6EF92645461E533A402214 /* cardFace42.png */,
				AF6EF348761396B1C7D92E8B /* cardFace43.png */,
				AF6EF1CC1C49A643813F7512 /* cardFace44.png */,
				AF6EFEC8C83EC35B3DCB2AC3 /* cardFace45.png */,
				AF6EFFF4C52BBF082C9A0C47 /* cardFace46.png */,
				AF6EF099B990D75B16C72C1E /* cardFace47.png */,
				AF6EF5AB8C700C2F93252537 /* cardFace48.png */,
				AF6EF7FF6A6B140FF7A609AF /* cardFace49.png */,
				AF6EF6CC8D24E4E2CD2CBC97 /* cardFace50.png */,
				AF6EFAA5DB5F169C44AD8FCD /* cardFace51.png */,
			);
			path = cards;
			sourceTree = "<group>";
		};
		AF6EFEDBA218F0ADFFA38D2D /* views */ = {
			isa = PBXGroup;
			children = (
				AF6EF551377902358A182785 /* ButtonMenuView.m */,
				AF6EFA024E42E3ADBC887C9D /* ButtonMenuView.h */,
				AF6EFA619F44C0F0555EAFA3 /* EButtonMenuType.h */,
			);
			path = views;
			sourceTree = "<group>";
		};
		AF6EFFF413D3553696E93B76 /* Vendors */ = {
			isa = PBXGroup;
			children = (
				AF6EF1C76FA3DC4A47B43E04 /* Cocos2dAdditions */,
			);
			path = Vendors;
			sourceTree = "<group>";
		};
		DC1BE68414F417CC00F49D25 /* ubuntu-font-family-0.80 */ = {
			isa = PBXGroup;
			children = (
				DC1BE68614F417CC00F49D25 /* copyright.txt */,
				DC1BE68914F417CC00F49D25 /* LICENCE.txt */,
				DC1BE68C14F417CC00F49D25 /* Ubuntu-B.ttf */,
				DC1BE68D14F417CC00F49D25 /* Ubuntu-BI.ttf */,
				DC1BE68E14F417CC00F49D25 /* Ubuntu-C.ttf */,
				DC1BE68F14F417CC00F49D25 /* Ubuntu-L.ttf */,
				DC1BE69014F417CC00F49D25 /* Ubuntu-LI.ttf */,
				DC1BE69114F417CC00F49D25 /* Ubuntu-M.ttf */,
				DC1BE69214F417CC00F49D25 /* Ubuntu-MI.ttf */,
				DC1BE69314F417CC00F49D25 /* Ubuntu-R.ttf */,
				DC1BE69414F417CC00F49D25 /* Ubuntu-RI.ttf */,
				DC1BE69514F417CC00F49D25 /* UbuntuMono-B.ttf */,
				DC1BE69614F417CC00F49D25 /* UbuntuMono-BI.ttf */,
				DC1BE69714F417CC00F49D25 /* UbuntuMono-R.ttf */,
				DC1BE69814F417CC00F49D25 /* UbuntuMono-RI.ttf */,
			);
			path = "ubuntu-font-family-0.80";
			sourceTree = "<group>";
		};
		DCC1A0D613A94EC0005BD75D = {
			isa = PBXGroup;
			children = (
				DCC1A38C13A94F1A005BD75D /* Projectfiles */,
				DCC1A0F713A94ED5005BD75D /* Projectfiles-iOS */,
				DCC1A26413A94EE6005BD75D /* Projectfiles-Mac */,
				DCFA90ED13B4F6A0009DD35A /* BuildSettings */,
				DCC1A0E613A94ED5005BD75D /* Frameworks */,
				DCC1A0E413A94ED5005BD75D /* Products */,
				67C5348D56D936E07DCD92D8 /* App */,
				AF6EFFF413D3553696E93B76 /* Vendors */,
			);
			sourceTree = "<group>";
		};
		DCC1A0E413A94ED5005BD75D /* Products */ = {
			isa = PBXGroup;
			children = (
				DCC1A0E313A94ED5005BD75D /* UltimateBJ-iOS.app */,
				DCC1A25A13A94EE6005BD75D /* UltimateBJ-Mac.app */,
			);
			name = Products;
			sourceTree = "<group>";
		};
		DCC1A0E613A94ED5005BD75D /* Frameworks */ = {
			isa = PBXGroup;
			children = (
			);
			name = Frameworks;
			sourceTree = "<group>";
		};
		DCC1A0F713A94ED5005BD75D /* Projectfiles-iOS */ = {
			isa = PBXGroup;
			children = (
				DC1BE68414F417CC00F49D25 /* ubuntu-font-family-0.80 */,
				DCC1A0F813A94ED5005BD75D /* Resources */,
			);
			path = "Projectfiles-iOS";
			sourceTree = "<group>";
		};
		DCC1A0F813A94ED5005BD75D /* Resources */ = {
			isa = PBXGroup;
			children = (
				DC2721A9160CAFC700D88944 /* iTunesArtwork */,
				DC2721A1160CAEB600D88944 /* Default-568h@2x.png */,
				DCC1A0F913A94ED5005BD75D /* Default.png */,
				DCC1A0FB13A94ED5005BD75D /* fps_images.png */,
				DC26D6D914B9F2C600B6002E /* fps_images-hd.png */,
				DC65617215114B4A00E59F8A /* fps_images-ipadhd.png */,
				DCC1A0FD13A94ED5005BD75D /* Icon-72.png */,
				DCC1A0FF13A94ED5005BD75D /* Icon-Small-50.png */,
				DCC1A10113A94ED5005BD75D /* Icon-Small.png */,
				DCC1A10313A94ED5005BD75D /* Icon-Small@2x.png */,
				DCC1A10513A94ED5005BD75D /* Icon.png */,
				DCC1A10713A94ED5005BD75D /* Icon@2x.png */,
				DCC1A10913A94ED5005BD75D /* Info.plist */,
			);
			path = Resources;
			sourceTree = "<group>";
		};
		DCC1A26413A94EE6005BD75D /* Projectfiles-Mac */ = {
			isa = PBXGroup;
			children = (
				DCC1A26513A94EE6005BD75D /* Resources */,
			);
			path = "Projectfiles-Mac";
			sourceTree = "<group>";
		};
		DCC1A26513A94EE6005BD75D /* Resources */ = {
			isa = PBXGroup;
			children = (
				DCC1A26D13A94EE6005BD75D /* fps_images.png */,
				DCC1A26F13A94EE6005BD75D /* icon.icns */,
				DCC1A27113A94EE6005BD75D /* Info.plist */,
				DCC1A26613A94EE6005BD75D /* English.lproj */,
			);
			name = Resources;
			sourceTree = "<group>";
		};
		DCC1A26613A94EE6005BD75D /* English.lproj */ = {
			isa = PBXGroup;
			children = (
				DCC1A26713A94EE6005BD75D /* InfoPlist.strings */,
				DCC1A26A13A94EE6005BD75D /* MainMenu.xib */,
			);
			name = English.lproj;
			sourceTree = "<group>";
		};
		DCC1A38C13A94F1A005BD75D /* Projectfiles */ = {
			isa = PBXGroup;
			children = (
				DCC1A39413A94F1A005BD75D /* Resources */,
				DCC1A3CF13A94F2C005BD75D /* Supporting Files */,
			);
			path = Projectfiles;
			sourceTree = "<group>";
		};
		DCC1A39413A94F1A005BD75D /* Resources */ = {
			isa = PBXGroup;
			children = (
				DCC1A39513A94F1A005BD75D /* config.lua */,
				DC275D2A13B27DBF009C5098 /* Pow.caf */,
				DC485B4713AA194F00F2BC70 /* ship.png */,
				DC485B4A13AA1C0E00F2BC70 /* ship-hd.png */,
			);
			path = Resources;
			sourceTree = "<group>";
		};
		DCC1A3CF13A94F2C005BD75D /* Supporting Files */ = {
			isa = PBXGroup;
			children = (
				DCC1A39213A94F1A005BD75D /* Prefix-iOS.pch */,
				DCC1A39313A94F1A005BD75D /* Prefix-Mac.pch */,
			);
			name = "Supporting Files";
			sourceTree = "<group>";
		};
		DCFA90ED13B4F6A0009DD35A /* BuildSettings */ = {
			isa = PBXGroup;
			children = (
				DCFA90EF13B4F6F7009DD35A /* BuildSettings-Debug-iOS.xcconfig */,
				DCFA90F013B4F811009DD35A /* BuildSettings-Release-iOS.xcconfig */,
				DC3BE97813B4FB71003739CC /* BuildSettings-iOS.xcconfig */,
				DC9C33E713B5024400931BF2 /* BuildSettings-Debug-Mac.xcconfig */,
				DC9C33E913B5024400931BF2 /* BuildSettings-Release-Mac.xcconfig */,
				DC9C33E813B5024400931BF2 /* BuildSettings-Mac.xcconfig */,
			);
			path = BuildSettings;
			sourceTree = "<group>";
		};
/* End PBXGroup section */

/* Begin PBXNativeTarget section */
		DCC1A0E213A94ED5005BD75D /* UltimateBJ-iOS */ = {
			isa = PBXNativeTarget;
			buildConfigurationList = DCC1A25313A94ED7005BD75D /* Build configuration list for PBXNativeTarget "UltimateBJ-iOS" */;
			buildPhases = (
				DCC1A0DF13A94ED5005BD75D /* Sources */,
				DCC1A0E013A94ED5005BD75D /* Frameworks */,
				DCC1A0E113A94ED5005BD75D /* Resources */,
			);
			buildRules = (
			);
			dependencies = (
			);
			name = "UltimateBJ-iOS";
			productName = "Hello-World-iOS";
			productReference = DCC1A0E313A94ED5005BD75D /* UltimateBJ-iOS.app */;
			productType = "com.apple.product-type.application";
		};
		DCC1A25913A94EE6005BD75D /* UltimateBJ-Mac */ = {
			isa = PBXNativeTarget;
			buildConfigurationList = DCC1A38913A94EE7005BD75D /* Build configuration list for PBXNativeTarget "UltimateBJ-Mac" */;
			buildPhases = (
				DCC1A25613A94EE6005BD75D /* Sources */,
				DCC1A25713A94EE6005BD75D /* Frameworks */,
				DCC1A25813A94EE6005BD75D /* Resources */,
			);
			buildRules = (
			);
			dependencies = (
			);
			name = "UltimateBJ-Mac";
			productName = "Hello-World-Mac";
			productReference = DCC1A25A13A94EE6005BD75D /* UltimateBJ-Mac.app */;
			productType = "com.apple.product-type.application";
		};
/* End PBXNativeTarget section */

/* Begin PBXProject section */
		DCC1A0D813A94EC0005BD75D /* Project object */ = {
			isa = PBXProject;
			attributes = {
				LastUpgradeCheck = 0420;
			};
			buildConfigurationList = DCC1A0DB13A94EC0005BD75D /* Build configuration list for PBXProject "UltimateBJ" */;
			compatibilityVersion = "Xcode 3.2";
			developmentRegion = English;
			hasScannedForEncodings = 0;
			knownRegions = (
				en,
				English,
			);
			mainGroup = DCC1A0D613A94EC0005BD75D;
			productRefGroup = DCC1A0E413A94ED5005BD75D /* Products */;
			projectDirPath = "";
			projectRoot = "";
			targets = (
				DCC1A0E213A94ED5005BD75D /* UltimateBJ-iOS */,
				DCC1A25913A94EE6005BD75D /* UltimateBJ-Mac */,
			);
		};
/* End PBXProject section */

/* Begin PBXResourcesBuildPhase section */
		DCC1A0E113A94ED5005BD75D /* Resources */ = {
			isa = PBXResourcesBuildPhase;
			buildActionMask = 2147483647;
			files = (
				DCC1A0FA13A94ED5005BD75D /* Default.png in Resources */,
				DCC1A0FC13A94ED5005BD75D /* fps_images.png in Resources */,
				DCC1A0FE13A94ED5005BD75D /* Icon-72.png in Resources */,
				DCC1A10013A94ED5005BD75D /* Icon-Small-50.png in Resources */,
				DCC1A10213A94ED5005BD75D /* Icon-Small.png in Resources */,
				DCC1A10413A94ED5005BD75D /* Icon-Small@2x.png in Resources */,
				DCC1A10613A94ED5005BD75D /* Icon.png in Resources */,
				DCC1A10813A94ED5005BD75D /* Icon@2x.png in Resources */,
				DCC1A3AF13A94F1A005BD75D /* config.lua in Resources */,
				DC485B4813AA194F00F2BC70 /* ship.png in Resources */,
				DC485B4B13AA1C0E00F2BC70 /* ship-hd.png in Resources */,
				DC275D2B13B27DBF009C5098 /* Pow.caf in Resources */,
				DC1BE6A014F417CC00F49D25 /* Ubuntu-B.ttf in Resources */,
				DC1BE6A114F417CC00F49D25 /* Ubuntu-BI.ttf in Resources */,
				DC1BE6A214F417CC00F49D25 /* Ubuntu-C.ttf in Resources */,
				DC1BE6A314F417CC00F49D25 /* Ubuntu-L.ttf in Resources */,
				DC1BE6A414F417CC00F49D25 /* Ubuntu-LI.ttf in Resources */,
				DC1BE6A514F417CC00F49D25 /* Ubuntu-M.ttf in Resources */,
				DC1BE6A614F417CC00F49D25 /* Ubuntu-MI.ttf in Resources */,
				DC1BE6A714F417CC00F49D25 /* Ubuntu-R.ttf in Resources */,
				DC1BE6A814F417CC00F49D25 /* Ubuntu-RI.ttf in Resources */,
				DC1BE6A914F417CC00F49D25 /* UbuntuMono-B.ttf in Resources */,
				DC1BE6AA14F417CC00F49D25 /* UbuntuMono-BI.ttf in Resources */,
				DC1BE6AB14F417CC00F49D25 /* UbuntuMono-R.ttf in Resources */,
				DC1BE6AC14F417CC00F49D25 /* UbuntuMono-RI.ttf in Resources */,
				DC26D6DA14B9F2C600B6002E /* fps_images-hd.png in Resources */,
				DC65617315114B4A00E59F8A /* fps_images-ipadhd.png in Resources */,
				DC2721A2160CAEB600D88944 /* Default-568h@2x.png in Resources */,
				DC2721AA160CAFC700D88944 /* iTunesArtwork in Resources */,
				67C53DC9A450E666E1532B50 /* buttonMenuActive.png in Resources */,
				67C5357E955876D6EF167C92 /* buttonMenuNormal.png in Resources */,
				67C537E6137EBDBFC6F88E7E /* background(640x960).png in Resources */,
				67C53F3F80F871654ECB702C /* background(640x1136).png in Resources */,
				67C53468959083FCB2025D1E /* cardBox.png in Resources */,
				AF6EF841EFA6E1672AEFFBD7 /* activePlace(60x79).png in Resources */,
				AF6EFB404FF73657C8ACAA3F /* activePlaceLeft(86x86).png in Resources */,
				AF6EFEFF621176DF2D3D6415 /* activePlaceRight(86x86).png in Resources */,
				AF6EF133EFADCFB080C3569D /* emptyPlace(60x79).png in Resources */,
				AF6EFF7A6F3C885DBE3E39EF /* emptyPlace(86x86).png in Resources */,
				AF6EF974BA00E985E207A932 /* cardBackBlue.png in Resources */,
				AF6EF33FB75DC3042498C1A3 /* cardBackRed.png in Resources */,
				AF6EFD4C519B9EA101A88823 /* cardFace0.png in Resources */,
				AF6EFA35AE73B39BF1884AA2 /* cardFace1.png in Resources */,
				AF6EF2BA68304D645EFBCC8B /* cardFace2.png in Resources */,
				AF6EF34FE99C417B6FF3BBA5 /* cardFace3.png in Resources */,
				AF6EFD24597970EE4B8BEC9E /* cardFace4.png in Resources */,
				AF6EF78673986F5D9389D943 /* cardFace5.png in Resources */,
				AF6EFAC84C3A858EC049A7B3 /* cardFace6.png in Resources */,
				AF6EFCF539D2B44013B49C5A /* cardFace7.png in Resources */,
				AF6EF53DA58966C2E66051DA /* cardFace8.png in Resources */,
				AF6EF21AF2DAE52DC25255C9 /* cardFace9.png in Resources */,
				AF6EF61EDE68D4B0D7DC4BE8 /* cardFace10.png in Resources */,
				AF6EF80A558BD8A97113A09D /* cardFace11.png in Resources */,
				AF6EF74A6812FC0C0E2863E5 /* cardFace12.png in Resources */,
				AF6EF4D4DE15755EF7747B96 /* cardFace13.png in Resources */,
				AF6EFDB0497E8A9851041BBD /* cardFace14.png in Resources */,
				AF6EF90F1C42C3280ED4A3F8 /* cardFace15.png in Resources */,
				AF6EF0A7006EF6D35EA3D5BD /* cardFace16.png in Resources */,
				AF6EFE8E99BE76FF7B98F72B /* cardFace17.png in Resources */,
				AF6EF6BB3B02314E5E207D94 /* cardFace18.png in Resources */,
				AF6EFF73721336C1C09EF41C /* cardFace19.png in Resources */,
				AF6EF706C8AFA12C457C6FB5 /* cardFace20.png in Resources */,
				AF6EF133D996E98C44C806CD /* cardFace21.png in Resources */,
				AF6EF06A31BD4B0AB62134CB /* cardFace22.png in Resources */,
				AF6EF4F384E8B0CCEE89B0C3 /* cardFace23.png in Resources */,
				AF6EF2EE043BB7188FCF018B /* cardFace24.png in Resources */,
				AF6EFDAAA5A8C2F7B26C9743 /* cardFace25.png in Resources */,
				AF6EF96A7865B42DA7646F98 /* cardFace26.png in Resources */,
				AF6EFE85903DCD6E54FAD29A /* cardFace27.png in Resources */,
				AF6EF6315E23DC112D3D9C96 /* cardFace28.png in Resources */,
				AF6EF7B30CCDF0DA2D98E5BB /* cardFace29.png in Resources */,
				AF6EF9CD24C8EA5D53D53AD2 /* cardFace30.png in Resources */,
				AF6EFD9A7DC310548447AACD /* cardFace31.png in Resources */,
				AF6EFCF016D444C1C07D1B63 /* cardFace32.png in Resources */,
				AF6EF1A25AA861ECDD8E2FCA /* cardFace33.png in Resources */,
				AF6EF6C5F59913C2E30FBB5C /* cardFace34.png in Resources */,
				AF6EFD5D03604EC5399456B6 /* cardFace35.png in Resources */,
				AF6EFF89C95AD568137FA6BC /* cardFace36.png in Resources */,
				AF6EF78451F9187D29C605B3 /* cardFace37.png in Resources */,
				AF6EF6F2B61B355B8578F94C /* cardFace38.png in Resources */,
				AF6EFDBAE3B59ECAA4AFD3AC /* cardFace39.png in Resources */,
				AF6EF92CC9CD1B91C641BAB6 /* cardFace40.png in Resources */,
				AF6EF6731F124C50864FA05A /* cardFace41.png in Resources */,
				AF6EF7F88F605BF1D56A97FE /* cardFace42.png in Resources */,
				AF6EF160DB842A66CDD9F930 /* cardFace43.png in Resources */,
				AF6EF6BB2656A2682C79A956 /* cardFace44.png in Resources */,
				AF6EFE85F0CC2F9DFA6EF13A /* cardFace45.png in Resources */,
				AF6EFE0F6962F8CFBAF37D1F /* cardFace46.png in Resources */,
				AF6EFA2EE6B26E7BE19F2536 /* cardFace47.png in Resources */,
				AF6EF452D70C6F283B1D9ACC /* cardFace48.png in Resources */,
				AF6EF3DF1F24327B41184997 /* cardFace49.png in Resources */,
				AF6EF8ECEED4E9BD0D73D8C5 /* cardFace50.png in Resources */,
				AF6EFA450D896847FC321CFF /* cardFace51.png in Resources */,
			);
			runOnlyForDeploymentPostprocessing = 0;
		};
		DCC1A25813A94EE6005BD75D /* Resources */ = {
			isa = PBXResourcesBuildPhase;
			buildActionMask = 2147483647;
			files = (
				DCC1A26913A94EE6005BD75D /* InfoPlist.strings in Resources */,
				DCC1A26C13A94EE6005BD75D /* MainMenu.xib in Resources */,
				DCC1A26E13A94EE6005BD75D /* fps_images.png in Resources */,
				DCC1A27013A94EE6005BD75D /* icon.icns in Resources */,
				DCC1A3B013A94F1A005BD75D /* config.lua in Resources */,
				DC485B4913AA194F00F2BC70 /* ship.png in Resources */,
				DC485B4C13AA1C0E00F2BC70 /* ship-hd.png in Resources */,
				DC275D2C13B27DBF009C5098 /* Pow.caf in Resources */,
				DC26D6DB14B9F2C600B6002E /* fps_images-hd.png in Resources */,
			);
			runOnlyForDeploymentPostprocessing = 0;
		};
/* End PBXResourcesBuildPhase section */

/* Begin PBXSourcesBuildPhase section */
		DCC1A0DF13A94ED5005BD75D /* Sources */ = {
			isa = PBXSourcesBuildPhase;
			buildActionMask = 2147483647;
			files = (
				67C53D33A3308B940D1E6053 /* SceneBase.m in Sources */,
				67C537C03EFC9AF392EBB17D /* SceneGame.m in Sources */,
				67C5337C6437F0485CF6428A /* SharedProgressManager.m in Sources */,
				67C534757601FEE1EC639BC5 /* Game.m in Sources */,
				67C53B97B7AEE2635848AF24 /* SharedDeviceHelper.m in Sources */,
				67C53705B6C49575A77DD89F /* HelloWorldLayer.m in Sources */,
				67C53FDBDDB3D4361C385995 /* AppDelegate.m in Sources */,
				67C53FE1734696FC5F4EAAFF /* main.m in Sources */,
				67C53C8D19487C2D60D860ED /* SceneMenu.m in Sources */,
				AF6EF13A2FBC9B816074F4F9 /* CCButton.m in Sources */,
				AF6EF3A126F4A7E9B86084BA /* ButtonMenuView.m in Sources */,
				67C5396A2F5F6BAA203D1D13 /* Card.m in Sources */,
				67C5388CEF379A3C6BA6E0A6 /* CardBox.m in Sources */,
				AF6EFD5EBFC853DBCCAE43C2 /* MoneyManager.m in Sources */,
				AF6EF9BD88D708F4ABDADE8A /* Place.m in Sources */,
				AF6EF86544703CDEA3803CA3 /* CardView.m in Sources */,
				AF6EF5216F43BA544C5F9045 /* PlaceView.m in Sources */,
				AF6EF1BBDCA9672BE5C1965B /* ButtonGameView.m in Sources */,
				67C53645E4CEE85DA832D4F4 /* ResourceManager.m in Sources */,
			);
			runOnlyForDeploymentPostprocessing = 0;
		};
		DCC1A25613A94EE6005BD75D /* Sources */ = {
			isa = PBXSourcesBuildPhase;
			buildActionMask = 2147483647;
			files = (
				67C532A00EF9DE8D551F41C0 /* HelloWorldLayer.m in Sources */,
				67C5339AEC3B93A0A90DF80F /* AppDelegate.m in Sources */,
				67C5334474898FC850F3398E /* main.m in Sources */,
			);
			runOnlyForDeploymentPostprocessing = 0;
		};
/* End PBXSourcesBuildPhase section */

/* Begin PBXVariantGroup section */
		DCC1A26713A94EE6005BD75D /* InfoPlist.strings */ = {
			isa = PBXVariantGroup;
			children = (
				DCC1A26813A94EE6005BD75D /* English */,
			);
			name = InfoPlist.strings;
			sourceTree = "<group>";
		};
		DCC1A26A13A94EE6005BD75D /* MainMenu.xib */ = {
			isa = PBXVariantGroup;
			children = (
				DCC1A26B13A94EE6005BD75D /* English */,
			);
			name = MainMenu.xib;
			sourceTree = "<group>";
		};
/* End PBXVariantGroup section */

/* Begin XCBuildConfiguration section */
		DCC1A0DD13A94EC0005BD75D /* Debug */ = {
			isa = XCBuildConfiguration;
			buildSettings = {
			};
			name = Debug;
		};
		DCC1A0DE13A94EC0005BD75D /* Release */ = {
			isa = XCBuildConfiguration;
			buildSettings = {
			};
			name = Release;
		};
		DCC1A25413A94ED7005BD75D /* Debug */ = {
			isa = XCBuildConfiguration;
			baseConfigurationReference = DCFA90EF13B4F6F7009DD35A /* BuildSettings-Debug-iOS.xcconfig */;
			buildSettings = {
				TARGETED_DEVICE_FAMILY = 1;
			};
			name = Debug;
		};
		DCC1A25513A94ED7005BD75D /* Release */ = {
			isa = XCBuildConfiguration;
			baseConfigurationReference = DCFA90F013B4F811009DD35A /* BuildSettings-Release-iOS.xcconfig */;
			buildSettings = {
				TARGETED_DEVICE_FAMILY = 1;
			};
			name = Release;
		};
		DCC1A38A13A94EE7005BD75D /* Debug */ = {
			isa = XCBuildConfiguration;
			baseConfigurationReference = DC9C33E713B5024400931BF2 /* BuildSettings-Debug-Mac.xcconfig */;
			buildSettings = {
			};
			name = Debug;
		};
		DCC1A38B13A94EE7005BD75D /* Release */ = {
			isa = XCBuildConfiguration;
			baseConfigurationReference = DC9C33E913B5024400931BF2 /* BuildSettings-Release-Mac.xcconfig */;
			buildSettings = {
			};
			name = Release;
		};
/* End XCBuildConfiguration section */

/* Begin XCConfigurationList section */
		DCC1A0DB13A94EC0005BD75D /* Build configuration list for PBXProject "UltimateBJ" */ = {
			isa = XCConfigurationList;
			buildConfigurations = (
				DCC1A0DD13A94EC0005BD75D /* Debug */,
				DCC1A0DE13A94EC0005BD75D /* Release */,
			);
			defaultConfigurationIsVisible = 0;
			defaultConfigurationName = Release;
		};
		DCC1A25313A94ED7005BD75D /* Build configuration list for PBXNativeTarget "UltimateBJ-iOS" */ = {
			isa = XCConfigurationList;
			buildConfigurations = (
				DCC1A25413A94ED7005BD75D /* Debug */,
				DCC1A25513A94ED7005BD75D /* Release */,
			);
			defaultConfigurationIsVisible = 0;
			defaultConfigurationName = Release;
		};
		DCC1A38913A94EE7005BD75D /* Build configuration list for PBXNativeTarget "UltimateBJ-Mac" */ = {
			isa = XCConfigurationList;
			buildConfigurations = (
				DCC1A38A13A94EE7005BD75D /* Debug */,
				DCC1A38B13A94EE7005BD75D /* Release */,
			);
			defaultConfigurationIsVisible = 0;
			defaultConfigurationName = Release;
		};
/* End XCConfigurationList section */
	};
	rootObject = DCC1A0D813A94EC0005BD75D /* Project object */;
}
